// !$*UTF8*$!
{
	archiveVersion = 1;
	classes = {
	};
	objectVersion = 46;
	objects = {

/* Begin PBXBuildFile section */
		250F5E461F2B2D3100B8014A /* MJCChildMainView.m in Sources */ = {isa = PBXBuildFile; fileRef = 250F5E3F1F2B2D3100B8014A /* MJCChildMainView.m */; };
		250F5E471F2B2D3100B8014A /* MJCIndicatorView.m in Sources */ = {isa = PBXBuildFile; fileRef = 250F5E411F2B2D3100B8014A /* MJCIndicatorView.m */; };
		250F5E481F2B2D3100B8014A /* MJCTabItem.m in Sources */ = {isa = PBXBuildFile; fileRef = 250F5E431F2B2D3100B8014A /* MJCTabItem.m */; };
		250F5E491F2B2D3100B8014A /* MJCTitlesView.m in Sources */ = {isa = PBXBuildFile; fileRef = 250F5E451F2B2D3100B8014A /* MJCTitlesView.m */; };
		250F5E5B1F2B2D8400B8014A /* MJCAlertMessage.m in Sources */ = {isa = PBXBuildFile; fileRef = 250F5E4C1F2B2D8300B8014A /* MJCAlertMessage.m */; };
		250F5E5C1F2B2D8400B8014A /* MJCCommonTools.m in Sources */ = {isa = PBXBuildFile; fileRef = 250F5E4E1F2B2D8300B8014A /* MJCCommonTools.m */; };
		250F5E5D1F2B2D8400B8014A /* MJCOrdinaryLayout.m in Sources */ = {isa = PBXBuildFile; fileRef = 250F5E501F2B2D8400B8014A /* MJCOrdinaryLayout.m */; };
		250F5E5E1F2B2D8400B8014A /* MJCInterfaceTools.m in Sources */ = {isa = PBXBuildFile; fileRef = 250F5E521F2B2D8400B8014A /* MJCInterfaceTools.m */; };
		250F5E5F1F2B2D8400B8014A /* UIButton+MJCClassExtension.m in Sources */ = {isa = PBXBuildFile; fileRef = 250F5E541F2B2D8400B8014A /* UIButton+MJCClassExtension.m */; };
		250F5E601F2B2D8400B8014A /* UIColor+MJCClassExtension.m in Sources */ = {isa = PBXBuildFile; fileRef = 250F5E561F2B2D8400B8014A /* UIColor+MJCClassExtension.m */; };
		250F5E611F2B2D8400B8014A /* UILabel+MJCClassExtension.m in Sources */ = {isa = PBXBuildFile; fileRef = 250F5E581F2B2D8400B8014A /* UILabel+MJCClassExtension.m */; };
		250F5E621F2B2D8400B8014A /* UIView+MJCClassExtension.m in Sources */ = {isa = PBXBuildFile; fileRef = 250F5E5A1F2B2D8400B8014A /* UIView+MJCClassExtension.m */; };
		250F5E6F1F2C7DEC00B8014A /* MJCDemoVCXib.m in Sources */ = {isa = PBXBuildFile; fileRef = 250F5E6D1F2C7DEC00B8014A /* MJCDemoVCXib.m */; };
		250F5E701F2C7DEC00B8014A /* MJCDemoVCXib.xib in Resources */ = {isa = PBXBuildFile; fileRef = 250F5E6E1F2C7DEC00B8014A /* MJCDemoVCXib.xib */; };
		2556BE251F1721A100E903F5 /* xiangmu2.gif in Resources */ = {isa = PBXBuildFile; fileRef = 2556BE231F1721A100E903F5 /* xiangmu2.gif */; };
		2556BE281F1792F300E903F5 /* MJCDemoVC4.m in Sources */ = {isa = PBXBuildFile; fileRef = 2556BE271F1792F300E903F5 /* MJCDemoVC4.m */; };
		2556BE2B1F17957A00E903F5 /* MJCDemoVC5.m in Sources */ = {isa = PBXBuildFile; fileRef = 2556BE2A1F17957A00E903F5 /* MJCDemoVC5.m */; };
		2556BE2E1F17964600E903F5 /* MJCDemoVC6.m in Sources */ = {isa = PBXBuildFile; fileRef = 2556BE2D1F17964600E903F5 /* MJCDemoVC6.m */; };
		2556BE311F17977700E903F5 /* MJCDemoVC7.m in Sources */ = {isa = PBXBuildFile; fileRef = 2556BE301F17977700E903F5 /* MJCDemoVC7.m */; };
		2556BE341F17982F00E903F5 /* MJCDemoVC8.m in Sources */ = {isa = PBXBuildFile; fileRef = 2556BE331F17982F00E903F5 /* MJCDemoVC8.m */; };
		2556BE371F17983B00E903F5 /* MJCDemoVC9.m in Sources */ = {isa = PBXBuildFile; fileRef = 2556BE361F17983B00E903F5 /* MJCDemoVC9.m */; };
		2556BE3A1F17984900E903F5 /* MJCDemoVC10.m in Sources */ = {isa = PBXBuildFile; fileRef = 2556BE391F17984900E903F5 /* MJCDemoVC10.m */; };
		2556BE3D1F179C1300E903F5 /* MJCDemoVC11.m in Sources */ = {isa = PBXBuildFile; fileRef = 2556BE3C1F179C1300E903F5 /* MJCDemoVC11.m */; };
		2556BE451F186A9D00E903F5 /* demo3.gif in Resources */ = {isa = PBXBuildFile; fileRef = 2556BE3E1F186A9D00E903F5 /* demo3.gif */; };
		2556BE461F186A9D00E903F5 /* demo2.gif in Resources */ = {isa = PBXBuildFile; fileRef = 2556BE3F1F186A9D00E903F5 /* demo2.gif */; };
		2556BE471F186A9D00E903F5 /* demo1.gif in Resources */ = {isa = PBXBuildFile; fileRef = 2556BE401F186A9D00E903F5 /* demo1.gif */; };
		2556BE481F186A9D00E903F5 /* demo8.gif in Resources */ = {isa = PBXBuildFile; fileRef = 2556BE411F186A9D00E903F5 /* demo8.gif */; };
		2556BE491F186A9D00E903F5 /* demo9.gif in Resources */ = {isa = PBXBuildFile; fileRef = 2556BE421F186A9D00E903F5 /* demo9.gif */; };
		2556BE4A1F186A9D00E903F5 /* demo10.gif in Resources */ = {isa = PBXBuildFile; fileRef = 2556BE431F186A9D00E903F5 /* demo10.gif */; };
		2556BE4B1F186A9D00E903F5 /* demo11.gif in Resources */ = {isa = PBXBuildFile; fileRef = 2556BE441F186A9D00E903F5 /* demo11.gif */; };
		2556BE501F186AA800E903F5 /* demo4.gif in Resources */ = {isa = PBXBuildFile; fileRef = 2556BE4C1F186AA800E903F5 /* demo4.gif */; };
		2556BE511F186AA800E903F5 /* demo5.gif in Resources */ = {isa = PBXBuildFile; fileRef = 2556BE4D1F186AA800E903F5 /* demo5.gif */; };
		2556BE521F186AA800E903F5 /* demo6.gif in Resources */ = {isa = PBXBuildFile; fileRef = 2556BE4E1F186AA800E903F5 /* demo6.gif */; };
		2556BE531F186AA800E903F5 /* demo7.gif in Resources */ = {isa = PBXBuildFile; fileRef = 2556BE4F1F186AA800E903F5 /* demo7.gif */; };
		2583E5771F20CAFF003E740D /* MJCInterfaceTools.m in Sources */ = {isa = PBXBuildFile; fileRef = 2583E5761F20CAFF003E740D /* MJCInterfaceTools.m */; };
		25C009DE1F2DC74700F65864 /* MJCDemoClassicVC.m in Sources */ = {isa = PBXBuildFile; fileRef = 25C009DD1F2DC74700F65864 /* MJCDemoClassicVC.m */; };
		25C009E11F2E259200F65864 /* MJCDemoPenetrationVC.m in Sources */ = {isa = PBXBuildFile; fileRef = 25C009E01F2E259200F65864 /* MJCDemoPenetrationVC.m */; };
		25D9DB471DC2635C00B903B1 /* main.m in Sources */ = {isa = PBXBuildFile; fileRef = 25D9DB461DC2635C00B903B1 /* main.m */; };
		25D9DB4A1DC2635C00B903B1 /* AppDelegate.m in Sources */ = {isa = PBXBuildFile; fileRef = 25D9DB491DC2635C00B903B1 /* AppDelegate.m */; };
		25D9DB4D1DC2635C00B903B1 /* ViewController.m in Sources */ = {isa = PBXBuildFile; fileRef = 25D9DB4C1DC2635C00B903B1 /* ViewController.m */; };
		25D9DB501DC2635C00B903B1 /* Main.storyboard in Resources */ = {isa = PBXBuildFile; fileRef = 25D9DB4E1DC2635C00B903B1 /* Main.storyboard */; };
		25D9DB521DC2635C00B903B1 /* Assets.xcassets in Resources */ = {isa = PBXBuildFile; fileRef = 25D9DB511DC2635C00B903B1 /* Assets.xcassets */; };
		25D9DB551DC2635C00B903B1 /* LaunchScreen.storyboard in Resources */ = {isa = PBXBuildFile; fileRef = 25D9DB531DC2635C00B903B1 /* LaunchScreen.storyboard */; };
		25D9DB601DC2635C00B903B1 /* MJCSegmentInterfaceTests.m in Sources */ = {isa = PBXBuildFile; fileRef = 25D9DB5F1DC2635C00B903B1 /* MJCSegmentInterfaceTests.m */; };
		25D9DB6B1DC2635C00B903B1 /* MJCSegmentInterfaceUITests.m in Sources */ = {isa = PBXBuildFile; fileRef = 25D9DB6A1DC2635C00B903B1 /* MJCSegmentInterfaceUITests.m */; };
		25E822CD1F0CE35F00FB305F /* mainData.plist in Resources */ = {isa = PBXBuildFile; fileRef = 25E822C91F0CE35F00FB305F /* mainData.plist */; };
		25E822E41F0CE38200FB305F /* MJCDemoVC1.m in Sources */ = {isa = PBXBuildFile; fileRef = 25E822D31F0CE38200FB305F /* MJCDemoVC1.m */; };
		25E822E51F0CE38200FB305F /* MJCDemoVC2.m in Sources */ = {isa = PBXBuildFile; fileRef = 25E822D51F0CE38200FB305F /* MJCDemoVC2.m */; };
		25E822E61F0CE38200FB305F /* MJCDemoVC3.m in Sources */ = {isa = PBXBuildFile; fileRef = 25E822D71F0CE38200FB305F /* MJCDemoVC3.m */; };
		25E822E91F0CE38200FB305F /* MJCTestTableViewController.m in Sources */ = {isa = PBXBuildFile; fileRef = 25E822DD1F0CE38200FB305F /* MJCTestTableViewController.m */; };
		25E822EA1F0CE38200FB305F /* MJCTestViewController.m in Sources */ = {isa = PBXBuildFile; fileRef = 25E822DF1F0CE38200FB305F /* MJCTestViewController.m */; };
		25E822EB1F0CE38200FB305F /* MJCTestViewController.xib in Resources */ = {isa = PBXBuildFile; fileRef = 25E822E01F0CE38200FB305F /* MJCTestViewController.xib */; };
		25E822EC1F0CE38200FB305F /* MJCTestViewController1.m in Sources */ = {isa = PBXBuildFile; fileRef = 25E822E21F0CE38200FB305F /* MJCTestViewController1.m */; };
		25E822ED1F0CE38200FB305F /* MJCTestViewController1.xib in Resources */ = {isa = PBXBuildFile; fileRef = 25E822E31F0CE38200FB305F /* MJCTestViewController1.xib */; };
		25E823001F0CE39700FB305F /* MJCSegmentInterface.m in Sources */ = {isa = PBXBuildFile; fileRef = 25E822F61F0CE39700FB305F /* MJCSegmentInterface.m */; };
		EFFE3A3A071E655AAB9054B9 /* libPods-MJCSegmentInterface.a in Frameworks */ = {isa = PBXBuildFile; fileRef = BCD4EF3B9C05F6FF768C87F2 /* libPods-MJCSegmentInterface.a */; };
/* End PBXBuildFile section */

/* Begin PBXContainerItemProxy section */
		25D9DB5C1DC2635C00B903B1 /* PBXContainerItemProxy */ = {
			isa = PBXContainerItemProxy;
			containerPortal = 25D9DB3A1DC2635C00B903B1 /* Project object */;
			proxyType = 1;
			remoteGlobalIDString = 25D9DB411DC2635C00B903B1;
			remoteInfo = MJCSegmentInterface;
		};
		25D9DB671DC2635C00B903B1 /* PBXContainerItemProxy */ = {
			isa = PBXContainerItemProxy;
			containerPortal = 25D9DB3A1DC2635C00B903B1 /* Project object */;
			proxyType = 1;
			remoteGlobalIDString = 25D9DB411DC2635C00B903B1;
			remoteInfo = MJCSegmentInterface;
		};
/* End PBXContainerItemProxy section */

/* Begin PBXFileReference section */
		08FA5BA61A1C20E09ED0D83F /* Pods-MJCSegmentInterface.release.xcconfig */ = {isa = PBXFileReference; includeInIndex = 1; lastKnownFileType = text.xcconfig; name = "Pods-MJCSegmentInterface.release.xcconfig"; path = "Pods/Target Support Files/Pods-MJCSegmentInterface/Pods-MJCSegmentInterface.release.xcconfig"; sourceTree = "<group>"; };
		1C1649F3D1BD3EB7F0BE8AAD /* Pods-MJCSegmentInterface.debug.xcconfig */ = {isa = PBXFileReference; includeInIndex = 1; lastKnownFileType = text.xcconfig; name = "Pods-MJCSegmentInterface.debug.xcconfig"; path = "Pods/Target Support Files/Pods-MJCSegmentInterface/Pods-MJCSegmentInterface.debug.xcconfig"; sourceTree = "<group>"; };
		250F5E3E1F2B2D3100B8014A /* MJCChildMainView.h */ = {isa = PBXFileReference; fileEncoding = 4; lastKnownFileType = sourcecode.c.h; path = MJCChildMainView.h; sourceTree = "<group>"; };
		250F5E3F1F2B2D3100B8014A /* MJCChildMainView.m */ = {isa = PBXFileReference; fileEncoding = 4; lastKnownFileType = sourcecode.c.objc; path = MJCChildMainView.m; sourceTree = "<group>"; };
		250F5E401F2B2D3100B8014A /* MJCIndicatorView.h */ = {isa = PBXFileReference; fileEncoding = 4; lastKnownFileType = sourcecode.c.h; path = MJCIndicatorView.h; sourceTree = "<group>"; };
		250F5E411F2B2D3100B8014A /* MJCIndicatorView.m */ = {isa = PBXFileReference; fileEncoding = 4; lastKnownFileType = sourcecode.c.objc; path = MJCIndicatorView.m; sourceTree = "<group>"; };
		250F5E421F2B2D3100B8014A /* MJCTabItem.h */ = {isa = PBXFileReference; fileEncoding = 4; lastKnownFileType = sourcecode.c.h; path = MJCTabItem.h; sourceTree = "<group>"; };
		250F5E431F2B2D3100B8014A /* MJCTabItem.m */ = {isa = PBXFileReference; fileEncoding = 4; lastKnownFileType = sourcecode.c.objc; path = MJCTabItem.m; sourceTree = "<group>"; };
		250F5E441F2B2D3100B8014A /* MJCTitlesView.h */ = {isa = PBXFileReference; fileEncoding = 4; lastKnownFileType = sourcecode.c.h; path = MJCTitlesView.h; sourceTree = "<group>"; };
		250F5E451F2B2D3100B8014A /* MJCTitlesView.m */ = {isa = PBXFileReference; fileEncoding = 4; lastKnownFileType = sourcecode.c.objc; path = MJCTitlesView.m; sourceTree = "<group>"; };
		250F5E4B1F2B2D8300B8014A /* MJCAlertMessage.h */ = {isa = PBXFileReference; fileEncoding = 4; lastKnownFileType = sourcecode.c.h; path = MJCAlertMessage.h; sourceTree = "<group>"; };
		250F5E4C1F2B2D8300B8014A /* MJCAlertMessage.m */ = {isa = PBXFileReference; fileEncoding = 4; lastKnownFileType = sourcecode.c.objc; path = MJCAlertMessage.m; sourceTree = "<group>"; };
		250F5E4D1F2B2D8300B8014A /* MJCCommonTools.h */ = {isa = PBXFileReference; fileEncoding = 4; lastKnownFileType = sourcecode.c.h; path = MJCCommonTools.h; sourceTree = "<group>"; };
		250F5E4E1F2B2D8300B8014A /* MJCCommonTools.m */ = {isa = PBXFileReference; fileEncoding = 4; lastKnownFileType = sourcecode.c.objc; path = MJCCommonTools.m; sourceTree = "<group>"; };
		250F5E4F1F2B2D8400B8014A /* MJCOrdinaryLayout.h */ = {isa = PBXFileReference; fileEncoding = 4; lastKnownFileType = sourcecode.c.h; path = MJCOrdinaryLayout.h; sourceTree = "<group>"; };
		250F5E501F2B2D8400B8014A /* MJCOrdinaryLayout.m */ = {isa = PBXFileReference; fileEncoding = 4; lastKnownFileType = sourcecode.c.objc; path = MJCOrdinaryLayout.m; sourceTree = "<group>"; };
		250F5E511F2B2D8400B8014A /* MJCInterfaceTools.h */ = {isa = PBXFileReference; fileEncoding = 4; lastKnownFileType = sourcecode.c.h; path = MJCInterfaceTools.h; sourceTree = "<group>"; };
		250F5E521F2B2D8400B8014A /* MJCInterfaceTools.m */ = {isa = PBXFileReference; fileEncoding = 4; lastKnownFileType = sourcecode.c.objc; path = MJCInterfaceTools.m; sourceTree = "<group>"; };
		250F5E531F2B2D8400B8014A /* UIButton+MJCClassExtension.h */ = {isa = PBXFileReference; fileEncoding = 4; lastKnownFileType = sourcecode.c.h; path = "UIButton+MJCClassExtension.h"; sourceTree = "<group>"; };
		250F5E541F2B2D8400B8014A /* UIButton+MJCClassExtension.m */ = {isa = PBXFileReference; fileEncoding = 4; lastKnownFileType = sourcecode.c.objc; path = "UIButton+MJCClassExtension.m"; sourceTree = "<group>"; };
		250F5E551F2B2D8400B8014A /* UIColor+MJCClassExtension.h */ = {isa = PBXFileReference; fileEncoding = 4; lastKnownFileType = sourcecode.c.h; path = "UIColor+MJCClassExtension.h"; sourceTree = "<group>"; };
		250F5E561F2B2D8400B8014A /* UIColor+MJCClassExtension.m */ = {isa = PBXFileReference; fileEncoding = 4; lastKnownFileType = sourcecode.c.objc; path = "UIColor+MJCClassExtension.m"; sourceTree = "<group>"; };
		250F5E571F2B2D8400B8014A /* UILabel+MJCClassExtension.h */ = {isa = PBXFileReference; fileEncoding = 4; lastKnownFileType = sourcecode.c.h; path = "UILabel+MJCClassExtension.h"; sourceTree = "<group>"; };
		250F5E581F2B2D8400B8014A /* UILabel+MJCClassExtension.m */ = {isa = PBXFileReference; fileEncoding = 4; lastKnownFileType = sourcecode.c.objc; path = "UILabel+MJCClassExtension.m"; sourceTree = "<group>"; };
		250F5E591F2B2D8400B8014A /* UIView+MJCClassExtension.h */ = {isa = PBXFileReference; fileEncoding = 4; lastKnownFileType = sourcecode.c.h; path = "UIView+MJCClassExtension.h"; sourceTree = "<group>"; };
		250F5E5A1F2B2D8400B8014A /* UIView+MJCClassExtension.m */ = {isa = PBXFileReference; fileEncoding = 4; lastKnownFileType = sourcecode.c.objc; path = "UIView+MJCClassExtension.m"; sourceTree = "<group>"; };
		250F5E6C1F2C7DEC00B8014A /* MJCDemoVCXib.h */ = {isa = PBXFileReference; fileEncoding = 4; lastKnownFileType = sourcecode.c.h; path = MJCDemoVCXib.h; sourceTree = "<group>"; };
		250F5E6D1F2C7DEC00B8014A /* MJCDemoVCXib.m */ = {isa = PBXFileReference; fileEncoding = 4; lastKnownFileType = sourcecode.c.objc; path = MJCDemoVCXib.m; sourceTree = "<group>"; };
		250F5E6E1F2C7DEC00B8014A /* MJCDemoVCXib.xib */ = {isa = PBXFileReference; fileEncoding = 4; lastKnownFileType = file.xib; path = MJCDemoVCXib.xib; sourceTree = "<group>"; };
		2556BE231F1721A100E903F5 /* xiangmu2.gif */ = {isa = PBXFileReference; lastKnownFileType = image.gif; path = xiangmu2.gif; sourceTree = "<group>"; };
		2556BE261F1792F300E903F5 /* MJCDemoVC4.h */ = {isa = PBXFileReference; fileEncoding = 4; lastKnownFileType = sourcecode.c.h; path = MJCDemoVC4.h; sourceTree = "<group>"; };
		2556BE271F1792F300E903F5 /* MJCDemoVC4.m */ = {isa = PBXFileReference; fileEncoding = 4; lastKnownFileType = sourcecode.c.objc; path = MJCDemoVC4.m; sourceTree = "<group>"; };
		2556BE291F17957A00E903F5 /* MJCDemoVC5.h */ = {isa = PBXFileReference; fileEncoding = 4; lastKnownFileType = sourcecode.c.h; path = MJCDemoVC5.h; sourceTree = "<group>"; };
		2556BE2A1F17957A00E903F5 /* MJCDemoVC5.m */ = {isa = PBXFileReference; fileEncoding = 4; lastKnownFileType = sourcecode.c.objc; path = MJCDemoVC5.m; sourceTree = "<group>"; };
		2556BE2C1F17964600E903F5 /* MJCDemoVC6.h */ = {isa = PBXFileReference; fileEncoding = 4; lastKnownFileType = sourcecode.c.h; path = MJCDemoVC6.h; sourceTree = "<group>"; };
		2556BE2D1F17964600E903F5 /* MJCDemoVC6.m */ = {isa = PBXFileReference; fileEncoding = 4; lastKnownFileType = sourcecode.c.objc; path = MJCDemoVC6.m; sourceTree = "<group>"; };
		2556BE2F1F17977700E903F5 /* MJCDemoVC7.h */ = {isa = PBXFileReference; fileEncoding = 4; lastKnownFileType = sourcecode.c.h; path = MJCDemoVC7.h; sourceTree = "<group>"; };
		2556BE301F17977700E903F5 /* MJCDemoVC7.m */ = {isa = PBXFileReference; fileEncoding = 4; lastKnownFileType = sourcecode.c.objc; path = MJCDemoVC7.m; sourceTree = "<group>"; };
		2556BE321F17982F00E903F5 /* MJCDemoVC8.h */ = {isa = PBXFileReference; fileEncoding = 4; lastKnownFileType = sourcecode.c.h; path = MJCDemoVC8.h; sourceTree = "<group>"; };
		2556BE331F17982F00E903F5 /* MJCDemoVC8.m */ = {isa = PBXFileReference; fileEncoding = 4; lastKnownFileType = sourcecode.c.objc; path = MJCDemoVC8.m; sourceTree = "<group>"; };
		2556BE351F17983B00E903F5 /* MJCDemoVC9.h */ = {isa = PBXFileReference; fileEncoding = 4; lastKnownFileType = sourcecode.c.h; path = MJCDemoVC9.h; sourceTree = "<group>"; };
		2556BE361F17983B00E903F5 /* MJCDemoVC9.m */ = {isa = PBXFileReference; fileEncoding = 4; lastKnownFileType = sourcecode.c.objc; path = MJCDemoVC9.m; sourceTree = "<group>"; };
		2556BE381F17984900E903F5 /* MJCDemoVC10.h */ = {isa = PBXFileReference; fileEncoding = 4; lastKnownFileType = sourcecode.c.h; path = MJCDemoVC10.h; sourceTree = "<group>"; };
		2556BE391F17984900E903F5 /* MJCDemoVC10.m */ = {isa = PBXFileReference; fileEncoding = 4; lastKnownFileType = sourcecode.c.objc; path = MJCDemoVC10.m; sourceTree = "<group>"; };
		2556BE3B1F179C1300E903F5 /* MJCDemoVC11.h */ = {isa = PBXFileReference; fileEncoding = 4; lastKnownFileType = sourcecode.c.h; path = MJCDemoVC11.h; sourceTree = "<group>"; };
		2556BE3C1F179C1300E903F5 /* MJCDemoVC11.m */ = {isa = PBXFileReference; fileEncoding = 4; lastKnownFileType = sourcecode.c.objc; path = MJCDemoVC11.m; sourceTree = "<group>"; };
		2556BE3E1F186A9D00E903F5 /* demo3.gif */ = {isa = PBXFileReference; lastKnownFileType = image.gif; path = demo3.gif; sourceTree = "<group>"; };
		2556BE3F1F186A9D00E903F5 /* demo2.gif */ = {isa = PBXFileReference; lastKnownFileType = image.gif; path = demo2.gif; sourceTree = "<group>"; };
		2556BE401F186A9D00E903F5 /* demo1.gif */ = {isa = PBXFileReference; lastKnownFileType = image.gif; path = demo1.gif; sourceTree = "<group>"; };
		2556BE411F186A9D00E903F5 /* demo8.gif */ = {isa = PBXFileReference; lastKnownFileType = image.gif; path = demo8.gif; sourceTree = "<group>"; };
		2556BE421F186A9D00E903F5 /* demo9.gif */ = {isa = PBXFileReference; lastKnownFileType = image.gif; path = demo9.gif; sourceTree = "<group>"; };
		2556BE431F186A9D00E903F5 /* demo10.gif */ = {isa = PBXFileReference; lastKnownFileType = image.gif; path = demo10.gif; sourceTree = "<group>"; };
		2556BE441F186A9D00E903F5 /* demo11.gif */ = {isa = PBXFileReference; lastKnownFileType = image.gif; path = demo11.gif; sourceTree = "<group>"; };
		2556BE4C1F186AA800E903F5 /* demo4.gif */ = {isa = PBXFileReference; lastKnownFileType = image.gif; path = demo4.gif; sourceTree = "<group>"; };
		2556BE4D1F186AA800E903F5 /* demo5.gif */ = {isa = PBXFileReference; lastKnownFileType = image.gif; path = demo5.gif; sourceTree = "<group>"; };
		2556BE4E1F186AA800E903F5 /* demo6.gif */ = {isa = PBXFileReference; lastKnownFileType = image.gif; path = demo6.gif; sourceTree = "<group>"; };
		2556BE4F1F186AA800E903F5 /* demo7.gif */ = {isa = PBXFileReference; lastKnownFileType = image.gif; path = demo7.gif; sourceTree = "<group>"; };
		256BD8941E037D52005185C9 /* MJCPrefixHeader.pch */ = {isa = PBXFileReference; lastKnownFileType = sourcecode.c.h; path = MJCPrefixHeader.pch; sourceTree = "<group>"; };
		2583E5751F20CAFF003E740D /* MJCInterfaceTools.h */ = {isa = PBXFileReference; fileEncoding = 4; lastKnownFileType = sourcecode.c.h; path = MJCInterfaceTools.h; sourceTree = "<group>"; };
		2583E5761F20CAFF003E740D /* MJCInterfaceTools.m */ = {isa = PBXFileReference; fileEncoding = 4; lastKnownFileType = sourcecode.c.objc; path = MJCInterfaceTools.m; sourceTree = "<group>"; };
		25C009DC1F2DC74700F65864 /* MJCDemoClassicVC.h */ = {isa = PBXFileReference; fileEncoding = 4; lastKnownFileType = sourcecode.c.h; path = MJCDemoClassicVC.h; sourceTree = "<group>"; };
		25C009DD1F2DC74700F65864 /* MJCDemoClassicVC.m */ = {isa = PBXFileReference; fileEncoding = 4; lastKnownFileType = sourcecode.c.objc; path = MJCDemoClassicVC.m; sourceTree = "<group>"; };
		25C009DF1F2E259200F65864 /* MJCDemoPenetrationVC.h */ = {isa = PBXFileReference; fileEncoding = 4; lastKnownFileType = sourcecode.c.h; path = MJCDemoPenetrationVC.h; sourceTree = "<group>"; };
		25C009E01F2E259200F65864 /* MJCDemoPenetrationVC.m */ = {isa = PBXFileReference; fileEncoding = 4; lastKnownFileType = sourcecode.c.objc; path = MJCDemoPenetrationVC.m; sourceTree = "<group>"; };
		25D9DB421DC2635C00B903B1 /* MJCSegmentInterface.app */ = {isa = PBXFileReference; explicitFileType = wrapper.application; includeInIndex = 0; path = MJCSegmentInterface.app; sourceTree = BUILT_PRODUCTS_DIR; };
		25D9DB461DC2635C00B903B1 /* main.m */ = {isa = PBXFileReference; lastKnownFileType = sourcecode.c.objc; path = main.m; sourceTree = "<group>"; };
		25D9DB481DC2635C00B903B1 /* AppDelegate.h */ = {isa = PBXFileReference; lastKnownFileType = sourcecode.c.h; path = AppDelegate.h; sourceTree = "<group>"; };
		25D9DB491DC2635C00B903B1 /* AppDelegate.m */ = {isa = PBXFileReference; lastKnownFileType = sourcecode.c.objc; path = AppDelegate.m; sourceTree = "<group>"; };
		25D9DB4B1DC2635C00B903B1 /* ViewController.h */ = {isa = PBXFileReference; lastKnownFileType = sourcecode.c.h; path = ViewController.h; sourceTree = "<group>"; };
		25D9DB4C1DC2635C00B903B1 /* ViewController.m */ = {isa = PBXFileReference; lastKnownFileType = sourcecode.c.objc; path = ViewController.m; sourceTree = "<group>"; };
		25D9DB4F1DC2635C00B903B1 /* Base */ = {isa = PBXFileReference; lastKnownFileType = file.storyboard; name = Base; path = Base.lproj/Main.storyboard; sourceTree = "<group>"; };
		25D9DB511DC2635C00B903B1 /* Assets.xcassets */ = {isa = PBXFileReference; lastKnownFileType = folder.assetcatalog; path = Assets.xcassets; sourceTree = "<group>"; };
		25D9DB541DC2635C00B903B1 /* Base */ = {isa = PBXFileReference; lastKnownFileType = file.storyboard; name = Base; path = Base.lproj/LaunchScreen.storyboard; sourceTree = "<group>"; };
		25D9DB561DC2635C00B903B1 /* Info.plist */ = {isa = PBXFileReference; lastKnownFileType = text.plist.xml; path = Info.plist; sourceTree = "<group>"; };
		25D9DB5B1DC2635C00B903B1 /* MJCSegmentInterfaceTests.xctest */ = {isa = PBXFileReference; explicitFileType = wrapper.cfbundle; includeInIndex = 0; path = MJCSegmentInterfaceTests.xctest; sourceTree = BUILT_PRODUCTS_DIR; };
		25D9DB5F1DC2635C00B903B1 /* MJCSegmentInterfaceTests.m */ = {isa = PBXFileReference; lastKnownFileType = sourcecode.c.objc; path = MJCSegmentInterfaceTests.m; sourceTree = "<group>"; };
		25D9DB611DC2635C00B903B1 /* Info.plist */ = {isa = PBXFileReference; lastKnownFileType = text.plist.xml; path = Info.plist; sourceTree = "<group>"; };
		25D9DB661DC2635C00B903B1 /* MJCSegmentInterfaceUITests.xctest */ = {isa = PBXFileReference; explicitFileType = wrapper.cfbundle; includeInIndex = 0; path = MJCSegmentInterfaceUITests.xctest; sourceTree = BUILT_PRODUCTS_DIR; };
		25D9DB6A1DC2635C00B903B1 /* MJCSegmentInterfaceUITests.m */ = {isa = PBXFileReference; lastKnownFileType = sourcecode.c.objc; path = MJCSegmentInterfaceUITests.m; sourceTree = "<group>"; };
		25D9DB6C1DC2635C00B903B1 /* Info.plist */ = {isa = PBXFileReference; lastKnownFileType = text.plist.xml; path = Info.plist; sourceTree = "<group>"; };
		25E822C91F0CE35F00FB305F /* mainData.plist */ = {isa = PBXFileReference; fileEncoding = 4; lastKnownFileType = text.plist.xml; path = mainData.plist; sourceTree = "<group>"; };
		25E822D21F0CE38200FB305F /* MJCDemoVC1.h */ = {isa = PBXFileReference; fileEncoding = 4; lastKnownFileType = sourcecode.c.h; path = MJCDemoVC1.h; sourceTree = "<group>"; };
		25E822D31F0CE38200FB305F /* MJCDemoVC1.m */ = {isa = PBXFileReference; fileEncoding = 4; lastKnownFileType = sourcecode.c.objc; path = MJCDemoVC1.m; sourceTree = "<group>"; };
		25E822D41F0CE38200FB305F /* MJCDemoVC2.h */ = {isa = PBXFileReference; fileEncoding = 4; lastKnownFileType = sourcecode.c.h; path = MJCDemoVC2.h; sourceTree = "<group>"; };
		25E822D51F0CE38200FB305F /* MJCDemoVC2.m */ = {isa = PBXFileReference; fileEncoding = 4; lastKnownFileType = sourcecode.c.objc; path = MJCDemoVC2.m; sourceTree = "<group>"; };
		25E822D61F0CE38200FB305F /* MJCDemoVC3.h */ = {isa = PBXFileReference; fileEncoding = 4; lastKnownFileType = sourcecode.c.h; path = MJCDemoVC3.h; sourceTree = "<group>"; };
		25E822D71F0CE38200FB305F /* MJCDemoVC3.m */ = {isa = PBXFileReference; fileEncoding = 4; lastKnownFileType = sourcecode.c.objc; path = MJCDemoVC3.m; sourceTree = "<group>"; };
		25E822DC1F0CE38200FB305F /* MJCTestTableViewController.h */ = {isa = PBXFileReference; fileEncoding = 4; lastKnownFileType = sourcecode.c.h; path = MJCTestTableViewController.h; sourceTree = "<group>"; };
		25E822DD1F0CE38200FB305F /* MJCTestTableViewController.m */ = {isa = PBXFileReference; fileEncoding = 4; lastKnownFileType = sourcecode.c.objc; path = MJCTestTableViewController.m; sourceTree = "<group>"; };
		25E822DE1F0CE38200FB305F /* MJCTestViewController.h */ = {isa = PBXFileReference; fileEncoding = 4; lastKnownFileType = sourcecode.c.h; path = MJCTestViewController.h; sourceTree = "<group>"; };
		25E822DF1F0CE38200FB305F /* MJCTestViewController.m */ = {isa = PBXFileReference; fileEncoding = 4; lastKnownFileType = sourcecode.c.objc; path = MJCTestViewController.m; sourceTree = "<group>"; };
		25E822E01F0CE38200FB305F /* MJCTestViewController.xib */ = {isa = PBXFileReference; fileEncoding = 4; lastKnownFileType = file.xib; path = MJCTestViewController.xib; sourceTree = "<group>"; };
		25E822E11F0CE38200FB305F /* MJCTestViewController1.h */ = {isa = PBXFileReference; fileEncoding = 4; lastKnownFileType = sourcecode.c.h; path = MJCTestViewController1.h; sourceTree = "<group>"; };
		25E822E21F0CE38200FB305F /* MJCTestViewController1.m */ = {isa = PBXFileReference; fileEncoding = 4; lastKnownFileType = sourcecode.c.objc; path = MJCTestViewController1.m; sourceTree = "<group>"; };
		25E822E31F0CE38200FB305F /* MJCTestViewController1.xib */ = {isa = PBXFileReference; fileEncoding = 4; lastKnownFileType = file.xib; path = MJCTestViewController1.xib; sourceTree = "<group>"; };
		25E822F51F0CE39700FB305F /* MJCSegmentInterface.h */ = {isa = PBXFileReference; fileEncoding = 4; lastKnownFileType = sourcecode.c.h; path = MJCSegmentInterface.h; sourceTree = "<group>"; };
		25E822F61F0CE39700FB305F /* MJCSegmentInterface.m */ = {isa = PBXFileReference; fileEncoding = 4; lastKnownFileType = sourcecode.c.objc; path = MJCSegmentInterface.m; sourceTree = "<group>"; };
		BCD4EF3B9C05F6FF768C87F2 /* libPods-MJCSegmentInterface.a */ = {isa = PBXFileReference; explicitFileType = archive.ar; includeInIndex = 0; path = "libPods-MJCSegmentInterface.a"; sourceTree = BUILT_PRODUCTS_DIR; };
/* End PBXFileReference section */

/* Begin PBXFrameworksBuildPhase section */
		25D9DB3F1DC2635C00B903B1 /* Frameworks */ = {
			isa = PBXFrameworksBuildPhase;
			buildActionMask = 2147483647;
			files = (
				EFFE3A3A071E655AAB9054B9 /* libPods-MJCSegmentInterface.a in Frameworks */,
			);
			runOnlyForDeploymentPostprocessing = 0;
		};
		25D9DB581DC2635C00B903B1 /* Frameworks */ = {
			isa = PBXFrameworksBuildPhase;
			buildActionMask = 2147483647;
			files = (
			);
			runOnlyForDeploymentPostprocessing = 0;
		};
		25D9DB631DC2635C00B903B1 /* Frameworks */ = {
			isa = PBXFrameworksBuildPhase;
			buildActionMask = 2147483647;
			files = (
			);
			runOnlyForDeploymentPostprocessing = 0;
		};
/* End PBXFrameworksBuildPhase section */

/* Begin PBXGroup section */
		250F5E3D1F2B2D3100B8014A /* childs */ = {
			isa = PBXGroup;
			children = (
				250F5E3E1F2B2D3100B8014A /* MJCChildMainView.h */,
				250F5E3F1F2B2D3100B8014A /* MJCChildMainView.m */,
				250F5E401F2B2D3100B8014A /* MJCIndicatorView.h */,
				250F5E411F2B2D3100B8014A /* MJCIndicatorView.m */,
				250F5E421F2B2D3100B8014A /* MJCTabItem.h */,
				250F5E431F2B2D3100B8014A /* MJCTabItem.m */,
				250F5E441F2B2D3100B8014A /* MJCTitlesView.h */,
				250F5E451F2B2D3100B8014A /* MJCTitlesView.m */,
			);
			path = childs;
			sourceTree = "<group>";
		};
		250F5E4A1F2B2D8300B8014A /* common */ = {
			isa = PBXGroup;
			children = (
				250F5E4B1F2B2D8300B8014A /* MJCAlertMessage.h */,
				250F5E4C1F2B2D8300B8014A /* MJCAlertMessage.m */,
				250F5E4D1F2B2D8300B8014A /* MJCCommonTools.h */,
				250F5E4E1F2B2D8300B8014A /* MJCCommonTools.m */,
				250F5E4F1F2B2D8400B8014A /* MJCOrdinaryLayout.h */,
				250F5E501F2B2D8400B8014A /* MJCOrdinaryLayout.m */,
				250F5E511F2B2D8400B8014A /* MJCInterfaceTools.h */,
				250F5E521F2B2D8400B8014A /* MJCInterfaceTools.m */,
				250F5E531F2B2D8400B8014A /* UIButton+MJCClassExtension.h */,
				250F5E541F2B2D8400B8014A /* UIButton+MJCClassExtension.m */,
				250F5E551F2B2D8400B8014A /* UIColor+MJCClassExtension.h */,
				250F5E561F2B2D8400B8014A /* UIColor+MJCClassExtension.m */,
				250F5E571F2B2D8400B8014A /* UILabel+MJCClassExtension.h */,
				250F5E581F2B2D8400B8014A /* UILabel+MJCClassExtension.m */,
				250F5E591F2B2D8400B8014A /* UIView+MJCClassExtension.h */,
				250F5E5A1F2B2D8400B8014A /* UIView+MJCClassExtension.m */,
			);
			path = common;
			sourceTree = "<group>";
		};
		25D9DB391DC2635C00B903B1 = {
			isa = PBXGroup;
			children = (
				25D9DB441DC2635C00B903B1 /* MJCSegmentInterface */,
				25D9DB5E1DC2635C00B903B1 /* MJCSegmentInterfaceTests */,
				25D9DB691DC2635C00B903B1 /* MJCSegmentInterfaceUITests */,
				25D9DB431DC2635C00B903B1 /* Products */,
				314D307BA3A40AD120A1D0D3 /* Pods */,
				66C260AC25BBB958B5892E30 /* Frameworks */,
			);
			sourceTree = "<group>";
		};
		25D9DB431DC2635C00B903B1 /* Products */ = {
			isa = PBXGroup;
			children = (
				25D9DB421DC2635C00B903B1 /* MJCSegmentInterface.app */,
				25D9DB5B1DC2635C00B903B1 /* MJCSegmentInterfaceTests.xctest */,
				25D9DB661DC2635C00B903B1 /* MJCSegmentInterfaceUITests.xctest */,
			);
			name = Products;
			sourceTree = "<group>";
		};
		25D9DB441DC2635C00B903B1 /* MJCSegmentInterface */ = {
			isa = PBXGroup;
			children = (
				25E822EE1F0CE39700FB305F /* MJCSlideInterface */,
				25D9DB4B1DC2635C00B903B1 /* ViewController.h */,
				25D9DB4C1DC2635C00B903B1 /* ViewController.m */,
				2583E5751F20CAFF003E740D /* MJCInterfaceTools.h */,
				2583E5761F20CAFF003E740D /* MJCInterfaceTools.m */,
				25E822D11F0CE38200FB305F /* styleDemo */,
				25E822DB1F0CE38200FB305F /* testController */,
				25D9DB451DC2635C00B903B1 /* Supporting Files */,
			);
			path = MJCSegmentInterface;
			sourceTree = "<group>";
		};
		25D9DB451DC2635C00B903B1 /* Supporting Files */ = {
			isa = PBXGroup;
			children = (
				25E822C81F0CE35F00FB305F /* Others */,
				25D9DB481DC2635C00B903B1 /* AppDelegate.h */,
				25D9DB491DC2635C00B903B1 /* AppDelegate.m */,
				25D9DB511DC2635C00B903B1 /* Assets.xcassets */,
				25D9DB4E1DC2635C00B903B1 /* Main.storyboard */,
				25D9DB531DC2635C00B903B1 /* LaunchScreen.storyboard */,
				25D9DB561DC2635C00B903B1 /* Info.plist */,
				25D9DB461DC2635C00B903B1 /* main.m */,
				256BD8941E037D52005185C9 /* MJCPrefixHeader.pch */,
			);
			name = "Supporting Files";
			sourceTree = "<group>";
		};
		25D9DB5E1DC2635C00B903B1 /* MJCSegmentInterfaceTests */ = {
			isa = PBXGroup;
			children = (
				25D9DB5F1DC2635C00B903B1 /* MJCSegmentInterfaceTests.m */,
				25D9DB611DC2635C00B903B1 /* Info.plist */,
			);
			path = MJCSegmentInterfaceTests;
			sourceTree = "<group>";
		};
		25D9DB691DC2635C00B903B1 /* MJCSegmentInterfaceUITests */ = {
			isa = PBXGroup;
			children = (
				25D9DB6A1DC2635C00B903B1 /* MJCSegmentInterfaceUITests.m */,
				25D9DB6C1DC2635C00B903B1 /* Info.plist */,
			);
			path = MJCSegmentInterfaceUITests;
			sourceTree = "<group>";
		};
		25E822C81F0CE35F00FB305F /* Others */ = {
			isa = PBXGroup;
			children = (
				2556BE4C1F186AA800E903F5 /* demo4.gif */,
				2556BE4D1F186AA800E903F5 /* demo5.gif */,
				2556BE4E1F186AA800E903F5 /* demo6.gif */,
				2556BE4F1F186AA800E903F5 /* demo7.gif */,
				2556BE3E1F186A9D00E903F5 /* demo3.gif */,
				2556BE3F1F186A9D00E903F5 /* demo2.gif */,
				2556BE401F186A9D00E903F5 /* demo1.gif */,
				2556BE411F186A9D00E903F5 /* demo8.gif */,
				2556BE421F186A9D00E903F5 /* demo9.gif */,
				2556BE431F186A9D00E903F5 /* demo10.gif */,
				2556BE441F186A9D00E903F5 /* demo11.gif */,
				25E822C91F0CE35F00FB305F /* mainData.plist */,
				2556BE231F1721A100E903F5 /* xiangmu2.gif */,
			);
			path = Others;
			sourceTree = "<group>";
		};
		25E822D11F0CE38200FB305F /* styleDemo */ = {
			isa = PBXGroup;
			children = (
				25E822D21F0CE38200FB305F /* MJCDemoVC1.h */,
				25E822D31F0CE38200FB305F /* MJCDemoVC1.m */,
				25E822D41F0CE38200FB305F /* MJCDemoVC2.h */,
				25E822D51F0CE38200FB305F /* MJCDemoVC2.m */,
				25E822D61F0CE38200FB305F /* MJCDemoVC3.h */,
				25E822D71F0CE38200FB305F /* MJCDemoVC3.m */,
				2556BE261F1792F300E903F5 /* MJCDemoVC4.h */,
				2556BE271F1792F300E903F5 /* MJCDemoVC4.m */,
				2556BE291F17957A00E903F5 /* MJCDemoVC5.h */,
				2556BE2A1F17957A00E903F5 /* MJCDemoVC5.m */,
				2556BE2C1F17964600E903F5 /* MJCDemoVC6.h */,
				2556BE2D1F17964600E903F5 /* MJCDemoVC6.m */,
				2556BE2F1F17977700E903F5 /* MJCDemoVC7.h */,
				2556BE301F17977700E903F5 /* MJCDemoVC7.m */,
				2556BE321F17982F00E903F5 /* MJCDemoVC8.h */,
				2556BE331F17982F00E903F5 /* MJCDemoVC8.m */,
				2556BE351F17983B00E903F5 /* MJCDemoVC9.h */,
				2556BE361F17983B00E903F5 /* MJCDemoVC9.m */,
				2556BE381F17984900E903F5 /* MJCDemoVC10.h */,
				2556BE391F17984900E903F5 /* MJCDemoVC10.m */,
				2556BE3B1F179C1300E903F5 /* MJCDemoVC11.h */,
				2556BE3C1F179C1300E903F5 /* MJCDemoVC11.m */,
				250F5E6C1F2C7DEC00B8014A /* MJCDemoVCXib.h */,
				250F5E6D1F2C7DEC00B8014A /* MJCDemoVCXib.m */,
				250F5E6E1F2C7DEC00B8014A /* MJCDemoVCXib.xib */,
				25C009DC1F2DC74700F65864 /* MJCDemoClassicVC.h */,
				25C009DD1F2DC74700F65864 /* MJCDemoClassicVC.m */,
				25C009DF1F2E259200F65864 /* MJCDemoPenetrationVC.h */,
				25C009E01F2E259200F65864 /* MJCDemoPenetrationVC.m */,
			);
			path = styleDemo;
			sourceTree = "<group>";
		};
		25E822DB1F0CE38200FB305F /* testController */ = {
			isa = PBXGroup;
			children = (
				25E822DC1F0CE38200FB305F /* MJCTestTableViewController.h */,
				25E822DD1F0CE38200FB305F /* MJCTestTableViewController.m */,
				25E822DE1F0CE38200FB305F /* MJCTestViewController.h */,
				25E822DF1F0CE38200FB305F /* MJCTestViewController.m */,
				25E822E01F0CE38200FB305F /* MJCTestViewController.xib */,
				25E822E11F0CE38200FB305F /* MJCTestViewController1.h */,
				25E822E21F0CE38200FB305F /* MJCTestViewController1.m */,
				25E822E31F0CE38200FB305F /* MJCTestViewController1.xib */,
			);
			path = testController;
			sourceTree = "<group>";
		};
		25E822EE1F0CE39700FB305F /* MJCSlideInterface */ = {
			isa = PBXGroup;
			children = (
				25E822F51F0CE39700FB305F /* MJCSegmentInterface.h */,
				25E822F61F0CE39700FB305F /* MJCSegmentInterface.m */,
				250F5E3D1F2B2D3100B8014A /* childs */,
				250F5E4A1F2B2D8300B8014A /* common */,
			);
			path = MJCSlideInterface;
			sourceTree = "<group>";
		};
		314D307BA3A40AD120A1D0D3 /* Pods */ = {
			isa = PBXGroup;
			children = (
				1C1649F3D1BD3EB7F0BE8AAD /* Pods-MJCSegmentInterface.debug.xcconfig */,
				08FA5BA61A1C20E09ED0D83F /* Pods-MJCSegmentInterface.release.xcconfig */,
			);
			name = Pods;
			sourceTree = "<group>";
		};
		66C260AC25BBB958B5892E30 /* Frameworks */ = {
			isa = PBXGroup;
			children = (
				BCD4EF3B9C05F6FF768C87F2 /* libPods-MJCSegmentInterface.a */,
			);
			name = Frameworks;
			sourceTree = "<group>";
		};
/* End PBXGroup section */

/* Begin PBXNativeTarget section */
		25D9DB411DC2635C00B903B1 /* MJCSegmentInterface */ = {
			isa = PBXNativeTarget;
			buildConfigurationList = 25D9DB6F1DC2635C00B903B1 /* Build configuration list for PBXNativeTarget "MJCSegmentInterface" */;
			buildPhases = (
				37854F75634DBE3C8B5878E5 /* [CP] Check Pods Manifest.lock */,
				25D9DB3E1DC2635C00B903B1 /* Sources */,
				25D9DB3F1DC2635C00B903B1 /* Frameworks */,
				25D9DB401DC2635C00B903B1 /* Resources */,
				6F40556087301056546099F9 /* [CP] Embed Pods Frameworks */,
				E6C8449B1DD98BB0EA8D0DE1 /* [CP] Copy Pods Resources */,
			);
			buildRules = (
			);
			dependencies = (
			);
			name = MJCSegmentInterface;
			productName = MJCSegmentInterface;
			productReference = 25D9DB421DC2635C00B903B1 /* MJCSegmentInterface.app */;
			productType = "com.apple.product-type.application";
		};
		25D9DB5A1DC2635C00B903B1 /* MJCSegmentInterfaceTests */ = {
			isa = PBXNativeTarget;
			buildConfigurationList = 25D9DB721DC2635C00B903B1 /* Build configuration list for PBXNativeTarget "MJCSegmentInterfaceTests" */;
			buildPhases = (
				25D9DB571DC2635C00B903B1 /* Sources */,
				25D9DB581DC2635C00B903B1 /* Frameworks */,
				25D9DB591DC2635C00B903B1 /* Resources */,
			);
			buildRules = (
			);
			dependencies = (
				25D9DB5D1DC2635C00B903B1 /* PBXTargetDependency */,
			);
			name = MJCSegmentInterfaceTests;
			productName = MJCSegmentInterfaceTests;
			productReference = 25D9DB5B1DC2635C00B903B1 /* MJCSegmentInterfaceTests.xctest */;
			productType = "com.apple.product-type.bundle.unit-test";
		};
		25D9DB651DC2635C00B903B1 /* MJCSegmentInterfaceUITests */ = {
			isa = PBXNativeTarget;
			buildConfigurationList = 25D9DB751DC2635C00B903B1 /* Build configuration list for PBXNativeTarget "MJCSegmentInterfaceUITests" */;
			buildPhases = (
				25D9DB621DC2635C00B903B1 /* Sources */,
				25D9DB631DC2635C00B903B1 /* Frameworks */,
				25D9DB641DC2635C00B903B1 /* Resources */,
			);
			buildRules = (
			);
			dependencies = (
				25D9DB681DC2635C00B903B1 /* PBXTargetDependency */,
			);
			name = MJCSegmentInterfaceUITests;
			productName = MJCSegmentInterfaceUITests;
			productReference = 25D9DB661DC2635C00B903B1 /* MJCSegmentInterfaceUITests.xctest */;
			productType = "com.apple.product-type.bundle.ui-testing";
		};
/* End PBXNativeTarget section */

/* Begin PBXProject section */
		25D9DB3A1DC2635C00B903B1 /* Project object */ = {
			isa = PBXProject;
			attributes = {
				LastUpgradeCheck = 0800;
				ORGANIZATIONNAME = MJC;
				TargetAttributes = {
					25D9DB411DC2635C00B903B1 = {
						CreatedOnToolsVersion = 8.0;
						DevelopmentTeam = X8H9B4P8L2;
						ProvisioningStyle = Automatic;
					};
					25D9DB5A1DC2635C00B903B1 = {
						CreatedOnToolsVersion = 8.0;
						ProvisioningStyle = Automatic;
						TestTargetID = 25D9DB411DC2635C00B903B1;
					};
					25D9DB651DC2635C00B903B1 = {
						CreatedOnToolsVersion = 8.0;
						ProvisioningStyle = Automatic;
						TestTargetID = 25D9DB411DC2635C00B903B1;
					};
				};
			};
			buildConfigurationList = 25D9DB3D1DC2635C00B903B1 /* Build configuration list for PBXProject "MJCSegmentInterface" */;
			compatibilityVersion = "Xcode 3.2";
			developmentRegion = English;
			hasScannedForEncodings = 0;
			knownRegions = (
				en,
				Base,
			);
			mainGroup = 25D9DB391DC2635C00B903B1;
			productRefGroup = 25D9DB431DC2635C00B903B1 /* Products */;
			projectDirPath = "";
			projectRoot = "";
			targets = (
				25D9DB411DC2635C00B903B1 /* MJCSegmentInterface */,
				25D9DB5A1DC2635C00B903B1 /* MJCSegmentInterfaceTests */,
				25D9DB651DC2635C00B903B1 /* MJCSegmentInterfaceUITests */,
			);
		};
/* End PBXProject section */

/* Begin PBXResourcesBuildPhase section */
		25D9DB401DC2635C00B903B1 /* Resources */ = {
			isa = PBXResourcesBuildPhase;
			buildActionMask = 2147483647;
			files = (
				2556BE4A1F186A9D00E903F5 /* demo10.gif in Resources */,
				25E822CD1F0CE35F00FB305F /* mainData.plist in Resources */,
				25D9DB551DC2635C00B903B1 /* LaunchScreen.storyboard in Resources */,
				25D9DB521DC2635C00B903B1 /* Assets.xcassets in Resources */,
				2556BE471F186A9D00E903F5 /* demo1.gif in Resources */,
				2556BE251F1721A100E903F5 /* xiangmu2.gif in Resources */,
				2556BE511F186AA800E903F5 /* demo5.gif in Resources */,
				2556BE531F186AA800E903F5 /* demo7.gif in Resources */,
				2556BE501F186AA800E903F5 /* demo4.gif in Resources */,
				25E822ED1F0CE38200FB305F /* MJCTestViewController1.xib in Resources */,
				2556BE4B1F186A9D00E903F5 /* demo11.gif in Resources */,
				2556BE461F186A9D00E903F5 /* demo2.gif in Resources */,
				25D9DB501DC2635C00B903B1 /* Main.storyboard in Resources */,
				2556BE451F186A9D00E903F5 /* demo3.gif in Resources */,
				2556BE491F186A9D00E903F5 /* demo9.gif in Resources */,
				2556BE481F186A9D00E903F5 /* demo8.gif in Resources */,
				2556BE521F186AA800E903F5 /* demo6.gif in Resources */,
				25E822EB1F0CE38200FB305F /* MJCTestViewController.xib in Resources */,
				250F5E701F2C7DEC00B8014A /* MJCDemoVCXib.xib in Resources */,
			);
			runOnlyForDeploymentPostprocessing = 0;
		};
		25D9DB591DC2635C00B903B1 /* Resources */ = {
			isa = PBXResourcesBuildPhase;
			buildActionMask = 2147483647;
			files = (
			);
			runOnlyForDeploymentPostprocessing = 0;
		};
		25D9DB641DC2635C00B903B1 /* Resources */ = {
			isa = PBXResourcesBuildPhase;
			buildActionMask = 2147483647;
			files = (
			);
			runOnlyForDeploymentPostprocessing = 0;
		};
/* End PBXResourcesBuildPhase section */

/* Begin PBXShellScriptBuildPhase section */
		37854F75634DBE3C8B5878E5 /* [CP] Check Pods Manifest.lock */ = {
			isa = PBXShellScriptBuildPhase;
			buildActionMask = 2147483647;
			files = (
			);
			inputPaths = (
				"${PODS_PODFILE_DIR_PATH}/Podfile.lock",
				"${PODS_ROOT}/Manifest.lock",
			);
			name = "[CP] Check Pods Manifest.lock";
			outputPaths = (
				"$(DERIVED_FILE_DIR)/Pods-MJCSegmentInterface-checkManifestLockResult.txt",
			);
			runOnlyForDeploymentPostprocessing = 0;
			shellPath = /bin/sh;
			shellScript = "diff \"${PODS_PODFILE_DIR_PATH}/Podfile.lock\" \"${PODS_ROOT}/Manifest.lock\" > /dev/null\nif [ $? != 0 ] ; then\n    # print error to STDERR\n    echo \"error: The sandbox is not in sync with the Podfile.lock. Run 'pod install' or update your CocoaPods installation.\" >&2\n    exit 1\nfi\n# This output is used by Xcode 'outputs' to avoid re-running this script phase.\necho \"SUCCESS\" > \"${SCRIPT_OUTPUT_FILE_0}\"\n";
			showEnvVarsInLog = 0;
		};
		6F40556087301056546099F9 /* [CP] Embed Pods Frameworks */ = {
			isa = PBXShellScriptBuildPhase;
			buildActionMask = 2147483647;
			files = (
			);
			inputPaths = (
			);
			name = "[CP] Embed Pods Frameworks";
			outputPaths = (
			);
			runOnlyForDeploymentPostprocessing = 0;
			shellPath = /bin/sh;
			shellScript = "\"${SRCROOT}/Pods/Target Support Files/Pods-MJCSegmentInterface/Pods-MJCSegmentInterface-frameworks.sh\"\n";
			showEnvVarsInLog = 0;
		};
		E6C8449B1DD98BB0EA8D0DE1 /* [CP] Copy Pods Resources */ = {
			isa = PBXShellScriptBuildPhase;
			buildActionMask = 2147483647;
			files = (
			);
			inputPaths = (
				"${SRCROOT}/Pods/Target Support Files/Pods-MJCSegmentInterface/Pods-MJCSegmentInterface-resources.sh",
				"${PODS_ROOT}/MJRefresh/MJRefresh/MJRefresh.bundle",
			);
			name = "[CP] Copy Pods Resources";
			outputPaths = (
				"${TARGET_BUILD_DIR}/${UNLOCALIZED_RESOURCES_FOLDER_PATH}",
			);
			runOnlyForDeploymentPostprocessing = 0;
			shellPath = /bin/sh;
			shellScript = "\"${SRCROOT}/Pods/Target Support Files/Pods-MJCSegmentInterface/Pods-MJCSegmentInterface-resources.sh\"\n";
			showEnvVarsInLog = 0;
		};
/* End PBXShellScriptBuildPhase section */

/* Begin PBXSourcesBuildPhase section */
		25D9DB3E1DC2635C00B903B1 /* Sources */ = {
			isa = PBXSourcesBuildPhase;
			buildActionMask = 2147483647;
			files = (
				250F5E491F2B2D3100B8014A /* MJCTitlesView.m in Sources */,
				250F5E601F2B2D8400B8014A /* UIColor+MJCClassExtension.m in Sources */,
				25D9DB4D1DC2635C00B903B1 /* ViewController.m in Sources */,
				2556BE2E1F17964600E903F5 /* MJCDemoVC6.m in Sources */,
				250F5E6F1F2C7DEC00B8014A /* MJCDemoVCXib.m in Sources */,
				250F5E5B1F2B2D8400B8014A /* MJCAlertMessage.m in Sources */,
				250F5E5D1F2B2D8400B8014A /* MJCOrdinaryLayout.m in Sources */,
				250F5E5F1F2B2D8400B8014A /* UIButton+MJCClassExtension.m in Sources */,
				2556BE3D1F179C1300E903F5 /* MJCDemoVC11.m in Sources */,
				25D9DB4A1DC2635C00B903B1 /* AppDelegate.m in Sources */,
				2556BE281F1792F300E903F5 /* MJCDemoVC4.m in Sources */,
				2556BE311F17977700E903F5 /* MJCDemoVC7.m in Sources */,
				25D9DB471DC2635C00B903B1 /* main.m in Sources */,
				2556BE3A1F17984900E903F5 /* MJCDemoVC10.m in Sources */,
				25C009E11F2E259200F65864 /* MJCDemoPenetrationVC.m in Sources */,
				25E822E41F0CE38200FB305F /* MJCDemoVC1.m in Sources */,
				250F5E471F2B2D3100B8014A /* MJCIndicatorView.m in Sources */,
				2583E5771F20CAFF003E740D /* MJCInterfaceTools.m in Sources */,
				25E823001F0CE39700FB305F /* MJCSegmentInterface.m in Sources */,
				2556BE341F17982F00E903F5 /* MJCDemoVC8.m in Sources */,
				250F5E461F2B2D3100B8014A /* MJCChildMainView.m in Sources */,
				25E822E51F0CE38200FB305F /* MJCDemoVC2.m in Sources */,
				250F5E611F2B2D8400B8014A /* UILabel+MJCClassExtension.m in Sources */,
				2556BE2B1F17957A00E903F5 /* MJCDemoVC5.m in Sources */,
				250F5E5C1F2B2D8400B8014A /* MJCCommonTools.m in Sources */,
				25E822EC1F0CE38200FB305F /* MJCTestViewController1.m in Sources */,
				250F5E481F2B2D3100B8014A /* MJCTabItem.m in Sources */,
				250F5E621F2B2D8400B8014A /* UIView+MJCClassExtension.m in Sources */,
				25E822EA1F0CE38200FB305F /* MJCTestViewController.m in Sources */,
				25C009DE1F2DC74700F65864 /* MJCDemoClassicVC.m in Sources */,
				25E822E91F0CE38200FB305F /* MJCTestTableViewController.m in Sources */,
				2556BE371F17983B00E903F5 /* MJCDemoVC9.m in Sources */,
				250F5E5E1F2B2D8400B8014A /* MJCInterfaceTools.m in Sources */,
				25E822E61F0CE38200FB305F /* MJCDemoVC3.m in Sources */,
			);
			runOnlyForDeploymentPostprocessing = 0;
		};
		25D9DB571DC2635C00B903B1 /* Sources */ = {
			isa = PBXSourcesBuildPhase;
			buildActionMask = 2147483647;
			files = (
				25D9DB601DC2635C00B903B1 /* MJCSegmentInterfaceTests.m in Sources */,
			);
			runOnlyForDeploymentPostprocessing = 0;
		};
		25D9DB621DC2635C00B903B1 /* Sources */ = {
			isa = PBXSourcesBuildPhase;
			buildActionMask = 2147483647;
			files = (
				25D9DB6B1DC2635C00B903B1 /* MJCSegmentInterfaceUITests.m in Sources */,
			);
			runOnlyForDeploymentPostprocessing = 0;
		};
/* End PBXSourcesBuildPhase section */

/* Begin PBXTargetDependency section */
		25D9DB5D1DC2635C00B903B1 /* PBXTargetDependency */ = {
			isa = PBXTargetDependency;
			target = 25D9DB411DC2635C00B903B1 /* MJCSegmentInterface */;
			targetProxy = 25D9DB5C1DC2635C00B903B1 /* PBXContainerItemProxy */;
		};
		25D9DB681DC2635C00B903B1 /* PBXTargetDependency */ = {
			isa = PBXTargetDependency;
			target = 25D9DB411DC2635C00B903B1 /* MJCSegmentInterface */;
			targetProxy = 25D9DB671DC2635C00B903B1 /* PBXContainerItemProxy */;
		};
/* End PBXTargetDependency section */

/* Begin PBXVariantGroup section */
		25D9DB4E1DC2635C00B903B1 /* Main.storyboard */ = {
			isa = PBXVariantGroup;
			children = (
				25D9DB4F1DC2635C00B903B1 /* Base */,
			);
			name = Main.storyboard;
			sourceTree = "<group>";
		};
		25D9DB531DC2635C00B903B1 /* LaunchScreen.storyboard */ = {
			isa = PBXVariantGroup;
			children = (
				25D9DB541DC2635C00B903B1 /* Base */,
			);
			name = LaunchScreen.storyboard;
			sourceTree = "<group>";
		};
/* End PBXVariantGroup section */

/* Begin XCBuildConfiguration section */
		25D9DB6D1DC2635C00B903B1 /* Debug */ = {
			isa = XCBuildConfiguration;
			buildSettings = {
				ALWAYS_SEARCH_USER_PATHS = NO;
				CLANG_ANALYZER_NONNULL = YES;
				CLANG_CXX_LANGUAGE_STANDARD = "gnu++0x";
				CLANG_CXX_LIBRARY = "libc++";
				CLANG_ENABLE_MODULES = YES;
				CLANG_ENABLE_OBJC_ARC = YES;
				CLANG_WARN_BOOL_CONVERSION = YES;
				CLANG_WARN_CONSTANT_CONVERSION = YES;
				CLANG_WARN_DIRECT_OBJC_ISA_USAGE = YES_ERROR;
				CLANG_WARN_DOCUMENTATION_COMMENTS = YES;
				CLANG_WARN_EMPTY_BODY = YES;
				CLANG_WARN_ENUM_CONVERSION = YES;
				CLANG_WARN_INFINITE_RECURSION = YES;
				CLANG_WARN_INT_CONVERSION = YES;
				CLANG_WARN_OBJC_ROOT_CLASS = YES_ERROR;
				CLANG_WARN_SUSPICIOUS_MOVES = YES;
				CLANG_WARN_UNREACHABLE_CODE = YES;
				CLANG_WARN__DUPLICATE_METHOD_MATCH = YES;
				"CODE_SIGN_IDENTITY[sdk=iphoneos*]" = "iPhone Developer";
				COPY_PHASE_STRIP = NO;
				DEBUG_INFORMATION_FORMAT = dwarf;
				ENABLE_STRICT_OBJC_MSGSEND = YES;
				ENABLE_TESTABILITY = YES;
				GCC_C_LANGUAGE_STANDARD = gnu99;
				GCC_DYNAMIC_NO_PIC = NO;
				GCC_NO_COMMON_BLOCKS = YES;
				GCC_OPTIMIZATION_LEVEL = 0;
				GCC_PREPROCESSOR_DEFINITIONS = (
					"DEBUG=1",
					"$(inherited)",
				);
				GCC_WARN_64_TO_32_BIT_CONVERSION = YES;
				GCC_WARN_ABOUT_RETURN_TYPE = YES_ERROR;
				GCC_WARN_UNDECLARED_SELECTOR = YES;
				GCC_WARN_UNINITIALIZED_AUTOS = YES_AGGRESSIVE;
				GCC_WARN_UNUSED_FUNCTION = YES;
				GCC_WARN_UNUSED_VARIABLE = YES;
				IPHONEOS_DEPLOYMENT_TARGET = 10.2;
				MTL_ENABLE_DEBUG_INFO = YES;
				ONLY_ACTIVE_ARCH = YES;
				SDKROOT = iphoneos;
			};
			name = Debug;
		};
		25D9DB6E1DC2635C00B903B1 /* Release */ = {
			isa = XCBuildConfiguration;
			buildSettings = {
				ALWAYS_SEARCH_USER_PATHS = NO;
				CLANG_ANALYZER_NONNULL = YES;
				CLANG_CXX_LANGUAGE_STANDARD = "gnu++0x";
				CLANG_CXX_LIBRARY = "libc++";
				CLANG_ENABLE_MODULES = YES;
				CLANG_ENABLE_OBJC_ARC = YES;
				CLANG_WARN_BOOL_CONVERSION = YES;
				CLANG_WARN_CONSTANT_CONVERSION = YES;
				CLANG_WARN_DIRECT_OBJC_ISA_USAGE = YES_ERROR;
				CLANG_WARN_DOCUMENTATION_COMMENTS = YES;
				CLANG_WARN_EMPTY_BODY = YES;
				CLANG_WARN_ENUM_CONVERSION = YES;
				CLANG_WARN_INFINITE_RECURSION = YES;
				CLANG_WARN_INT_CONVERSION = YES;
				CLANG_WARN_OBJC_ROOT_CLASS = YES_ERROR;
				CLANG_WARN_SUSPICIOUS_MOVES = YES;
				CLANG_WARN_UNREACHABLE_CODE = YES;
				CLANG_WARN__DUPLICATE_METHOD_MATCH = YES;
				"CODE_SIGN_IDENTITY[sdk=iphoneos*]" = "iPhone Developer";
				COPY_PHASE_STRIP = NO;
				DEBUG_INFORMATION_FORMAT = "dwarf-with-dsym";
				ENABLE_NS_ASSERTIONS = NO;
				ENABLE_STRICT_OBJC_MSGSEND = YES;
				GCC_C_LANGUAGE_STANDARD = gnu99;
				GCC_NO_COMMON_BLOCKS = YES;
				GCC_WARN_64_TO_32_BIT_CONVERSION = YES;
				GCC_WARN_ABOUT_RETURN_TYPE = YES_ERROR;
				GCC_WARN_UNDECLARED_SELECTOR = YES;
				GCC_WARN_UNINITIALIZED_AUTOS = YES_AGGRESSIVE;
				GCC_WARN_UNUSED_FUNCTION = YES;
				GCC_WARN_UNUSED_VARIABLE = YES;
				IPHONEOS_DEPLOYMENT_TARGET = 10.2;
				MTL_ENABLE_DEBUG_INFO = NO;
				SDKROOT = iphoneos;
				VALIDATE_PRODUCT = YES;
			};
			name = Release;
		};
		25D9DB701DC2635C00B903B1 /* Debug */ = {
			isa = XCBuildConfiguration;
			baseConfigurationReference = 1C1649F3D1BD3EB7F0BE8AAD /* Pods-MJCSegmentInterface.debug.xcconfig */;
			buildSettings = {
				ASSETCATALOG_COMPILER_APPICON_NAME = AppIcon;
				DEVELOPMENT_TEAM = X8H9B4P8L2;
				INFOPLIST_FILE = MJCSegmentInterface/Info.plist;
				IPHONEOS_DEPLOYMENT_TARGET = 8.0;
				LD_RUNPATH_SEARCH_PATHS = "$(inherited) @executable_path/Frameworks";
				PRODUCT_BUNDLE_IDENTIFIER = cn.MJC.MJCSegmentInterface;
				PRODUCT_NAME = "$(TARGET_NAME)";
			};
			name = Debug;
		};
		25D9DB711DC2635C00B903B1 /* Release */ = {
			isa = XCBuildConfiguration;
			baseConfigurationReference = 08FA5BA61A1C20E09ED0D83F /* Pods-MJCSegmentInterface.release.xcconfig */;
			buildSettings = {
				ASSETCATALOG_COMPILER_APPICON_NAME = AppIcon;
				DEVELOPMENT_TEAM = X8H9B4P8L2;
				INFOPLIST_FILE = MJCSegmentInterface/Info.plist;
				IPHONEOS_DEPLOYMENT_TARGET = 8.0;
				LD_RUNPATH_SEARCH_PATHS = "$(inherited) @executable_path/Frameworks";
				PRODUCT_BUNDLE_IDENTIFIER = cn.MJC.MJCSegmentInterface;
				PRODUCT_NAME = "$(TARGET_NAME)";
			};
			name = Release;
		};
		25D9DB731DC2635C00B903B1 /* Debug */ = {
			isa = XCBuildConfiguration;
			buildSettings = {
				BUNDLE_LOADER = "$(TEST_HOST)";
				INFOPLIST_FILE = MJCSegmentInterfaceTests/Info.plist;
				LD_RUNPATH_SEARCH_PATHS = "$(inherited) @executable_path/Frameworks @loader_path/Frameworks";
				PRODUCT_BUNDLE_IDENTIFIER = cn.MJC.MJCSegmentInterfaceTests;
				PRODUCT_NAME = "$(TARGET_NAME)";
				TEST_HOST = "$(BUILT_PRODUCTS_DIR)/MJCSegmentInterface.app/MJCSegmentInterface";
			};
			name = Debug;
		};
		25D9DB741DC2635C00B903B1 /* Release */ = {
			isa = XCBuildConfiguration;
			buildSettings = {
				BUNDLE_LOADER = "$(TEST_HOST)";
				INFOPLIST_FILE = MJCSegmentInterfaceTests/Info.plist;
				LD_RUNPATH_SEARCH_PATHS = "$(inherited) @executable_path/Frameworks @loader_path/Frameworks";
				PRODUCT_BUNDLE_IDENTIFIER = cn.MJC.MJCSegmentInterfaceTests;
				PRODUCT_NAME = "$(TARGET_NAME)";
				TEST_HOST = "$(BUILT_PRODUCTS_DIR)/MJCSegmentInterface.app/MJCSegmentInterface";
			};
			name = Release;
		};
		25D9DB761DC2635C00B903B1 /* Debug */ = {
			isa = XCBuildConfiguration;
			buildSettings = {
				INFOPLIST_FILE = MJCSegmentInterfaceUITests/Info.plist;
				LD_RUNPATH_SEARCH_PATHS = "$(inherited) @executable_path/Frameworks @loader_path/Frameworks";
				PRODUCT_BUNDLE_IDENTIFIER = cn.MJC.MJCSegmentInterfaceUITests;
				PRODUCT_NAME = "$(TARGET_NAME)";
				TEST_TARGET_NAME = MJCSegmentInterface;
			};
			name = Debug;
		};
		25D9DB771DC2635C00B903B1 /* Release */ = {
			isa = XCBuildConfiguration;
			buildSettings = {
				INFOPLIST_FILE = MJCSegmentInterfaceUITests/Info.plist;
				LD_RUNPATH_SEARCH_PATHS = "$(inherited) @executable_path/Frameworks @loader_path/Frameworks";
				PRODUCT_BUNDLE_IDENTIFIER = cn.MJC.MJCSegmentInterfaceUITests;
				PRODUCT_NAME = "$(TARGET_NAME)";
				TEST_TARGET_NAME = MJCSegmentInterface;
			};
			name = Release;
		};
/* End XCBuildConfiguration section */

/* Begin XCConfigurationList section */
		25D9DB3D1DC2635C00B903B1 /* Build configuration list for PBXProject "MJCSegmentInterface" */ = {
			isa = XCConfigurationList;
			buildConfigurations = (
				25D9DB6D1DC2635C00B903B1 /* Debug */,
				25D9DB6E1DC2635C00B903B1 /* Release */,
			);
			defaultConfigurationIsVisible = 0;
			defaultConfigurationName = Release;
		};
		25D9DB6F1DC2635C00B903B1 /* Build configuration list for PBXNativeTarget "MJCSegmentInterface" */ = {
			isa = XCConfigurationList;
			buildConfigurations = (
				25D9DB701DC2635C00B903B1 /* Debug */,
				25D9DB711DC2635C00B903B1 /* Release */,
			);
			defaultConfigurationIsVisible = 0;
			defaultConfigurationName = Release;
		};
		25D9DB721DC2635C00B903B1 /* Build configuration list for PBXNativeTarget "MJCSegmentInterfaceTests" */ = {
			isa = XCConfigurationList;
			buildConfigurations = (
				25D9DB731DC2635C00B903B1 /* Debug */,
				25D9DB741DC2635C00B903B1 /* Release */,
			);
			defaultConfigurationIsVisible = 0;
			defaultConfigurationName = Release;
		};
		25D9DB751DC2635C00B903B1 /* Build configuration list for PBXNativeTarget "MJCSegmentInterfaceUITests" */ = {
			isa = XCConfigurationList;
			buildConfigurations = (
				25D9DB761DC2635C00B903B1 /* Debug */,
				25D9DB771DC2635C00B903B1 /* Release */,
			);
			defaultConfigurationIsVisible = 0;
			defaultConfigurationName = Release;
		};
/* End XCConfigurationList section */
	};
	rootObject = 25D9DB3A1DC2635C00B903B1 /* Project object */;
}
