// !$*UTF8*$!
{
	archiveVersion = 1;
	classes = {
	};
	objectVersion = 46;
	objects = {

/* Begin PBXBuildFile section */
		2523F2701DC64C2A0010B617 /* yanse.gif in Resources */ = {isa = PBXBuildFile; fileRef = 2523F26D1DC64C2A0010B617 /* yanse.gif */; };
		2523F2711DC64C2A0010B617 /* tupianshuzu.gif in Resources */ = {isa = PBXBuildFile; fileRef = 2523F26E1DC64C2A0010B617 /* tupianshuzu.gif */; };
		2523F2721DC64C2A0010B617 /* tupianxiaoguo.gif in Resources */ = {isa = PBXBuildFile; fileRef = 2523F26F1DC64C2A0010B617 /* tupianxiaoguo.gif */; };
		2555F11A1DC4A8B300977EB8 /* MJCBottomView.m in Sources */ = {isa = PBXBuildFile; fileRef = 2555F10F1DC4A8B300977EB8 /* MJCBottomView.m */; };
		2555F11B1DC4A8B300977EB8 /* MJCChildScrollView.m in Sources */ = {isa = PBXBuildFile; fileRef = 2555F1111DC4A8B300977EB8 /* MJCChildScrollView.m */; };
		2555F11C1DC4A8B300977EB8 /* MJCIndicatorView.m in Sources */ = {isa = PBXBuildFile; fileRef = 2555F1131DC4A8B300977EB8 /* MJCIndicatorView.m */; };
		2555F11D1DC4A8B300977EB8 /* MJCRightView.m in Sources */ = {isa = PBXBuildFile; fileRef = 2555F1151DC4A8B300977EB8 /* MJCRightView.m */; };
		2555F11E1DC4A8B300977EB8 /* MJCTitlesView.m in Sources */ = {isa = PBXBuildFile; fileRef = 2555F1171DC4A8B300977EB8 /* MJCTitlesView.m */; };
		2555F11F1DC4A8B300977EB8 /* MJCTopView.m in Sources */ = {isa = PBXBuildFile; fileRef = 2555F1191DC4A8B300977EB8 /* MJCTopView.m */; };
		2555F1281DC63EFA00977EB8 /* jingdian.gif in Resources */ = {isa = PBXBuildFile; fileRef = 2555F1241DC63EFA00977EB8 /* jingdian.gif */; };
		2555F1291DC63EFA00977EB8 /* chuantou.gif in Resources */ = {isa = PBXBuildFile; fileRef = 2555F1251DC63EFA00977EB8 /* chuantou.gif */; };
		2555F12A1DC63EFA00977EB8 /* gezi.gif in Resources */ = {isa = PBXBuildFile; fileRef = 2555F1261DC63EFA00977EB8 /* gezi.gif */; };
		2555F12B1DC63EFA00977EB8 /* gezichuantou.gif in Resources */ = {isa = PBXBuildFile; fileRef = 2555F1271DC63EFA00977EB8 /* gezichuantou.gif */; };
		25A47A8F1DE1ECB700AE2829 /* errorblack.png in Resources */ = {isa = PBXBuildFile; fileRef = 25A47A771DE1ECB700AE2829 /* errorblack.png */; };
		25A47A901DE1ECB700AE2829 /* errorblack@2x.png in Resources */ = {isa = PBXBuildFile; fileRef = 25A47A781DE1ECB700AE2829 /* errorblack@2x.png */; };
		25A47A911DE1ECB700AE2829 /* errorblack@3x.png in Resources */ = {isa = PBXBuildFile; fileRef = 25A47A791DE1ECB700AE2829 /* errorblack@3x.png */; };
		25A47A921DE1ECB700AE2829 /* errorwhite.png in Resources */ = {isa = PBXBuildFile; fileRef = 25A47A7A1DE1ECB700AE2829 /* errorwhite.png */; };
		25A47A931DE1ECB700AE2829 /* errorwhite@2x .png in Resources */ = {isa = PBXBuildFile; fileRef = 25A47A7B1DE1ECB700AE2829 /* errorwhite@2x .png */; };
		25A47A941DE1ECB700AE2829 /* errorwhite@3x.png in Resources */ = {isa = PBXBuildFile; fileRef = 25A47A7C1DE1ECB700AE2829 /* errorwhite@3x.png */; };
		25A47A951DE1ECB700AE2829 /* infoblack.png in Resources */ = {isa = PBXBuildFile; fileRef = 25A47A7D1DE1ECB700AE2829 /* infoblack.png */; };
		25A47A961DE1ECB700AE2829 /* infoblack@2x.png in Resources */ = {isa = PBXBuildFile; fileRef = 25A47A7E1DE1ECB700AE2829 /* infoblack@2x.png */; };
		25A47A971DE1ECB700AE2829 /* infoblack@3x.png in Resources */ = {isa = PBXBuildFile; fileRef = 25A47A7F1DE1ECB700AE2829 /* infoblack@3x.png */; };
		25A47A981DE1ECB700AE2829 /* infowhite.png in Resources */ = {isa = PBXBuildFile; fileRef = 25A47A801DE1ECB700AE2829 /* infowhite.png */; };
		25A47A991DE1ECB700AE2829 /* infowhite@2x.png in Resources */ = {isa = PBXBuildFile; fileRef = 25A47A811DE1ECB700AE2829 /* infowhite@2x.png */; };
		25A47A9A1DE1ECB700AE2829 /* infowhite@3x.png in Resources */ = {isa = PBXBuildFile; fileRef = 25A47A821DE1ECB700AE2829 /* infowhite@3x.png */; };
		25A47A9B1DE1ECB700AE2829 /* successblack.png in Resources */ = {isa = PBXBuildFile; fileRef = 25A47A831DE1ECB700AE2829 /* successblack.png */; };
		25A47A9C1DE1ECB700AE2829 /* successblack@2x.png in Resources */ = {isa = PBXBuildFile; fileRef = 25A47A841DE1ECB700AE2829 /* successblack@2x.png */; };
		25A47A9D1DE1ECB700AE2829 /* successblack@3x.png in Resources */ = {isa = PBXBuildFile; fileRef = 25A47A851DE1ECB700AE2829 /* successblack@3x.png */; };
		25A47A9E1DE1ECB700AE2829 /* successwhite.png in Resources */ = {isa = PBXBuildFile; fileRef = 25A47A861DE1ECB700AE2829 /* successwhite.png */; };
		25A47A9F1DE1ECB700AE2829 /* successwhite@2x.png in Resources */ = {isa = PBXBuildFile; fileRef = 25A47A871DE1ECB700AE2829 /* successwhite@2x.png */; };
		25A47AA01DE1ECB700AE2829 /* successwhite@3x.png in Resources */ = {isa = PBXBuildFile; fileRef = 25A47A881DE1ECB700AE2829 /* successwhite@3x.png */; };
		25A47AA11DE1ECB700AE2829 /* MJCPromptsMessage.m in Sources */ = {isa = PBXBuildFile; fileRef = 25A47A8A1DE1ECB700AE2829 /* MJCPromptsMessage.m */; };
		25A47AA21DE1ECB700AE2829 /* MJCPromptsView.m in Sources */ = {isa = PBXBuildFile; fileRef = 25A47A8C1DE1ECB700AE2829 /* MJCPromptsView.m */; };
		25A47AA31DE1ECB700AE2829 /* UIView+MJCExtenSion.m in Sources */ = {isa = PBXBuildFile; fileRef = 25A47A8E1DE1ECB700AE2829 /* UIView+MJCExtenSion.m */; };
		25A47AA91DE2EA1200AE2829 /* MJCTitlesScollView.m in Sources */ = {isa = PBXBuildFile; fileRef = 25A47AA81DE2EA1200AE2829 /* MJCTitlesScollView.m */; };
		25A91C421DC2FA1F0009313D /* MJCSegmentInterface.m in Sources */ = {isa = PBXBuildFile; fileRef = 25A91C2C1DC2FA1F0009313D /* MJCSegmentInterface.m */; };
		25A91C431DC2FA1F0009313D /* MJCSlideInterface.m in Sources */ = {isa = PBXBuildFile; fileRef = 25A91C2E1DC2FA1F0009313D /* MJCSlideInterface.m */; };
		25A91C4A1DC2FA1F0009313D /* UIView+MJCExtenSion.m in Sources */ = {isa = PBXBuildFile; fileRef = 25A91C3E1DC2FA1F0009313D /* UIView+MJCExtenSion.m */; };
		25A91C4B1DC2FA1F0009313D /* MJCConst.m in Sources */ = {isa = PBXBuildFile; fileRef = 25A91C411DC2FA1F0009313D /* MJCConst.m */; };
		25A91C581DC2FFCB0009313D /* SegMentInterfaceStyleClassicVC.m in Sources */ = {isa = PBXBuildFile; fileRef = 25A91C4F1DC2FFCB0009313D /* SegMentInterfaceStyleClassicVC.m */; };
		25A91C591DC2FFCB0009313D /* SegMentInterfaceStyleExceedUseVC.m in Sources */ = {isa = PBXBuildFile; fileRef = 25A91C511DC2FFCB0009313D /* SegMentInterfaceStyleExceedUseVC.m */; };
		25A91C5A1DC2FFCB0009313D /* SegMentInterfaceStyleLessVC.m in Sources */ = {isa = PBXBuildFile; fileRef = 25A91C531DC2FFCB0009313D /* SegMentInterfaceStyleLessVC.m */; };
		25A91C5B1DC2FFCB0009313D /* SegMentInterfaceStyleMoreUseVC.m in Sources */ = {isa = PBXBuildFile; fileRef = 25A91C551DC2FFCB0009313D /* SegMentInterfaceStyleMoreUseVC.m */; };
		25A91C5C1DC2FFCB0009313D /* SegMentInterfaceStylePenetrateVC.m in Sources */ = {isa = PBXBuildFile; fileRef = 25A91C571DC2FFCB0009313D /* SegMentInterfaceStylePenetrateVC.m */; };
		25A91C671DC2FFDE0009313D /* UITestViewController.m in Sources */ = {isa = PBXBuildFile; fileRef = 25A91C5E1DC2FFDE0009313D /* UITestViewController.m */; };
		25A91C681DC2FFDE0009313D /* UITestViewController1.m in Sources */ = {isa = PBXBuildFile; fileRef = 25A91C601DC2FFDE0009313D /* UITestViewController1.m */; };
		25A91C691DC2FFDE0009313D /* UITestViewController2.m in Sources */ = {isa = PBXBuildFile; fileRef = 25A91C621DC2FFDE0009313D /* UITestViewController2.m */; };
		25A91C6A1DC2FFDE0009313D /* UITestViewController3.m in Sources */ = {isa = PBXBuildFile; fileRef = 25A91C641DC2FFDE0009313D /* UITestViewController3.m */; };
		25A91C6B1DC2FFDE0009313D /* UITestViewController4.m in Sources */ = {isa = PBXBuildFile; fileRef = 25A91C661DC2FFDE0009313D /* UITestViewController4.m */; };
		25D9DB471DC2635C00B903B1 /* main.m in Sources */ = {isa = PBXBuildFile; fileRef = 25D9DB461DC2635C00B903B1 /* main.m */; };
		25D9DB4A1DC2635C00B903B1 /* AppDelegate.m in Sources */ = {isa = PBXBuildFile; fileRef = 25D9DB491DC2635C00B903B1 /* AppDelegate.m */; };
		25D9DB4D1DC2635C00B903B1 /* ViewController.m in Sources */ = {isa = PBXBuildFile; fileRef = 25D9DB4C1DC2635C00B903B1 /* ViewController.m */; };
		25D9DB501DC2635C00B903B1 /* Main.storyboard in Resources */ = {isa = PBXBuildFile; fileRef = 25D9DB4E1DC2635C00B903B1 /* Main.storyboard */; };
		25D9DB521DC2635C00B903B1 /* Assets.xcassets in Resources */ = {isa = PBXBuildFile; fileRef = 25D9DB511DC2635C00B903B1 /* Assets.xcassets */; };
		25D9DB551DC2635C00B903B1 /* LaunchScreen.storyboard in Resources */ = {isa = PBXBuildFile; fileRef = 25D9DB531DC2635C00B903B1 /* LaunchScreen.storyboard */; };
		25D9DB601DC2635C00B903B1 /* MJCSegmentInterfaceTests.m in Sources */ = {isa = PBXBuildFile; fileRef = 25D9DB5F1DC2635C00B903B1 /* MJCSegmentInterfaceTests.m */; };
		25D9DB6B1DC2635C00B903B1 /* MJCSegmentInterfaceUITests.m in Sources */ = {isa = PBXBuildFile; fileRef = 25D9DB6A1DC2635C00B903B1 /* MJCSegmentInterfaceUITests.m */; };
		25F727C51DE3F1AA00574F06 /* gundonggongn.gif in Resources */ = {isa = PBXBuildFile; fileRef = 25F727C41DE3F1AA00574F06 /* gundonggongn.gif */; };
		25F727C81DE401EB00574F06 /* MJCTabItemButton.m in Sources */ = {isa = PBXBuildFile; fileRef = 25F727C71DE401EB00574F06 /* MJCTabItemButton.m */; };
/* End PBXBuildFile section */

/* Begin PBXContainerItemProxy section */
		25D9DB5C1DC2635C00B903B1 /* PBXContainerItemProxy */ = {
			isa = PBXContainerItemProxy;
			containerPortal = 25D9DB3A1DC2635C00B903B1 /* Project object */;
			proxyType = 1;
			remoteGlobalIDString = 25D9DB411DC2635C00B903B1;
			remoteInfo = MJCSegmentInterface;
		};
		25D9DB671DC2635C00B903B1 /* PBXContainerItemProxy */ = {
			isa = PBXContainerItemProxy;
			containerPortal = 25D9DB3A1DC2635C00B903B1 /* Project object */;
			proxyType = 1;
			remoteGlobalIDString = 25D9DB411DC2635C00B903B1;
			remoteInfo = MJCSegmentInterface;
		};
/* End PBXContainerItemProxy section */

/* Begin PBXFileReference section */
		2523F26D1DC64C2A0010B617 /* yanse.gif */ = {isa = PBXFileReference; lastKnownFileType = image.gif; path = yanse.gif; sourceTree = "<group>"; };
		2523F26E1DC64C2A0010B617 /* tupianshuzu.gif */ = {isa = PBXFileReference; lastKnownFileType = image.gif; path = tupianshuzu.gif; sourceTree = "<group>"; };
		2523F26F1DC64C2A0010B617 /* tupianxiaoguo.gif */ = {isa = PBXFileReference; lastKnownFileType = image.gif; path = tupianxiaoguo.gif; sourceTree = "<group>"; };
		2555F10E1DC4A8B300977EB8 /* MJCBottomView.h */ = {isa = PBXFileReference; fileEncoding = 4; lastKnownFileType = sourcecode.c.h; path = MJCBottomView.h; sourceTree = "<group>"; };
		2555F10F1DC4A8B300977EB8 /* MJCBottomView.m */ = {isa = PBXFileReference; fileEncoding = 4; lastKnownFileType = sourcecode.c.objc; path = MJCBottomView.m; sourceTree = "<group>"; };
		2555F1101DC4A8B300977EB8 /* MJCChildScrollView.h */ = {isa = PBXFileReference; fileEncoding = 4; lastKnownFileType = sourcecode.c.h; path = MJCChildScrollView.h; sourceTree = "<group>"; };
		2555F1111DC4A8B300977EB8 /* MJCChildScrollView.m */ = {isa = PBXFileReference; fileEncoding = 4; lastKnownFileType = sourcecode.c.objc; path = MJCChildScrollView.m; sourceTree = "<group>"; };
		2555F1121DC4A8B300977EB8 /* MJCIndicatorView.h */ = {isa = PBXFileReference; fileEncoding = 4; lastKnownFileType = sourcecode.c.h; path = MJCIndicatorView.h; sourceTree = "<group>"; };
		2555F1131DC4A8B300977EB8 /* MJCIndicatorView.m */ = {isa = PBXFileReference; fileEncoding = 4; lastKnownFileType = sourcecode.c.objc; path = MJCIndicatorView.m; sourceTree = "<group>"; };
		2555F1141DC4A8B300977EB8 /* MJCRightView.h */ = {isa = PBXFileReference; fileEncoding = 4; lastKnownFileType = sourcecode.c.h; path = MJCRightView.h; sourceTree = "<group>"; };
		2555F1151DC4A8B300977EB8 /* MJCRightView.m */ = {isa = PBXFileReference; fileEncoding = 4; lastKnownFileType = sourcecode.c.objc; path = MJCRightView.m; sourceTree = "<group>"; };
		2555F1161DC4A8B300977EB8 /* MJCTitlesView.h */ = {isa = PBXFileReference; fileEncoding = 4; lastKnownFileType = sourcecode.c.h; path = MJCTitlesView.h; sourceTree = "<group>"; };
		2555F1171DC4A8B300977EB8 /* MJCTitlesView.m */ = {isa = PBXFileReference; fileEncoding = 4; lastKnownFileType = sourcecode.c.objc; path = MJCTitlesView.m; sourceTree = "<group>"; };
		2555F1181DC4A8B300977EB8 /* MJCTopView.h */ = {isa = PBXFileReference; fileEncoding = 4; lastKnownFileType = sourcecode.c.h; path = MJCTopView.h; sourceTree = "<group>"; };
		2555F1191DC4A8B300977EB8 /* MJCTopView.m */ = {isa = PBXFileReference; fileEncoding = 4; lastKnownFileType = sourcecode.c.objc; path = MJCTopView.m; sourceTree = "<group>"; };
		2555F1241DC63EFA00977EB8 /* jingdian.gif */ = {isa = PBXFileReference; lastKnownFileType = image.gif; path = jingdian.gif; sourceTree = "<group>"; };
		2555F1251DC63EFA00977EB8 /* chuantou.gif */ = {isa = PBXFileReference; lastKnownFileType = image.gif; path = chuantou.gif; sourceTree = "<group>"; };
		2555F1261DC63EFA00977EB8 /* gezi.gif */ = {isa = PBXFileReference; lastKnownFileType = image.gif; path = gezi.gif; sourceTree = "<group>"; };
		2555F1271DC63EFA00977EB8 /* gezichuantou.gif */ = {isa = PBXFileReference; lastKnownFileType = image.gif; path = gezichuantou.gif; sourceTree = "<group>"; };
		25A47A771DE1ECB700AE2829 /* errorblack.png */ = {isa = PBXFileReference; lastKnownFileType = image.png; path = errorblack.png; sourceTree = "<group>"; };
		25A47A781DE1ECB700AE2829 /* errorblack@2x.png */ = {isa = PBXFileReference; lastKnownFileType = image.png; path = "errorblack@2x.png"; sourceTree = "<group>"; };
		25A47A791DE1ECB700AE2829 /* errorblack@3x.png */ = {isa = PBXFileReference; lastKnownFileType = image.png; path = "errorblack@3x.png"; sourceTree = "<group>"; };
		25A47A7A1DE1ECB700AE2829 /* errorwhite.png */ = {isa = PBXFileReference; lastKnownFileType = image.png; path = errorwhite.png; sourceTree = "<group>"; };
		25A47A7B1DE1ECB700AE2829 /* errorwhite@2x .png */ = {isa = PBXFileReference; lastKnownFileType = image.png; path = "errorwhite@2x .png"; sourceTree = "<group>"; };
		25A47A7C1DE1ECB700AE2829 /* errorwhite@3x.png */ = {isa = PBXFileReference; lastKnownFileType = image.png; path = "errorwhite@3x.png"; sourceTree = "<group>"; };
		25A47A7D1DE1ECB700AE2829 /* infoblack.png */ = {isa = PBXFileReference; lastKnownFileType = image.png; path = infoblack.png; sourceTree = "<group>"; };
		25A47A7E1DE1ECB700AE2829 /* infoblack@2x.png */ = {isa = PBXFileReference; lastKnownFileType = image.png; path = "infoblack@2x.png"; sourceTree = "<group>"; };
		25A47A7F1DE1ECB700AE2829 /* infoblack@3x.png */ = {isa = PBXFileReference; lastKnownFileType = image.png; path = "infoblack@3x.png"; sourceTree = "<group>"; };
		25A47A801DE1ECB700AE2829 /* infowhite.png */ = {isa = PBXFileReference; lastKnownFileType = image.png; path = infowhite.png; sourceTree = "<group>"; };
		25A47A811DE1ECB700AE2829 /* infowhite@2x.png */ = {isa = PBXFileReference; lastKnownFileType = image.png; path = "infowhite@2x.png"; sourceTree = "<group>"; };
		25A47A821DE1ECB700AE2829 /* infowhite@3x.png */ = {isa = PBXFileReference; lastKnownFileType = image.png; path = "infowhite@3x.png"; sourceTree = "<group>"; };
		25A47A831DE1ECB700AE2829 /* successblack.png */ = {isa = PBXFileReference; lastKnownFileType = image.png; path = successblack.png; sourceTree = "<group>"; };
		25A47A841DE1ECB700AE2829 /* successblack@2x.png */ = {isa = PBXFileReference; lastKnownFileType = image.png; path = "successblack@2x.png"; sourceTree = "<group>"; };
		25A47A851DE1ECB700AE2829 /* successblack@3x.png */ = {isa = PBXFileReference; lastKnownFileType = image.png; path = "successblack@3x.png"; sourceTree = "<group>"; };
		25A47A861DE1ECB700AE2829 /* successwhite.png */ = {isa = PBXFileReference; lastKnownFileType = image.png; path = successwhite.png; sourceTree = "<group>"; };
		25A47A871DE1ECB700AE2829 /* successwhite@2x.png */ = {isa = PBXFileReference; lastKnownFileType = image.png; path = "successwhite@2x.png"; sourceTree = "<group>"; };
		25A47A881DE1ECB700AE2829 /* successwhite@3x.png */ = {isa = PBXFileReference; lastKnownFileType = image.png; path = "successwhite@3x.png"; sourceTree = "<group>"; };
		25A47A891DE1ECB700AE2829 /* MJCPromptsMessage.h */ = {isa = PBXFileReference; fileEncoding = 4; lastKnownFileType = sourcecode.c.h; path = MJCPromptsMessage.h; sourceTree = "<group>"; };
		25A47A8A1DE1ECB700AE2829 /* MJCPromptsMessage.m */ = {isa = PBXFileReference; fileEncoding = 4; lastKnownFileType = sourcecode.c.objc; path = MJCPromptsMessage.m; sourceTree = "<group>"; };
		25A47A8B1DE1ECB700AE2829 /* MJCPromptsView.h */ = {isa = PBXFileReference; fileEncoding = 4; lastKnownFileType = sourcecode.c.h; path = MJCPromptsView.h; sourceTree = "<group>"; };
		25A47A8C1DE1ECB700AE2829 /* MJCPromptsView.m */ = {isa = PBXFileReference; fileEncoding = 4; lastKnownFileType = sourcecode.c.objc; path = MJCPromptsView.m; sourceTree = "<group>"; };
		25A47A8D1DE1ECB700AE2829 /* UIView+MJCExtenSion.h */ = {isa = PBXFileReference; fileEncoding = 4; lastKnownFileType = sourcecode.c.h; path = "UIView+MJCExtenSion.h"; sourceTree = "<group>"; };
		25A47A8E1DE1ECB700AE2829 /* UIView+MJCExtenSion.m */ = {isa = PBXFileReference; fileEncoding = 4; lastKnownFileType = sourcecode.c.objc; path = "UIView+MJCExtenSion.m"; sourceTree = "<group>"; };
		25A47AA71DE2EA1200AE2829 /* MJCTitlesScollView.h */ = {isa = PBXFileReference; fileEncoding = 4; lastKnownFileType = sourcecode.c.h; path = MJCTitlesScollView.h; sourceTree = "<group>"; };
		25A47AA81DE2EA1200AE2829 /* MJCTitlesScollView.m */ = {isa = PBXFileReference; fileEncoding = 4; lastKnownFileType = sourcecode.c.objc; path = MJCTitlesScollView.m; sourceTree = "<group>"; };
		25A91C2B1DC2FA1F0009313D /* MJCSegmentInterface.h */ = {isa = PBXFileReference; fileEncoding = 4; lastKnownFileType = sourcecode.c.h; path = MJCSegmentInterface.h; sourceTree = "<group>"; };
		25A91C2C1DC2FA1F0009313D /* MJCSegmentInterface.m */ = {isa = PBXFileReference; fileEncoding = 4; lastKnownFileType = sourcecode.c.objc; path = MJCSegmentInterface.m; sourceTree = "<group>"; };
		25A91C2D1DC2FA1F0009313D /* MJCSlideInterface.h */ = {isa = PBXFileReference; fileEncoding = 4; lastKnownFileType = sourcecode.c.h; path = MJCSlideInterface.h; sourceTree = "<group>"; };
		25A91C2E1DC2FA1F0009313D /* MJCSlideInterface.m */ = {isa = PBXFileReference; fileEncoding = 4; lastKnownFileType = sourcecode.c.objc; path = MJCSlideInterface.m; sourceTree = "<group>"; };
		25A91C3D1DC2FA1F0009313D /* UIView+MJCExtenSion.h */ = {isa = PBXFileReference; fileEncoding = 4; lastKnownFileType = sourcecode.c.h; path = "UIView+MJCExtenSion.h"; sourceTree = "<group>"; };
		25A91C3E1DC2FA1F0009313D /* UIView+MJCExtenSion.m */ = {isa = PBXFileReference; fileEncoding = 4; lastKnownFileType = sourcecode.c.objc; path = "UIView+MJCExtenSion.m"; sourceTree = "<group>"; };
		25A91C401DC2FA1F0009313D /* MJCConst.h */ = {isa = PBXFileReference; fileEncoding = 4; lastKnownFileType = sourcecode.c.h; path = MJCConst.h; sourceTree = "<group>"; };
		25A91C411DC2FA1F0009313D /* MJCConst.m */ = {isa = PBXFileReference; fileEncoding = 4; lastKnownFileType = sourcecode.c.objc; path = MJCConst.m; sourceTree = "<group>"; };
		25A91C4E1DC2FFCB0009313D /* SegMentInterfaceStyleClassicVC.h */ = {isa = PBXFileReference; fileEncoding = 4; lastKnownFileType = sourcecode.c.h; path = SegMentInterfaceStyleClassicVC.h; sourceTree = "<group>"; };
		25A91C4F1DC2FFCB0009313D /* SegMentInterfaceStyleClassicVC.m */ = {isa = PBXFileReference; fileEncoding = 4; lastKnownFileType = sourcecode.c.objc; path = SegMentInterfaceStyleClassicVC.m; sourceTree = "<group>"; };
		25A91C501DC2FFCB0009313D /* SegMentInterfaceStyleExceedUseVC.h */ = {isa = PBXFileReference; fileEncoding = 4; lastKnownFileType = sourcecode.c.h; path = SegMentInterfaceStyleExceedUseVC.h; sourceTree = "<group>"; };
		25A91C511DC2FFCB0009313D /* SegMentInterfaceStyleExceedUseVC.m */ = {isa = PBXFileReference; fileEncoding = 4; lastKnownFileType = sourcecode.c.objc; path = SegMentInterfaceStyleExceedUseVC.m; sourceTree = "<group>"; };
		25A91C521DC2FFCB0009313D /* SegMentInterfaceStyleLessVC.h */ = {isa = PBXFileReference; fileEncoding = 4; lastKnownFileType = sourcecode.c.h; path = SegMentInterfaceStyleLessVC.h; sourceTree = "<group>"; };
		25A91C531DC2FFCB0009313D /* SegMentInterfaceStyleLessVC.m */ = {isa = PBXFileReference; fileEncoding = 4; lastKnownFileType = sourcecode.c.objc; path = SegMentInterfaceStyleLessVC.m; sourceTree = "<group>"; };
		25A91C541DC2FFCB0009313D /* SegMentInterfaceStyleMoreUseVC.h */ = {isa = PBXFileReference; fileEncoding = 4; lastKnownFileType = sourcecode.c.h; path = SegMentInterfaceStyleMoreUseVC.h; sourceTree = "<group>"; };
		25A91C551DC2FFCB0009313D /* SegMentInterfaceStyleMoreUseVC.m */ = {isa = PBXFileReference; fileEncoding = 4; lastKnownFileType = sourcecode.c.objc; path = SegMentInterfaceStyleMoreUseVC.m; sourceTree = "<group>"; };
		25A91C561DC2FFCB0009313D /* SegMentInterfaceStylePenetrateVC.h */ = {isa = PBXFileReference; fileEncoding = 4; lastKnownFileType = sourcecode.c.h; path = SegMentInterfaceStylePenetrateVC.h; sourceTree = "<group>"; };
		25A91C571DC2FFCB0009313D /* SegMentInterfaceStylePenetrateVC.m */ = {isa = PBXFileReference; fileEncoding = 4; lastKnownFileType = sourcecode.c.objc; path = SegMentInterfaceStylePenetrateVC.m; sourceTree = "<group>"; };
		25A91C5D1DC2FFDE0009313D /* UITestViewController.h */ = {isa = PBXFileReference; fileEncoding = 4; lastKnownFileType = sourcecode.c.h; path = UITestViewController.h; sourceTree = "<group>"; };
		25A91C5E1DC2FFDE0009313D /* UITestViewController.m */ = {isa = PBXFileReference; fileEncoding = 4; lastKnownFileType = sourcecode.c.objc; path = UITestViewController.m; sourceTree = "<group>"; };
		25A91C5F1DC2FFDE0009313D /* UITestViewController1.h */ = {isa = PBXFileReference; fileEncoding = 4; lastKnownFileType = sourcecode.c.h; path = UITestViewController1.h; sourceTree = "<group>"; };
		25A91C601DC2FFDE0009313D /* UITestViewController1.m */ = {isa = PBXFileReference; fileEncoding = 4; lastKnownFileType = sourcecode.c.objc; path = UITestViewController1.m; sourceTree = "<group>"; };
		25A91C611DC2FFDE0009313D /* UITestViewController2.h */ = {isa = PBXFileReference; fileEncoding = 4; lastKnownFileType = sourcecode.c.h; path = UITestViewController2.h; sourceTree = "<group>"; };
		25A91C621DC2FFDE0009313D /* UITestViewController2.m */ = {isa = PBXFileReference; fileEncoding = 4; lastKnownFileType = sourcecode.c.objc; path = UITestViewController2.m; sourceTree = "<group>"; };
		25A91C631DC2FFDE0009313D /* UITestViewController3.h */ = {isa = PBXFileReference; fileEncoding = 4; lastKnownFileType = sourcecode.c.h; path = UITestViewController3.h; sourceTree = "<group>"; };
		25A91C641DC2FFDE0009313D /* UITestViewController3.m */ = {isa = PBXFileReference; fileEncoding = 4; lastKnownFileType = sourcecode.c.objc; path = UITestViewController3.m; sourceTree = "<group>"; };
		25A91C651DC2FFDE0009313D /* UITestViewController4.h */ = {isa = PBXFileReference; fileEncoding = 4; lastKnownFileType = sourcecode.c.h; path = UITestViewController4.h; sourceTree = "<group>"; };
		25A91C661DC2FFDE0009313D /* UITestViewController4.m */ = {isa = PBXFileReference; fileEncoding = 4; lastKnownFileType = sourcecode.c.objc; path = UITestViewController4.m; sourceTree = "<group>"; };
		25D9DB421DC2635C00B903B1 /* MJCSegmentInterface.app */ = {isa = PBXFileReference; explicitFileType = wrapper.application; includeInIndex = 0; path = MJCSegmentInterface.app; sourceTree = BUILT_PRODUCTS_DIR; };
		25D9DB461DC2635C00B903B1 /* main.m */ = {isa = PBXFileReference; lastKnownFileType = sourcecode.c.objc; path = main.m; sourceTree = "<group>"; };
		25D9DB481DC2635C00B903B1 /* AppDelegate.h */ = {isa = PBXFileReference; lastKnownFileType = sourcecode.c.h; path = AppDelegate.h; sourceTree = "<group>"; };
		25D9DB491DC2635C00B903B1 /* AppDelegate.m */ = {isa = PBXFileReference; lastKnownFileType = sourcecode.c.objc; path = AppDelegate.m; sourceTree = "<group>"; };
		25D9DB4B1DC2635C00B903B1 /* ViewController.h */ = {isa = PBXFileReference; lastKnownFileType = sourcecode.c.h; path = ViewController.h; sourceTree = "<group>"; };
		25D9DB4C1DC2635C00B903B1 /* ViewController.m */ = {isa = PBXFileReference; lastKnownFileType = sourcecode.c.objc; path = ViewController.m; sourceTree = "<group>"; };
		25D9DB4F1DC2635C00B903B1 /* Base */ = {isa = PBXFileReference; lastKnownFileType = file.storyboard; name = Base; path = Base.lproj/Main.storyboard; sourceTree = "<group>"; };
		25D9DB511DC2635C00B903B1 /* Assets.xcassets */ = {isa = PBXFileReference; lastKnownFileType = folder.assetcatalog; path = Assets.xcassets; sourceTree = "<group>"; };
		25D9DB541DC2635C00B903B1 /* Base */ = {isa = PBXFileReference; lastKnownFileType = file.storyboard; name = Base; path = Base.lproj/LaunchScreen.storyboard; sourceTree = "<group>"; };
		25D9DB561DC2635C00B903B1 /* Info.plist */ = {isa = PBXFileReference; lastKnownFileType = text.plist.xml; path = Info.plist; sourceTree = "<group>"; };
		25D9DB5B1DC2635C00B903B1 /* MJCSegmentInterfaceTests.xctest */ = {isa = PBXFileReference; explicitFileType = wrapper.cfbundle; includeInIndex = 0; path = MJCSegmentInterfaceTests.xctest; sourceTree = BUILT_PRODUCTS_DIR; };
		25D9DB5F1DC2635C00B903B1 /* MJCSegmentInterfaceTests.m */ = {isa = PBXFileReference; lastKnownFileType = sourcecode.c.objc; path = MJCSegmentInterfaceTests.m; sourceTree = "<group>"; };
		25D9DB611DC2635C00B903B1 /* Info.plist */ = {isa = PBXFileReference; lastKnownFileType = text.plist.xml; path = Info.plist; sourceTree = "<group>"; };
		25D9DB661DC2635C00B903B1 /* MJCSegmentInterfaceUITests.xctest */ = {isa = PBXFileReference; explicitFileType = wrapper.cfbundle; includeInIndex = 0; path = MJCSegmentInterfaceUITests.xctest; sourceTree = BUILT_PRODUCTS_DIR; };
		25D9DB6A1DC2635C00B903B1 /* MJCSegmentInterfaceUITests.m */ = {isa = PBXFileReference; lastKnownFileType = sourcecode.c.objc; path = MJCSegmentInterfaceUITests.m; sourceTree = "<group>"; };
		25D9DB6C1DC2635C00B903B1 /* Info.plist */ = {isa = PBXFileReference; lastKnownFileType = text.plist.xml; path = Info.plist; sourceTree = "<group>"; };
		25F727C41DE3F1AA00574F06 /* gundonggongn.gif */ = {isa = PBXFileReference; lastKnownFileType = image.gif; path = gundonggongn.gif; sourceTree = "<group>"; };
		25F727C61DE401EB00574F06 /* MJCTabItemButton.h */ = {isa = PBXFileReference; fileEncoding = 4; lastKnownFileType = sourcecode.c.h; path = MJCTabItemButton.h; sourceTree = "<group>"; };
		25F727C71DE401EB00574F06 /* MJCTabItemButton.m */ = {isa = PBXFileReference; fileEncoding = 4; lastKnownFileType = sourcecode.c.objc; path = MJCTabItemButton.m; sourceTree = "<group>"; };
/* End PBXFileReference section */

/* Begin PBXFrameworksBuildPhase section */
		25D9DB3F1DC2635C00B903B1 /* Frameworks */ = {
			isa = PBXFrameworksBuildPhase;
			buildActionMask = 2147483647;
			files = (
			);
			runOnlyForDeploymentPostprocessing = 0;
		};
		25D9DB581DC2635C00B903B1 /* Frameworks */ = {
			isa = PBXFrameworksBuildPhase;
			buildActionMask = 2147483647;
			files = (
			);
			runOnlyForDeploymentPostprocessing = 0;
		};
		25D9DB631DC2635C00B903B1 /* Frameworks */ = {
			isa = PBXFrameworksBuildPhase;
			buildActionMask = 2147483647;
			files = (
			);
			runOnlyForDeploymentPostprocessing = 0;
		};
/* End PBXFrameworksBuildPhase section */

/* Begin PBXGroup section */
		25A47A751DE1ECB700AE2829 /* MJCPromptsMessage */ = {
			isa = PBXGroup;
			children = (
				25A47A761DE1ECB700AE2829 /* images */,
				25A47A891DE1ECB700AE2829 /* MJCPromptsMessage.h */,
				25A47A8A1DE1ECB700AE2829 /* MJCPromptsMessage.m */,
				25A47A8B1DE1ECB700AE2829 /* MJCPromptsView.h */,
				25A47A8C1DE1ECB700AE2829 /* MJCPromptsView.m */,
				25A47A8D1DE1ECB700AE2829 /* UIView+MJCExtenSion.h */,
				25A47A8E1DE1ECB700AE2829 /* UIView+MJCExtenSion.m */,
			);
			path = MJCPromptsMessage;
			sourceTree = "<group>";
		};
		25A47A761DE1ECB700AE2829 /* images */ = {
			isa = PBXGroup;
			children = (
				25A47A771DE1ECB700AE2829 /* errorblack.png */,
				25A47A781DE1ECB700AE2829 /* errorblack@2x.png */,
				25A47A791DE1ECB700AE2829 /* errorblack@3x.png */,
				25A47A7A1DE1ECB700AE2829 /* errorwhite.png */,
				25A47A7B1DE1ECB700AE2829 /* errorwhite@2x .png */,
				25A47A7C1DE1ECB700AE2829 /* errorwhite@3x.png */,
				25A47A7D1DE1ECB700AE2829 /* infoblack.png */,
				25A47A7E1DE1ECB700AE2829 /* infoblack@2x.png */,
				25A47A7F1DE1ECB700AE2829 /* infoblack@3x.png */,
				25A47A801DE1ECB700AE2829 /* infowhite.png */,
				25A47A811DE1ECB700AE2829 /* infowhite@2x.png */,
				25A47A821DE1ECB700AE2829 /* infowhite@3x.png */,
				25A47A831DE1ECB700AE2829 /* successblack.png */,
				25A47A841DE1ECB700AE2829 /* successblack@2x.png */,
				25A47A851DE1ECB700AE2829 /* successblack@3x.png */,
				25A47A861DE1ECB700AE2829 /* successwhite.png */,
				25A47A871DE1ECB700AE2829 /* successwhite@2x.png */,
				25A47A881DE1ECB700AE2829 /* successwhite@3x.png */,
			);
			path = images;
			sourceTree = "<group>";
		};
		25A91C291DC2FA1F0009313D /* MJCSlideSwitch */ = {
			isa = PBXGroup;
			children = (
				25A91C2A1DC2FA1F0009313D /* 主控件 */,
				25A91C3C1DC2FA1F0009313D /* 设置尺寸 */,
				25A91C3F1DC2FA1F0009313D /* 通用属性 */,
			);
			path = MJCSlideSwitch;
			sourceTree = "<group>";
		};
		25A91C2A1DC2FA1F0009313D /* 主控件 */ = {
			isa = PBXGroup;
			children = (
				25A91C2B1DC2FA1F0009313D /* MJCSegmentInterface.h */,
				25A91C2C1DC2FA1F0009313D /* MJCSegmentInterface.m */,
				25A91C2D1DC2FA1F0009313D /* MJCSlideInterface.h */,
				25A91C2E1DC2FA1F0009313D /* MJCSlideInterface.m */,
				2555F10E1DC4A8B300977EB8 /* MJCBottomView.h */,
				2555F10F1DC4A8B300977EB8 /* MJCBottomView.m */,
				2555F1101DC4A8B300977EB8 /* MJCChildScrollView.h */,
				2555F1111DC4A8B300977EB8 /* MJCChildScrollView.m */,
				2555F1121DC4A8B300977EB8 /* MJCIndicatorView.h */,
				2555F1131DC4A8B300977EB8 /* MJCIndicatorView.m */,
				2555F1141DC4A8B300977EB8 /* MJCRightView.h */,
				2555F1151DC4A8B300977EB8 /* MJCRightView.m */,
				2555F1161DC4A8B300977EB8 /* MJCTitlesView.h */,
				2555F1171DC4A8B300977EB8 /* MJCTitlesView.m */,
				2555F1181DC4A8B300977EB8 /* MJCTopView.h */,
				2555F1191DC4A8B300977EB8 /* MJCTopView.m */,
				25A47AA71DE2EA1200AE2829 /* MJCTitlesScollView.h */,
				25A47AA81DE2EA1200AE2829 /* MJCTitlesScollView.m */,
				25F727C61DE401EB00574F06 /* MJCTabItemButton.h */,
				25F727C71DE401EB00574F06 /* MJCTabItemButton.m */,
			);
			path = "主控件";
			sourceTree = "<group>";
		};
		25A91C3C1DC2FA1F0009313D /* 设置尺寸 */ = {
			isa = PBXGroup;
			children = (
				25A91C3D1DC2FA1F0009313D /* UIView+MJCExtenSion.h */,
				25A91C3E1DC2FA1F0009313D /* UIView+MJCExtenSion.m */,
			);
			path = "设置尺寸";
			sourceTree = "<group>";
		};
		25A91C3F1DC2FA1F0009313D /* 通用属性 */ = {
			isa = PBXGroup;
			children = (
				25A91C401DC2FA1F0009313D /* MJCConst.h */,
				25A91C411DC2FA1F0009313D /* MJCConst.m */,
			);
			path = "通用属性";
			sourceTree = "<group>";
		};
		25A91C4C1DC2FF9F0009313D /* demo */ = {
			isa = PBXGroup;
			children = (
				25A91C4E1DC2FFCB0009313D /* SegMentInterfaceStyleClassicVC.h */,
				25A91C4F1DC2FFCB0009313D /* SegMentInterfaceStyleClassicVC.m */,
				25A91C561DC2FFCB0009313D /* SegMentInterfaceStylePenetrateVC.h */,
				25A91C571DC2FFCB0009313D /* SegMentInterfaceStylePenetrateVC.m */,
				25A91C521DC2FFCB0009313D /* SegMentInterfaceStyleLessVC.h */,
				25A91C531DC2FFCB0009313D /* SegMentInterfaceStyleLessVC.m */,
				25A91C541DC2FFCB0009313D /* SegMentInterfaceStyleMoreUseVC.h */,
				25A91C551DC2FFCB0009313D /* SegMentInterfaceStyleMoreUseVC.m */,
				25A91C501DC2FFCB0009313D /* SegMentInterfaceStyleExceedUseVC.h */,
				25A91C511DC2FFCB0009313D /* SegMentInterfaceStyleExceedUseVC.m */,
			);
			path = demo;
			sourceTree = "<group>";
		};
		25A91C4D1DC2FF9F0009313D /* testController */ = {
			isa = PBXGroup;
			children = (
				25A91C5D1DC2FFDE0009313D /* UITestViewController.h */,
				25A91C5E1DC2FFDE0009313D /* UITestViewController.m */,
				25A91C5F1DC2FFDE0009313D /* UITestViewController1.h */,
				25A91C601DC2FFDE0009313D /* UITestViewController1.m */,
				25A91C611DC2FFDE0009313D /* UITestViewController2.h */,
				25A91C621DC2FFDE0009313D /* UITestViewController2.m */,
				25A91C631DC2FFDE0009313D /* UITestViewController3.h */,
				25A91C641DC2FFDE0009313D /* UITestViewController3.m */,
				25A91C651DC2FFDE0009313D /* UITestViewController4.h */,
				25A91C661DC2FFDE0009313D /* UITestViewController4.m */,
			);
			path = testController;
			sourceTree = "<group>";
		};
		25D9DB391DC2635C00B903B1 = {
			isa = PBXGroup;
			children = (
				25D9DB441DC2635C00B903B1 /* MJCSegmentInterface */,
				25D9DB5E1DC2635C00B903B1 /* MJCSegmentInterfaceTests */,
				25D9DB691DC2635C00B903B1 /* MJCSegmentInterfaceUITests */,
				25D9DB431DC2635C00B903B1 /* Products */,
			);
			sourceTree = "<group>";
		};
		25D9DB431DC2635C00B903B1 /* Products */ = {
			isa = PBXGroup;
			children = (
				25D9DB421DC2635C00B903B1 /* MJCSegmentInterface.app */,
				25D9DB5B1DC2635C00B903B1 /* MJCSegmentInterfaceTests.xctest */,
				25D9DB661DC2635C00B903B1 /* MJCSegmentInterfaceUITests.xctest */,
			);
			name = Products;
			sourceTree = "<group>";
		};
		25D9DB441DC2635C00B903B1 /* MJCSegmentInterface */ = {
			isa = PBXGroup;
			children = (
				25A47A751DE1ECB700AE2829 /* MJCPromptsMessage */,
				25A91C291DC2FA1F0009313D /* MJCSlideSwitch */,
				25A91C4C1DC2FF9F0009313D /* demo */,
				25A91C4D1DC2FF9F0009313D /* testController */,
				25D9DB4B1DC2635C00B903B1 /* ViewController.h */,
				25D9DB4C1DC2635C00B903B1 /* ViewController.m */,
				25D9DB4E1DC2635C00B903B1 /* Main.storyboard */,
				25D9DB451DC2635C00B903B1 /* Supporting Files */,
			);
			path = MJCSegmentInterface;
			sourceTree = "<group>";
		};
		25D9DB451DC2635C00B903B1 /* Supporting Files */ = {
			isa = PBXGroup;
			children = (
				2523F26D1DC64C2A0010B617 /* yanse.gif */,
				2523F26E1DC64C2A0010B617 /* tupianshuzu.gif */,
				2523F26F1DC64C2A0010B617 /* tupianxiaoguo.gif */,
				2555F1241DC63EFA00977EB8 /* jingdian.gif */,
				2555F1251DC63EFA00977EB8 /* chuantou.gif */,
				2555F1261DC63EFA00977EB8 /* gezi.gif */,
				2555F1271DC63EFA00977EB8 /* gezichuantou.gif */,
				25F727C41DE3F1AA00574F06 /* gundonggongn.gif */,
				25D9DB481DC2635C00B903B1 /* AppDelegate.h */,
				25D9DB491DC2635C00B903B1 /* AppDelegate.m */,
				25D9DB511DC2635C00B903B1 /* Assets.xcassets */,
				25D9DB531DC2635C00B903B1 /* LaunchScreen.storyboard */,
				25D9DB561DC2635C00B903B1 /* Info.plist */,
				25D9DB461DC2635C00B903B1 /* main.m */,
			);
			name = "Supporting Files";
			sourceTree = "<group>";
		};
		25D9DB5E1DC2635C00B903B1 /* MJCSegmentInterfaceTests */ = {
			isa = PBXGroup;
			children = (
				25D9DB5F1DC2635C00B903B1 /* MJCSegmentInterfaceTests.m */,
				25D9DB611DC2635C00B903B1 /* Info.plist */,
			);
			path = MJCSegmentInterfaceTests;
			sourceTree = "<group>";
		};
		25D9DB691DC2635C00B903B1 /* MJCSegmentInterfaceUITests */ = {
			isa = PBXGroup;
			children = (
				25D9DB6A1DC2635C00B903B1 /* MJCSegmentInterfaceUITests.m */,
				25D9DB6C1DC2635C00B903B1 /* Info.plist */,
			);
			path = MJCSegmentInterfaceUITests;
			sourceTree = "<group>";
		};
/* End PBXGroup section */

/* Begin PBXNativeTarget section */
		25D9DB411DC2635C00B903B1 /* MJCSegmentInterface */ = {
			isa = PBXNativeTarget;
			buildConfigurationList = 25D9DB6F1DC2635C00B903B1 /* Build configuration list for PBXNativeTarget "MJCSegmentInterface" */;
			buildPhases = (
				25D9DB3E1DC2635C00B903B1 /* Sources */,
				25D9DB3F1DC2635C00B903B1 /* Frameworks */,
				25D9DB401DC2635C00B903B1 /* Resources */,
			);
			buildRules = (
			);
			dependencies = (
			);
			name = MJCSegmentInterface;
			productName = MJCSegmentInterface;
			productReference = 25D9DB421DC2635C00B903B1 /* MJCSegmentInterface.app */;
			productType = "com.apple.product-type.application";
		};
		25D9DB5A1DC2635C00B903B1 /* MJCSegmentInterfaceTests */ = {
			isa = PBXNativeTarget;
			buildConfigurationList = 25D9DB721DC2635C00B903B1 /* Build configuration list for PBXNativeTarget "MJCSegmentInterfaceTests" */;
			buildPhases = (
				25D9DB571DC2635C00B903B1 /* Sources */,
				25D9DB581DC2635C00B903B1 /* Frameworks */,
				25D9DB591DC2635C00B903B1 /* Resources */,
			);
			buildRules = (
			);
			dependencies = (
				25D9DB5D1DC2635C00B903B1 /* PBXTargetDependency */,
			);
			name = MJCSegmentInterfaceTests;
			productName = MJCSegmentInterfaceTests;
			productReference = 25D9DB5B1DC2635C00B903B1 /* MJCSegmentInterfaceTests.xctest */;
			productType = "com.apple.product-type.bundle.unit-test";
		};
		25D9DB651DC2635C00B903B1 /* MJCSegmentInterfaceUITests */ = {
			isa = PBXNativeTarget;
			buildConfigurationList = 25D9DB751DC2635C00B903B1 /* Build configuration list for PBXNativeTarget "MJCSegmentInterfaceUITests" */;
			buildPhases = (
				25D9DB621DC2635C00B903B1 /* Sources */,
				25D9DB631DC2635C00B903B1 /* Frameworks */,
				25D9DB641DC2635C00B903B1 /* Resources */,
			);
			buildRules = (
			);
			dependencies = (
				25D9DB681DC2635C00B903B1 /* PBXTargetDependency */,
			);
			name = MJCSegmentInterfaceUITests;
			productName = MJCSegmentInterfaceUITests;
			productReference = 25D9DB661DC2635C00B903B1 /* MJCSegmentInterfaceUITests.xctest */;
			productType = "com.apple.product-type.bundle.ui-testing";
		};
/* End PBXNativeTarget section */

/* Begin PBXProject section */
		25D9DB3A1DC2635C00B903B1 /* Project object */ = {
			isa = PBXProject;
			attributes = {
				LastUpgradeCheck = 0800;
				ORGANIZATIONNAME = MJC;
				TargetAttributes = {
					25D9DB411DC2635C00B903B1 = {
						CreatedOnToolsVersion = 8.0;
						ProvisioningStyle = Automatic;
					};
					25D9DB5A1DC2635C00B903B1 = {
						CreatedOnToolsVersion = 8.0;
						ProvisioningStyle = Automatic;
						TestTargetID = 25D9DB411DC2635C00B903B1;
					};
					25D9DB651DC2635C00B903B1 = {
						CreatedOnToolsVersion = 8.0;
						ProvisioningStyle = Automatic;
						TestTargetID = 25D9DB411DC2635C00B903B1;
					};
				};
			};
			buildConfigurationList = 25D9DB3D1DC2635C00B903B1 /* Build configuration list for PBXProject "MJCSegmentInterface" */;
			compatibilityVersion = "Xcode 3.2";
			developmentRegion = English;
			hasScannedForEncodings = 0;
			knownRegions = (
				en,
				Base,
			);
			mainGroup = 25D9DB391DC2635C00B903B1;
			productRefGroup = 25D9DB431DC2635C00B903B1 /* Products */;
			projectDirPath = "";
			projectRoot = "";
			targets = (
				25D9DB411DC2635C00B903B1 /* MJCSegmentInterface */,
				25D9DB5A1DC2635C00B903B1 /* MJCSegmentInterfaceTests */,
				25D9DB651DC2635C00B903B1 /* MJCSegmentInterfaceUITests */,
			);
		};
/* End PBXProject section */

/* Begin PBXResourcesBuildPhase section */
		25D9DB401DC2635C00B903B1 /* Resources */ = {
			isa = PBXResourcesBuildPhase;
			buildActionMask = 2147483647;
			files = (
				25A47A911DE1ECB700AE2829 /* errorblack@3x.png in Resources */,
				2555F1281DC63EFA00977EB8 /* jingdian.gif in Resources */,
				25A47A921DE1ECB700AE2829 /* errorwhite.png in Resources */,
				2555F12A1DC63EFA00977EB8 /* gezi.gif in Resources */,
				25A47A951DE1ECB700AE2829 /* infoblack.png in Resources */,
				2523F2711DC64C2A0010B617 /* tupianshuzu.gif in Resources */,
				2555F12B1DC63EFA00977EB8 /* gezichuantou.gif in Resources */,
				25D9DB551DC2635C00B903B1 /* LaunchScreen.storyboard in Resources */,
				25A47A971DE1ECB700AE2829 /* infoblack@3x.png in Resources */,
				25A47A981DE1ECB700AE2829 /* infowhite.png in Resources */,
				25A47A991DE1ECB700AE2829 /* infowhite@2x.png in Resources */,
				25D9DB521DC2635C00B903B1 /* Assets.xcassets in Resources */,
				25A47A9B1DE1ECB700AE2829 /* successblack.png in Resources */,
				2523F2721DC64C2A0010B617 /* tupianxiaoguo.gif in Resources */,
				25A47A9D1DE1ECB700AE2829 /* successblack@3x.png in Resources */,
				25F727C51DE3F1AA00574F06 /* gundonggongn.gif in Resources */,
				25A47A9E1DE1ECB700AE2829 /* successwhite.png in Resources */,
				25A47A9C1DE1ECB700AE2829 /* successblack@2x.png in Resources */,
				25A47A8F1DE1ECB700AE2829 /* errorblack.png in Resources */,
				25A47A941DE1ECB700AE2829 /* errorwhite@3x.png in Resources */,
				2523F2701DC64C2A0010B617 /* yanse.gif in Resources */,
				25A47A901DE1ECB700AE2829 /* errorblack@2x.png in Resources */,
				25A47A9F1DE1ECB700AE2829 /* successwhite@2x.png in Resources */,
				25A47A9A1DE1ECB700AE2829 /* infowhite@3x.png in Resources */,
				25D9DB501DC2635C00B903B1 /* Main.storyboard in Resources */,
				25A47A931DE1ECB700AE2829 /* errorwhite@2x .png in Resources */,
				25A47A961DE1ECB700AE2829 /* infoblack@2x.png in Resources */,
				2555F1291DC63EFA00977EB8 /* chuantou.gif in Resources */,
				25A47AA01DE1ECB700AE2829 /* successwhite@3x.png in Resources */,
			);
			runOnlyForDeploymentPostprocessing = 0;
		};
		25D9DB591DC2635C00B903B1 /* Resources */ = {
			isa = PBXResourcesBuildPhase;
			buildActionMask = 2147483647;
			files = (
			);
			runOnlyForDeploymentPostprocessing = 0;
		};
		25D9DB641DC2635C00B903B1 /* Resources */ = {
			isa = PBXResourcesBuildPhase;
			buildActionMask = 2147483647;
			files = (
			);
			runOnlyForDeploymentPostprocessing = 0;
		};
/* End PBXResourcesBuildPhase section */

/* Begin PBXSourcesBuildPhase section */
		25D9DB3E1DC2635C00B903B1 /* Sources */ = {
			isa = PBXSourcesBuildPhase;
			buildActionMask = 2147483647;
			files = (
				2555F11E1DC4A8B300977EB8 /* MJCTitlesView.m in Sources */,
				25D9DB4D1DC2635C00B903B1 /* ViewController.m in Sources */,
				2555F11F1DC4A8B300977EB8 /* MJCTopView.m in Sources */,
				25A91C671DC2FFDE0009313D /* UITestViewController.m in Sources */,
				25D9DB4A1DC2635C00B903B1 /* AppDelegate.m in Sources */,
				25A91C681DC2FFDE0009313D /* UITestViewController1.m in Sources */,
				25A91C4A1DC2FA1F0009313D /* UIView+MJCExtenSion.m in Sources */,
				25A47AA31DE1ECB700AE2829 /* UIView+MJCExtenSion.m in Sources */,
				25A91C4B1DC2FA1F0009313D /* MJCConst.m in Sources */,
				25F727C81DE401EB00574F06 /* MJCTabItemButton.m in Sources */,
				25A47AA91DE2EA1200AE2829 /* MJCTitlesScollView.m in Sources */,
				25A91C5B1DC2FFCB0009313D /* SegMentInterfaceStyleMoreUseVC.m in Sources */,
				25A91C591DC2FFCB0009313D /* SegMentInterfaceStyleExceedUseVC.m in Sources */,
				25A91C431DC2FA1F0009313D /* MJCSlideInterface.m in Sources */,
				25A91C421DC2FA1F0009313D /* MJCSegmentInterface.m in Sources */,
				25A91C691DC2FFDE0009313D /* UITestViewController2.m in Sources */,
				2555F11C1DC4A8B300977EB8 /* MJCIndicatorView.m in Sources */,
				25D9DB471DC2635C00B903B1 /* main.m in Sources */,
				25A91C581DC2FFCB0009313D /* SegMentInterfaceStyleClassicVC.m in Sources */,
				2555F11D1DC4A8B300977EB8 /* MJCRightView.m in Sources */,
				25A91C5A1DC2FFCB0009313D /* SegMentInterfaceStyleLessVC.m in Sources */,
				25A47AA11DE1ECB700AE2829 /* MJCPromptsMessage.m in Sources */,
				2555F11A1DC4A8B300977EB8 /* MJCBottomView.m in Sources */,
				25A47AA21DE1ECB700AE2829 /* MJCPromptsView.m in Sources */,
				25A91C6A1DC2FFDE0009313D /* UITestViewController3.m in Sources */,
				25A91C5C1DC2FFCB0009313D /* SegMentInterfaceStylePenetrateVC.m in Sources */,
				2555F11B1DC4A8B300977EB8 /* MJCChildScrollView.m in Sources */,
				25A91C6B1DC2FFDE0009313D /* UITestViewController4.m in Sources */,
			);
			runOnlyForDeploymentPostprocessing = 0;
		};
		25D9DB571DC2635C00B903B1 /* Sources */ = {
			isa = PBXSourcesBuildPhase;
			buildActionMask = 2147483647;
			files = (
				25D9DB601DC2635C00B903B1 /* MJCSegmentInterfaceTests.m in Sources */,
			);
			runOnlyForDeploymentPostprocessing = 0;
		};
		25D9DB621DC2635C00B903B1 /* Sources */ = {
			isa = PBXSourcesBuildPhase;
			buildActionMask = 2147483647;
			files = (
				25D9DB6B1DC2635C00B903B1 /* MJCSegmentInterfaceUITests.m in Sources */,
			);
			runOnlyForDeploymentPostprocessing = 0;
		};
/* End PBXSourcesBuildPhase section */

/* Begin PBXTargetDependency section */
		25D9DB5D1DC2635C00B903B1 /* PBXTargetDependency */ = {
			isa = PBXTargetDependency;
			target = 25D9DB411DC2635C00B903B1 /* MJCSegmentInterface */;
			targetProxy = 25D9DB5C1DC2635C00B903B1 /* PBXContainerItemProxy */;
		};
		25D9DB681DC2635C00B903B1 /* PBXTargetDependency */ = {
			isa = PBXTargetDependency;
			target = 25D9DB411DC2635C00B903B1 /* MJCSegmentInterface */;
			targetProxy = 25D9DB671DC2635C00B903B1 /* PBXContainerItemProxy */;
		};
/* End PBXTargetDependency section */

/* Begin PBXVariantGroup section */
		25D9DB4E1DC2635C00B903B1 /* Main.storyboard */ = {
			isa = PBXVariantGroup;
			children = (
				25D9DB4F1DC2635C00B903B1 /* Base */,
			);
			name = Main.storyboard;
			sourceTree = "<group>";
		};
		25D9DB531DC2635C00B903B1 /* LaunchScreen.storyboard */ = {
			isa = PBXVariantGroup;
			children = (
				25D9DB541DC2635C00B903B1 /* Base */,
			);
			name = LaunchScreen.storyboard;
			sourceTree = "<group>";
		};
/* End PBXVariantGroup section */

/* Begin XCBuildConfiguration section */
		25D9DB6D1DC2635C00B903B1 /* Debug */ = {
			isa = XCBuildConfiguration;
			buildSettings = {
				ALWAYS_SEARCH_USER_PATHS = NO;
				CLANG_ANALYZER_NONNULL = YES;
				CLANG_CXX_LANGUAGE_STANDARD = "gnu++0x";
				CLANG_CXX_LIBRARY = "libc++";
				CLANG_ENABLE_MODULES = YES;
				CLANG_ENABLE_OBJC_ARC = YES;
				CLANG_WARN_BOOL_CONVERSION = YES;
				CLANG_WARN_CONSTANT_CONVERSION = YES;
				CLANG_WARN_DIRECT_OBJC_ISA_USAGE = YES_ERROR;
				CLANG_WARN_DOCUMENTATION_COMMENTS = YES;
				CLANG_WARN_EMPTY_BODY = YES;
				CLANG_WARN_ENUM_CONVERSION = YES;
				CLANG_WARN_INFINITE_RECURSION = YES;
				CLANG_WARN_INT_CONVERSION = YES;
				CLANG_WARN_OBJC_ROOT_CLASS = YES_ERROR;
				CLANG_WARN_SUSPICIOUS_MOVES = YES;
				CLANG_WARN_UNREACHABLE_CODE = YES;
				CLANG_WARN__DUPLICATE_METHOD_MATCH = YES;
				"CODE_SIGN_IDENTITY[sdk=iphoneos*]" = "iPhone Developer";
				COPY_PHASE_STRIP = NO;
				DEBUG_INFORMATION_FORMAT = dwarf;
				ENABLE_STRICT_OBJC_MSGSEND = YES;
				ENABLE_TESTABILITY = YES;
				GCC_C_LANGUAGE_STANDARD = gnu99;
				GCC_DYNAMIC_NO_PIC = NO;
				GCC_NO_COMMON_BLOCKS = YES;
				GCC_OPTIMIZATION_LEVEL = 0;
				GCC_PREPROCESSOR_DEFINITIONS = (
					"DEBUG=1",
					"$(inherited)",
				);
				GCC_WARN_64_TO_32_BIT_CONVERSION = YES;
				GCC_WARN_ABOUT_RETURN_TYPE = YES_ERROR;
				GCC_WARN_UNDECLARED_SELECTOR = YES;
				GCC_WARN_UNINITIALIZED_AUTOS = YES_AGGRESSIVE;
				GCC_WARN_UNUSED_FUNCTION = YES;
				GCC_WARN_UNUSED_VARIABLE = YES;
				IPHONEOS_DEPLOYMENT_TARGET = 10.0;
				MTL_ENABLE_DEBUG_INFO = YES;
				ONLY_ACTIVE_ARCH = YES;
				SDKROOT = iphoneos;
			};
			name = Debug;
		};
		25D9DB6E1DC2635C00B903B1 /* Release */ = {
			isa = XCBuildConfiguration;
			buildSettings = {
				ALWAYS_SEARCH_USER_PATHS = NO;
				CLANG_ANALYZER_NONNULL = YES;
				CLANG_CXX_LANGUAGE_STANDARD = "gnu++0x";
				CLANG_CXX_LIBRARY = "libc++";
				CLANG_ENABLE_MODULES = YES;
				CLANG_ENABLE_OBJC_ARC = YES;
				CLANG_WARN_BOOL_CONVERSION = YES;
				CLANG_WARN_CONSTANT_CONVERSION = YES;
				CLANG_WARN_DIRECT_OBJC_ISA_USAGE = YES_ERROR;
				CLANG_WARN_DOCUMENTATION_COMMENTS = YES;
				CLANG_WARN_EMPTY_BODY = YES;
				CLANG_WARN_ENUM_CONVERSION = YES;
				CLANG_WARN_INFINITE_RECURSION = YES;
				CLANG_WARN_INT_CONVERSION = YES;
				CLANG_WARN_OBJC_ROOT_CLASS = YES_ERROR;
				CLANG_WARN_SUSPICIOUS_MOVES = YES;
				CLANG_WARN_UNREACHABLE_CODE = YES;
				CLANG_WARN__DUPLICATE_METHOD_MATCH = YES;
				"CODE_SIGN_IDENTITY[sdk=iphoneos*]" = "iPhone Developer";
				COPY_PHASE_STRIP = NO;
				DEBUG_INFORMATION_FORMAT = "dwarf-with-dsym";
				ENABLE_NS_ASSERTIONS = NO;
				ENABLE_STRICT_OBJC_MSGSEND = YES;
				GCC_C_LANGUAGE_STANDARD = gnu99;
				GCC_NO_COMMON_BLOCKS = YES;
				GCC_WARN_64_TO_32_BIT_CONVERSION = YES;
				GCC_WARN_ABOUT_RETURN_TYPE = YES_ERROR;
				GCC_WARN_UNDECLARED_SELECTOR = YES;
				GCC_WARN_UNINITIALIZED_AUTOS = YES_AGGRESSIVE;
				GCC_WARN_UNUSED_FUNCTION = YES;
				GCC_WARN_UNUSED_VARIABLE = YES;
				IPHONEOS_DEPLOYMENT_TARGET = 10.0;
				MTL_ENABLE_DEBUG_INFO = NO;
				SDKROOT = iphoneos;
				VALIDATE_PRODUCT = YES;
			};
			name = Release;
		};
		25D9DB701DC2635C00B903B1 /* Debug */ = {
			isa = XCBuildConfiguration;
			buildSettings = {
				ASSETCATALOG_COMPILER_APPICON_NAME = AppIcon;
				INFOPLIST_FILE = MJCSegmentInterface/Info.plist;
				LD_RUNPATH_SEARCH_PATHS = "$(inherited) @executable_path/Frameworks";
				PRODUCT_BUNDLE_IDENTIFIER = cn.MJC.MJCSegmentInterface;
				PRODUCT_NAME = "$(TARGET_NAME)";
			};
			name = Debug;
		};
		25D9DB711DC2635C00B903B1 /* Release */ = {
			isa = XCBuildConfiguration;
			buildSettings = {
				ASSETCATALOG_COMPILER_APPICON_NAME = AppIcon;
				INFOPLIST_FILE = MJCSegmentInterface/Info.plist;
				LD_RUNPATH_SEARCH_PATHS = "$(inherited) @executable_path/Frameworks";
				PRODUCT_BUNDLE_IDENTIFIER = cn.MJC.MJCSegmentInterface;
				PRODUCT_NAME = "$(TARGET_NAME)";
			};
			name = Release;
		};
		25D9DB731DC2635C00B903B1 /* Debug */ = {
			isa = XCBuildConfiguration;
			buildSettings = {
				BUNDLE_LOADER = "$(TEST_HOST)";
				INFOPLIST_FILE = MJCSegmentInterfaceTests/Info.plist;
				LD_RUNPATH_SEARCH_PATHS = "$(inherited) @executable_path/Frameworks @loader_path/Frameworks";
				PRODUCT_BUNDLE_IDENTIFIER = cn.MJC.MJCSegmentInterfaceTests;
				PRODUCT_NAME = "$(TARGET_NAME)";
				TEST_HOST = "$(BUILT_PRODUCTS_DIR)/MJCSegmentInterface.app/MJCSegmentInterface";
			};
			name = Debug;
		};
		25D9DB741DC2635C00B903B1 /* Release */ = {
			isa = XCBuildConfiguration;
			buildSettings = {
				BUNDLE_LOADER = "$(TEST_HOST)";
				INFOPLIST_FILE = MJCSegmentInterfaceTests/Info.plist;
				LD_RUNPATH_SEARCH_PATHS = "$(inherited) @executable_path/Frameworks @loader_path/Frameworks";
				PRODUCT_BUNDLE_IDENTIFIER = cn.MJC.MJCSegmentInterfaceTests;
				PRODUCT_NAME = "$(TARGET_NAME)";
				TEST_HOST = "$(BUILT_PRODUCTS_DIR)/MJCSegmentInterface.app/MJCSegmentInterface";
			};
			name = Release;
		};
		25D9DB761DC2635C00B903B1 /* Debug */ = {
			isa = XCBuildConfiguration;
			buildSettings = {
				INFOPLIST_FILE = MJCSegmentInterfaceUITests/Info.plist;
				LD_RUNPATH_SEARCH_PATHS = "$(inherited) @executable_path/Frameworks @loader_path/Frameworks";
				PRODUCT_BUNDLE_IDENTIFIER = cn.MJC.MJCSegmentInterfaceUITests;
				PRODUCT_NAME = "$(TARGET_NAME)";
				TEST_TARGET_NAME = MJCSegmentInterface;
			};
			name = Debug;
		};
		25D9DB771DC2635C00B903B1 /* Release */ = {
			isa = XCBuildConfiguration;
			buildSettings = {
				INFOPLIST_FILE = MJCSegmentInterfaceUITests/Info.plist;
				LD_RUNPATH_SEARCH_PATHS = "$(inherited) @executable_path/Frameworks @loader_path/Frameworks";
				PRODUCT_BUNDLE_IDENTIFIER = cn.MJC.MJCSegmentInterfaceUITests;
				PRODUCT_NAME = "$(TARGET_NAME)";
				TEST_TARGET_NAME = MJCSegmentInterface;
			};
			name = Release;
		};
/* End XCBuildConfiguration section */

/* Begin XCConfigurationList section */
		25D9DB3D1DC2635C00B903B1 /* Build configuration list for PBXProject "MJCSegmentInterface" */ = {
			isa = XCConfigurationList;
			buildConfigurations = (
				25D9DB6D1DC2635C00B903B1 /* Debug */,
				25D9DB6E1DC2635C00B903B1 /* Release */,
			);
			defaultConfigurationIsVisible = 0;
			defaultConfigurationName = Release;
		};
		25D9DB6F1DC2635C00B903B1 /* Build configuration list for PBXNativeTarget "MJCSegmentInterface" */ = {
			isa = XCConfigurationList;
			buildConfigurations = (
				25D9DB701DC2635C00B903B1 /* Debug */,
				25D9DB711DC2635C00B903B1 /* Release */,
			);
			defaultConfigurationIsVisible = 0;
			defaultConfigurationName = Release;
		};
		25D9DB721DC2635C00B903B1 /* Build configuration list for PBXNativeTarget "MJCSegmentInterfaceTests" */ = {
			isa = XCConfigurationList;
			buildConfigurations = (
				25D9DB731DC2635C00B903B1 /* Debug */,
				25D9DB741DC2635C00B903B1 /* Release */,
			);
			defaultConfigurationIsVisible = 0;
			defaultConfigurationName = Release;
		};
		25D9DB751DC2635C00B903B1 /* Build configuration list for PBXNativeTarget "MJCSegmentInterfaceUITests" */ = {
			isa = XCConfigurationList;
			buildConfigurations = (
				25D9DB761DC2635C00B903B1 /* Debug */,
				25D9DB771DC2635C00B903B1 /* Release */,
			);
			defaultConfigurationIsVisible = 0;
			defaultConfigurationName = Release;
		};
/* End XCConfigurationList section */
	};
	rootObject = 25D9DB3A1DC2635C00B903B1 /* Project object */;
}
