// !$*UTF8*$!
{
	archiveVersion = 1;
	classes = {
	};
	objectVersion = 46;
	objects = {

/* Begin PBXBuildFile section */
		2502461F1FBA77CC00F3AE7F /* MJCSegmentStylesTools.m in Sources */ = {isa = PBXBuildFile; fileRef = 2502461D1FBA77CC00F3AE7F /* MJCSegmentStylesTools.m */; };
		250396FD1FA8593F00282F34 /* MJCDemoClassicVC2.m in Sources */ = {isa = PBXBuildFile; fileRef = 250396FC1FA8593F00282F34 /* MJCDemoClassicVC2.m */; };
		250F5E461F2B2D3100B8014A /* MJCChildMainView.m in Sources */ = {isa = PBXBuildFile; fileRef = 250F5E3F1F2B2D3100B8014A /* MJCChildMainView.m */; };
		250F5E471F2B2D3100B8014A /* MJCIndicatorView.m in Sources */ = {isa = PBXBuildFile; fileRef = 250F5E411F2B2D3100B8014A /* MJCIndicatorView.m */; };
		250F5E481F2B2D3100B8014A /* MJCTabItem.m in Sources */ = {isa = PBXBuildFile; fileRef = 250F5E431F2B2D3100B8014A /* MJCTabItem.m */; };
		250F5E491F2B2D3100B8014A /* MJCTitlesView.m in Sources */ = {isa = PBXBuildFile; fileRef = 250F5E451F2B2D3100B8014A /* MJCTitlesView.m */; };
		250F5E5B1F2B2D8400B8014A /* MJCAlertMessage.m in Sources */ = {isa = PBXBuildFile; fileRef = 250F5E4C1F2B2D8300B8014A /* MJCAlertMessage.m */; };
		250F5E5C1F2B2D8400B8014A /* MJCCommonTools.m in Sources */ = {isa = PBXBuildFile; fileRef = 250F5E4E1F2B2D8300B8014A /* MJCCommonTools.m */; };
		250F5E5D1F2B2D8400B8014A /* MJCOrdinaryLayout.m in Sources */ = {isa = PBXBuildFile; fileRef = 250F5E501F2B2D8400B8014A /* MJCOrdinaryLayout.m */; };
		250F5E5F1F2B2D8400B8014A /* UIButton+MJCClassExtension.m in Sources */ = {isa = PBXBuildFile; fileRef = 250F5E541F2B2D8400B8014A /* UIButton+MJCClassExtension.m */; };
		250F5E601F2B2D8400B8014A /* UIColor+MJCClassExtension.m in Sources */ = {isa = PBXBuildFile; fileRef = 250F5E561F2B2D8400B8014A /* UIColor+MJCClassExtension.m */; };
		250F5E621F2B2D8400B8014A /* UIView+MJCClassExtension.m in Sources */ = {isa = PBXBuildFile; fileRef = 250F5E5A1F2B2D8400B8014A /* UIView+MJCClassExtension.m */; };
		253300192047A41800EFB5C9 /* MJCTestChildViewVC.m in Sources */ = {isa = PBXBuildFile; fileRef = 253300182047A41800EFB5C9 /* MJCTestChildViewVC.m */; };
		2534B97921ABDB94000557B9 /* MJCSoecialDemoVC16.m in Sources */ = {isa = PBXBuildFile; fileRef = 2534B97821ABDB94000557B9 /* MJCSoecialDemoVC16.m */; };
		2541CB1F1FA03A52003E756F /* MJCOtherAppDemo.m in Sources */ = {isa = PBXBuildFile; fileRef = 2541CB1E1FA03A52003E756F /* MJCOtherAppDemo.m */; };
		2541CB211FA03AF1003E756F /* otherApp.plist in Resources */ = {isa = PBXBuildFile; fileRef = 2541CB201FA03AF1003E756F /* otherApp.plist */; };
		2541CB241FA03BB5003E756F /* MJCOtherAppDemo0.m in Sources */ = {isa = PBXBuildFile; fileRef = 2541CB231FA03BB5003E756F /* MJCOtherAppDemo0.m */; };
		2541CB271FA07504003E756F /* MJCOtherAppDemo1.m in Sources */ = {isa = PBXBuildFile; fileRef = 2541CB261FA07504003E756F /* MJCOtherAppDemo1.m */; };
		2541CB291FA09285003E756F /* duowanData.plist in Resources */ = {isa = PBXBuildFile; fileRef = 2541CB281FA09285003E756F /* duowanData.plist */; };
		2541CB2C1FA1B460003E756F /* MJCOtherAppDemo2.m in Sources */ = {isa = PBXBuildFile; fileRef = 2541CB2B1FA1B460003E756F /* MJCOtherAppDemo2.m */; };
		2541CB2E1FA1B633003E756F /* jinritoutiaoData.plist in Resources */ = {isa = PBXBuildFile; fileRef = 2541CB2D1FA1B633003E756F /* jinritoutiaoData.plist */; };
		2541CB301FA1D929003E756F /* tengxunxinwenData.plist in Resources */ = {isa = PBXBuildFile; fileRef = 2541CB2F1FA1D929003E756F /* tengxunxinwenData.plist */; };
		2541CB331FA1DAF5003E756F /* MJCOtherAppDemo3.m in Sources */ = {isa = PBXBuildFile; fileRef = 2541CB321FA1DAF5003E756F /* MJCOtherAppDemo3.m */; };
		2542DB131FBC1E8800480B49 /* MJCSoecialDemoVC13.m in Sources */ = {isa = PBXBuildFile; fileRef = 2542DB121FBC1E8800480B49 /* MJCSoecialDemoVC13.m */; };
		2542DB161FBC214B00480B49 /* MJCSoecialDemoVC14.m in Sources */ = {isa = PBXBuildFile; fileRef = 2542DB151FBC214B00480B49 /* MJCSoecialDemoVC14.m */; };
		256E47081F408F3A009BD143 /* demo1.gif in Resources */ = {isa = PBXBuildFile; fileRef = 256E47071F408F3A009BD143 /* demo1.gif */; };
		257033FA1F5D367C00132A8F /* MJCSoecialDemoVC8.m in Sources */ = {isa = PBXBuildFile; fileRef = 257033F91F5D367C00132A8F /* MJCSoecialDemoVC8.m */; };
		257033FD1F5D3D6500132A8F /* ViewController.m in Sources */ = {isa = PBXBuildFile; fileRef = 257033FC1F5D3D6500132A8F /* ViewController.m */; };
		257034001F5D3D6B00132A8F /* MJCInterfaceTools.m in Sources */ = {isa = PBXBuildFile; fileRef = 257033FF1F5D3D6B00132A8F /* MJCInterfaceTools.m */; };
		257034031F5FD2D100132A8F /* MJCSoecialDemoVC9.m in Sources */ = {isa = PBXBuildFile; fileRef = 257034021F5FD2D100132A8F /* MJCSoecialDemoVC9.m */; };
		257034071F5FD76700132A8F /* MJCTestPushVC.m in Sources */ = {isa = PBXBuildFile; fileRef = 257034051F5FD76700132A8F /* MJCTestPushVC.m */; };
		257034081F5FD76700132A8F /* MJCTestPushVC.xib in Resources */ = {isa = PBXBuildFile; fileRef = 257034061F5FD76700132A8F /* MJCTestPushVC.xib */; };
		2570340D1F601D0A00132A8F /* MJCSoecialDemoVC10.m in Sources */ = {isa = PBXBuildFile; fileRef = 2570340C1F601D0A00132A8F /* MJCSoecialDemoVC10.m */; };
		257034101F6430E700132A8F /* MJCDemoClassicVC1.m in Sources */ = {isa = PBXBuildFile; fileRef = 2570340F1F6430E700132A8F /* MJCDemoClassicVC1.m */; };
		2572168F1F34461E00A1EF49 /* MJCTestCollectVC.m in Sources */ = {isa = PBXBuildFile; fileRef = 2572168E1F34461E00A1EF49 /* MJCTestCollectVC.m */; };
		257216911F34465E00A1EF49 /* collectionData.plist in Resources */ = {isa = PBXBuildFile; fileRef = 257216901F34465E00A1EF49 /* collectionData.plist */; };
		2589DBCE20720C790085D255 /* MJCSoecialDemoVC15.m in Sources */ = {isa = PBXBuildFile; fileRef = 2589DBCD20720C790085D255 /* MJCSoecialDemoVC15.m */; };
		25A407F81FEA1248002C3130 /* demo11.gif in Resources */ = {isa = PBXBuildFile; fileRef = 25A407F71FEA1248002C3130 /* demo11.gif */; };
		25A407FA1FEA383C002C3130 /* demo9.gif in Resources */ = {isa = PBXBuildFile; fileRef = 25A407F91FEA383C002C3130 /* demo9.gif */; };
		25A407FC1FEA388D002C3130 /* demo8.gif in Resources */ = {isa = PBXBuildFile; fileRef = 25A407FB1FEA388D002C3130 /* demo8.gif */; };
		25A407FE1FEA38BC002C3130 /* demo10.gif in Resources */ = {isa = PBXBuildFile; fileRef = 25A407FD1FEA38BC002C3130 /* demo10.gif */; };
		25BFF4DC1F7E1ACF00642BD8 /* MJCSoecialDemoVC11.m in Sources */ = {isa = PBXBuildFile; fileRef = 25BFF4DA1F7E1ACF00642BD8 /* MJCSoecialDemoVC11.m */; };
		25BFF4DD1F7E1ACF00642BD8 /* MJCSoecialDemoVC11.xib in Resources */ = {isa = PBXBuildFile; fileRef = 25BFF4DB1F7E1ACF00642BD8 /* MJCSoecialDemoVC11.xib */; };
		25D3C2821F3F386100921F1E /* demo0.gif in Resources */ = {isa = PBXBuildFile; fileRef = 25D3C2811F3F386100921F1E /* demo0.gif */; };
		25D3C2861F3F5D9200921F1E /* demo2.gif in Resources */ = {isa = PBXBuildFile; fileRef = 25D3C2851F3F5D9200921F1E /* demo2.gif */; };
		25D3C28A1F3F5F6E00921F1E /* demo3.gif in Resources */ = {isa = PBXBuildFile; fileRef = 25D3C2891F3F5F6E00921F1E /* demo3.gif */; };
		25D3C28C1F3F613600921F1E /* demo5.gif in Resources */ = {isa = PBXBuildFile; fileRef = 25D3C28B1F3F613600921F1E /* demo5.gif */; };
		25D3C28E1F3F616200921F1E /* demo4.gif in Resources */ = {isa = PBXBuildFile; fileRef = 25D3C28D1F3F616200921F1E /* demo4.gif */; };
		25D3C2901F3F61D300921F1E /* demo6.gif in Resources */ = {isa = PBXBuildFile; fileRef = 25D3C28F1F3F61D300921F1E /* demo6.gif */; };
		25D3C2921F3F623100921F1E /* demo7.gif in Resources */ = {isa = PBXBuildFile; fileRef = 25D3C2911F3F623100921F1E /* demo7.gif */; };
		25D678601FA2CD9B00D699D0 /* MJCOtherAppDemo4.m in Sources */ = {isa = PBXBuildFile; fileRef = 25D6785F1FA2CD9B00D699D0 /* MJCOtherAppDemo4.m */; };
		25D678631FA2D74500D699D0 /* MJCOtherAppDemo5.m in Sources */ = {isa = PBXBuildFile; fileRef = 25D678621FA2D74500D699D0 /* MJCOtherAppDemo5.m */; };
		25D678661FA2D74C00D699D0 /* MJCOtherAppDemo6.m in Sources */ = {isa = PBXBuildFile; fileRef = 25D678651FA2D74C00D699D0 /* MJCOtherAppDemo6.m */; };
		25D678681FA3023700D699D0 /* taobao.plist in Resources */ = {isa = PBXBuildFile; fileRef = 25D678671FA3023700D699D0 /* taobao.plist */; };
		25D9DB471DC2635C00B903B1 /* main.m in Sources */ = {isa = PBXBuildFile; fileRef = 25D9DB461DC2635C00B903B1 /* main.m */; };
		25D9DB4A1DC2635C00B903B1 /* AppDelegate.m in Sources */ = {isa = PBXBuildFile; fileRef = 25D9DB491DC2635C00B903B1 /* AppDelegate.m */; };
		25D9DB501DC2635C00B903B1 /* Main.storyboard in Resources */ = {isa = PBXBuildFile; fileRef = 25D9DB4E1DC2635C00B903B1 /* Main.storyboard */; };
		25D9DB521DC2635C00B903B1 /* Assets.xcassets in Resources */ = {isa = PBXBuildFile; fileRef = 25D9DB511DC2635C00B903B1 /* Assets.xcassets */; };
		25D9DB551DC2635C00B903B1 /* LaunchScreen.storyboard in Resources */ = {isa = PBXBuildFile; fileRef = 25D9DB531DC2635C00B903B1 /* LaunchScreen.storyboard */; };
		25D9DB601DC2635C00B903B1 /* MJCSegmentInterfaceTests.m in Sources */ = {isa = PBXBuildFile; fileRef = 25D9DB5F1DC2635C00B903B1 /* MJCSegmentInterfaceTests.m */; };
		25D9DB6B1DC2635C00B903B1 /* MJCSegmentInterfaceUITests.m in Sources */ = {isa = PBXBuildFile; fileRef = 25D9DB6A1DC2635C00B903B1 /* MJCSegmentInterfaceUITests.m */; };
		25E673B51FA32F8D00F51B3E /* MJCOtherAppDemo7.m in Sources */ = {isa = PBXBuildFile; fileRef = 25E673B41FA32F8D00F51B3E /* MJCOtherAppDemo7.m */; };
		25E822CD1F0CE35F00FB305F /* defaultStyleVCData.plist in Resources */ = {isa = PBXBuildFile; fileRef = 25E822C91F0CE35F00FB305F /* defaultStyleVCData.plist */; };
		25E822E91F0CE38200FB305F /* MJCTestTableViewController.m in Sources */ = {isa = PBXBuildFile; fileRef = 25E822DD1F0CE38200FB305F /* MJCTestTableViewController.m */; };
		25E822EA1F0CE38200FB305F /* MJCTestViewController.m in Sources */ = {isa = PBXBuildFile; fileRef = 25E822DF1F0CE38200FB305F /* MJCTestViewController.m */; };
		25E822EB1F0CE38200FB305F /* MJCTestViewController.xib in Resources */ = {isa = PBXBuildFile; fileRef = 25E822E01F0CE38200FB305F /* MJCTestViewController.xib */; };
		25E822EC1F0CE38200FB305F /* MJCTestViewController1.m in Sources */ = {isa = PBXBuildFile; fileRef = 25E822E21F0CE38200FB305F /* MJCTestViewController1.m */; };
		25E822ED1F0CE38200FB305F /* MJCTestViewController1.xib in Resources */ = {isa = PBXBuildFile; fileRef = 25E822E31F0CE38200FB305F /* MJCTestViewController1.xib */; };
		25E823001F0CE39700FB305F /* MJCSegmentInterface.m in Sources */ = {isa = PBXBuildFile; fileRef = 25E822F61F0CE39700FB305F /* MJCSegmentInterface.m */; };
		25E887FD1F56DD4100F0B4C9 /* nonRollingVCData .plist in Resources */ = {isa = PBXBuildFile; fileRef = 25E887FC1F56DD4100F0B4C9 /* nonRollingVCData .plist */; };
		25E887FF1F56DDB000F0B4C9 /* specialVCData.plist in Resources */ = {isa = PBXBuildFile; fileRef = 25E887FE1F56DDB000F0B4C9 /* specialVCData.plist */; };
		25E888021F56E49700F0B4C9 /* MJCSpecialDemoVC3.m in Sources */ = {isa = PBXBuildFile; fileRef = 25E888011F56E49700F0B4C9 /* MJCSpecialDemoVC3.m */; };
		25E888051F56E95400F0B4C9 /* MJCDemoVC4.m in Sources */ = {isa = PBXBuildFile; fileRef = 25E888041F56E95400F0B4C9 /* MJCDemoVC4.m */; };
		25EBD0CE1F57EB6C00AF38C6 /* MJCSoecialDemoVC4.m in Sources */ = {isa = PBXBuildFile; fileRef = 25EBD0CD1F57EB6C00AF38C6 /* MJCSoecialDemoVC4.m */; };
		25EBD0D11F57EBB000AF38C6 /* MJCSoecialDemoVC5.m in Sources */ = {isa = PBXBuildFile; fileRef = 25EBD0D01F57EBB000AF38C6 /* MJCSoecialDemoVC5.m */; };
		25EBD0D41F57F0B700AF38C6 /* MJCSoecialDemoVC6.m in Sources */ = {isa = PBXBuildFile; fileRef = 25EBD0D31F57F0B700AF38C6 /* MJCSoecialDemoVC6.m */; };
		25EBD0DF1F57FD1000AF38C6 /* MJCScrollStyleMainVC.m in Sources */ = {isa = PBXBuildFile; fileRef = 25EBD0DE1F57FD1000AF38C6 /* MJCScrollStyleMainVC.m */; };
		25EBD0E31F57FD1F00AF38C6 /* MJCClassicMainVC.m in Sources */ = {isa = PBXBuildFile; fileRef = 25EBD0E21F57FD1F00AF38C6 /* MJCClassicMainVC.m */; };
		25EBD0E71F57FD2C00AF38C6 /* MJCSpecialMainVC.m in Sources */ = {isa = PBXBuildFile; fileRef = 25EBD0E61F57FD2C00AF38C6 /* MJCSpecialMainVC.m */; };
		25EBD0EA1F58FAD700AF38C6 /* MJCSoecialDemoVC7.m in Sources */ = {isa = PBXBuildFile; fileRef = 25EBD0E91F58FAD700AF38C6 /* MJCSoecialDemoVC7.m */; };
		25F037511F56A02800B208CD /* jiameng.plist in Resources */ = {isa = PBXBuildFile; fileRef = 25F037501F56A02700B208CD /* jiameng.plist */; };
		25F037591F56D06D00B208CD /* mainVCData.plist in Resources */ = {isa = PBXBuildFile; fileRef = 25F037581F56D06D00B208CD /* mainVCData.plist */; };
		25F037BA1F56D8C400B208CD /* MJCDemoVC0.m in Sources */ = {isa = PBXBuildFile; fileRef = 25F037981F56D8C400B208CD /* MJCDemoVC0.m */; };
		25F037BB1F56D8C400B208CD /* MJCDemoVC8.m in Sources */ = {isa = PBXBuildFile; fileRef = 25F0379A1F56D8C400B208CD /* MJCDemoVC8.m */; };
		25F037BC1F56D8C400B208CD /* MJCDemoVC9.m in Sources */ = {isa = PBXBuildFile; fileRef = 25F0379C1F56D8C400B208CD /* MJCDemoVC9.m */; };
		25F037BD1F56D8C400B208CD /* MJCDemoVC1.m in Sources */ = {isa = PBXBuildFile; fileRef = 25F0379E1F56D8C400B208CD /* MJCDemoVC1.m */; };
		25F037BE1F56D8C400B208CD /* MJCDemoVC2.m in Sources */ = {isa = PBXBuildFile; fileRef = 25F037A01F56D8C400B208CD /* MJCDemoVC2.m */; };
		25F037BF1F56D8C400B208CD /* MJCDemoVC3.m in Sources */ = {isa = PBXBuildFile; fileRef = 25F037A21F56D8C400B208CD /* MJCDemoVC3.m */; };
		25F037C11F56D8C400B208CD /* MJCDemoVC5.m in Sources */ = {isa = PBXBuildFile; fileRef = 25F037A61F56D8C400B208CD /* MJCDemoVC5.m */; };
		25F037C21F56D8C400B208CD /* MJCDemoVC6.m in Sources */ = {isa = PBXBuildFile; fileRef = 25F037A81F56D8C400B208CD /* MJCDemoVC6.m */; };
		25F037C31F56D8C400B208CD /* MJCDemoVC7.m in Sources */ = {isa = PBXBuildFile; fileRef = 25F037AA1F56D8C400B208CD /* MJCDemoVC7.m */; };
		25F037C51F56D8C400B208CD /* MJCSpecialDemoVC0.m in Sources */ = {isa = PBXBuildFile; fileRef = 25F037B01F56D8C400B208CD /* MJCSpecialDemoVC0.m */; };
		25F037C61F56D8C400B208CD /* MJCSpecialDemoVC1.m in Sources */ = {isa = PBXBuildFile; fileRef = 25F037B21F56D8C400B208CD /* MJCSpecialDemoVC1.m */; };
		25F037C71F56D8C400B208CD /* MJCSpecialDemoVC2.m in Sources */ = {isa = PBXBuildFile; fileRef = 25F037B41F56D8C400B208CD /* MJCSpecialDemoVC2.m */; };
		25F037C81F56D8C400B208CD /* MJCSpecialDemoVC2.xib in Resources */ = {isa = PBXBuildFile; fileRef = 25F037B51F56D8C400B208CD /* MJCSpecialDemoVC2.xib */; };
		25F037C91F56D8C400B208CD /* MJCDemoClassicVC.m in Sources */ = {isa = PBXBuildFile; fileRef = 25F037B91F56D8C400B208CD /* MJCDemoClassicVC.m */; };
		25F66F641F8CC6AF00A478D3 /* MJCSoecialDemoVC12.m in Sources */ = {isa = PBXBuildFile; fileRef = 25F66F631F8CC6AF00A478D3 /* MJCSoecialDemoVC12.m */; };
		25FD292C27DF37590040A02A /* MJCTestDemo100.m in Sources */ = {isa = PBXBuildFile; fileRef = 25FD292B27DF37590040A02A /* MJCTestDemo100.m */; };
		EFFE3A3A071E655AAB9054B9 /* libPods-MJCSegmentInterface.a in Frameworks */ = {isa = PBXBuildFile; fileRef = BCD4EF3B9C05F6FF768C87F2 /* libPods-MJCSegmentInterface.a */; };
/* End PBXBuildFile section */

/* Begin PBXContainerItemProxy section */
		25D9DB5C1DC2635C00B903B1 /* PBXContainerItemProxy */ = {
			isa = PBXContainerItemProxy;
			containerPortal = 25D9DB3A1DC2635C00B903B1 /* Project object */;
			proxyType = 1;
			remoteGlobalIDString = 25D9DB411DC2635C00B903B1;
			remoteInfo = MJCSegmentInterface;
		};
		25D9DB671DC2635C00B903B1 /* PBXContainerItemProxy */ = {
			isa = PBXContainerItemProxy;
			containerPortal = 25D9DB3A1DC2635C00B903B1 /* Project object */;
			proxyType = 1;
			remoteGlobalIDString = 25D9DB411DC2635C00B903B1;
			remoteInfo = MJCSegmentInterface;
		};
/* End PBXContainerItemProxy section */

/* Begin PBXFileReference section */
		08FA5BA61A1C20E09ED0D83F /* Pods-MJCSegmentInterface.release.xcconfig */ = {isa = PBXFileReference; includeInIndex = 1; lastKnownFileType = text.xcconfig; name = "Pods-MJCSegmentInterface.release.xcconfig"; path = "Pods/Target Support Files/Pods-MJCSegmentInterface/Pods-MJCSegmentInterface.release.xcconfig"; sourceTree = "<group>"; };
		1C1649F3D1BD3EB7F0BE8AAD /* Pods-MJCSegmentInterface.debug.xcconfig */ = {isa = PBXFileReference; includeInIndex = 1; lastKnownFileType = text.xcconfig; name = "Pods-MJCSegmentInterface.debug.xcconfig"; path = "Pods/Target Support Files/Pods-MJCSegmentInterface/Pods-MJCSegmentInterface.debug.xcconfig"; sourceTree = "<group>"; };
		2502461D1FBA77CC00F3AE7F /* MJCSegmentStylesTools.m */ = {isa = PBXFileReference; lastKnownFileType = sourcecode.c.objc; path = MJCSegmentStylesTools.m; sourceTree = "<group>"; };
		2502461E1FBA77CC00F3AE7F /* MJCSegmentStylesTools.h */ = {isa = PBXFileReference; lastKnownFileType = sourcecode.c.h; path = MJCSegmentStylesTools.h; sourceTree = "<group>"; };
		250396FB1FA8593F00282F34 /* MJCDemoClassicVC2.h */ = {isa = PBXFileReference; lastKnownFileType = sourcecode.c.h; path = MJCDemoClassicVC2.h; sourceTree = "<group>"; };
		250396FC1FA8593F00282F34 /* MJCDemoClassicVC2.m */ = {isa = PBXFileReference; lastKnownFileType = sourcecode.c.objc; path = MJCDemoClassicVC2.m; sourceTree = "<group>"; };
		250F5E3E1F2B2D3100B8014A /* MJCChildMainView.h */ = {isa = PBXFileReference; fileEncoding = 4; lastKnownFileType = sourcecode.c.h; path = MJCChildMainView.h; sourceTree = "<group>"; };
		250F5E3F1F2B2D3100B8014A /* MJCChildMainView.m */ = {isa = PBXFileReference; fileEncoding = 4; lastKnownFileType = sourcecode.c.objc; path = MJCChildMainView.m; sourceTree = "<group>"; };
		250F5E401F2B2D3100B8014A /* MJCIndicatorView.h */ = {isa = PBXFileReference; fileEncoding = 4; lastKnownFileType = sourcecode.c.h; path = MJCIndicatorView.h; sourceTree = "<group>"; };
		250F5E411F2B2D3100B8014A /* MJCIndicatorView.m */ = {isa = PBXFileReference; fileEncoding = 4; lastKnownFileType = sourcecode.c.objc; path = MJCIndicatorView.m; sourceTree = "<group>"; };
		250F5E421F2B2D3100B8014A /* MJCTabItem.h */ = {isa = PBXFileReference; fileEncoding = 4; lastKnownFileType = sourcecode.c.h; path = MJCTabItem.h; sourceTree = "<group>"; };
		250F5E431F2B2D3100B8014A /* MJCTabItem.m */ = {isa = PBXFileReference; fileEncoding = 4; lastKnownFileType = sourcecode.c.objc; path = MJCTabItem.m; sourceTree = "<group>"; };
		250F5E441F2B2D3100B8014A /* MJCTitlesView.h */ = {isa = PBXFileReference; fileEncoding = 4; lastKnownFileType = sourcecode.c.h; path = MJCTitlesView.h; sourceTree = "<group>"; };
		250F5E451F2B2D3100B8014A /* MJCTitlesView.m */ = {isa = PBXFileReference; fileEncoding = 4; lastKnownFileType = sourcecode.c.objc; path = MJCTitlesView.m; sourceTree = "<group>"; };
		250F5E4B1F2B2D8300B8014A /* MJCAlertMessage.h */ = {isa = PBXFileReference; fileEncoding = 4; lastKnownFileType = sourcecode.c.h; path = MJCAlertMessage.h; sourceTree = "<group>"; };
		250F5E4C1F2B2D8300B8014A /* MJCAlertMessage.m */ = {isa = PBXFileReference; fileEncoding = 4; lastKnownFileType = sourcecode.c.objc; path = MJCAlertMessage.m; sourceTree = "<group>"; };
		250F5E4D1F2B2D8300B8014A /* MJCCommonTools.h */ = {isa = PBXFileReference; fileEncoding = 4; lastKnownFileType = sourcecode.c.h; path = MJCCommonTools.h; sourceTree = "<group>"; };
		250F5E4E1F2B2D8300B8014A /* MJCCommonTools.m */ = {isa = PBXFileReference; fileEncoding = 4; lastKnownFileType = sourcecode.c.objc; path = MJCCommonTools.m; sourceTree = "<group>"; };
		250F5E4F1F2B2D8400B8014A /* MJCOrdinaryLayout.h */ = {isa = PBXFileReference; fileEncoding = 4; lastKnownFileType = sourcecode.c.h; path = MJCOrdinaryLayout.h; sourceTree = "<group>"; };
		250F5E501F2B2D8400B8014A /* MJCOrdinaryLayout.m */ = {isa = PBXFileReference; fileEncoding = 4; lastKnownFileType = sourcecode.c.objc; path = MJCOrdinaryLayout.m; sourceTree = "<group>"; };
		250F5E531F2B2D8400B8014A /* UIButton+MJCClassExtension.h */ = {isa = PBXFileReference; fileEncoding = 4; lastKnownFileType = sourcecode.c.h; path = "UIButton+MJCClassExtension.h"; sourceTree = "<group>"; };
		250F5E541F2B2D8400B8014A /* UIButton+MJCClassExtension.m */ = {isa = PBXFileReference; fileEncoding = 4; lastKnownFileType = sourcecode.c.objc; path = "UIButton+MJCClassExtension.m"; sourceTree = "<group>"; };
		250F5E551F2B2D8400B8014A /* UIColor+MJCClassExtension.h */ = {isa = PBXFileReference; fileEncoding = 4; lastKnownFileType = sourcecode.c.h; path = "UIColor+MJCClassExtension.h"; sourceTree = "<group>"; };
		250F5E561F2B2D8400B8014A /* UIColor+MJCClassExtension.m */ = {isa = PBXFileReference; fileEncoding = 4; lastKnownFileType = sourcecode.c.objc; path = "UIColor+MJCClassExtension.m"; sourceTree = "<group>"; };
		250F5E591F2B2D8400B8014A /* UIView+MJCClassExtension.h */ = {isa = PBXFileReference; fileEncoding = 4; lastKnownFileType = sourcecode.c.h; path = "UIView+MJCClassExtension.h"; sourceTree = "<group>"; };
		250F5E5A1F2B2D8400B8014A /* UIView+MJCClassExtension.m */ = {isa = PBXFileReference; fileEncoding = 4; lastKnownFileType = sourcecode.c.objc; path = "UIView+MJCClassExtension.m"; sourceTree = "<group>"; };
		253300172047A41800EFB5C9 /* MJCTestChildViewVC.h */ = {isa = PBXFileReference; lastKnownFileType = sourcecode.c.h; path = MJCTestChildViewVC.h; sourceTree = "<group>"; };
		253300182047A41800EFB5C9 /* MJCTestChildViewVC.m */ = {isa = PBXFileReference; lastKnownFileType = sourcecode.c.objc; path = MJCTestChildViewVC.m; sourceTree = "<group>"; };
		2534B97721ABDB94000557B9 /* MJCSoecialDemoVC16.h */ = {isa = PBXFileReference; lastKnownFileType = sourcecode.c.h; path = MJCSoecialDemoVC16.h; sourceTree = "<group>"; };
		2534B97821ABDB94000557B9 /* MJCSoecialDemoVC16.m */ = {isa = PBXFileReference; lastKnownFileType = sourcecode.c.objc; path = MJCSoecialDemoVC16.m; sourceTree = "<group>"; };
		2541CB1D1FA03A52003E756F /* MJCOtherAppDemo.h */ = {isa = PBXFileReference; lastKnownFileType = sourcecode.c.h; path = MJCOtherAppDemo.h; sourceTree = "<group>"; };
		2541CB1E1FA03A52003E756F /* MJCOtherAppDemo.m */ = {isa = PBXFileReference; lastKnownFileType = sourcecode.c.objc; path = MJCOtherAppDemo.m; sourceTree = "<group>"; };
		2541CB201FA03AF1003E756F /* otherApp.plist */ = {isa = PBXFileReference; lastKnownFileType = text.plist.xml; path = otherApp.plist; sourceTree = "<group>"; };
		2541CB221FA03BB5003E756F /* MJCOtherAppDemo0.h */ = {isa = PBXFileReference; lastKnownFileType = sourcecode.c.h; path = MJCOtherAppDemo0.h; sourceTree = "<group>"; };
		2541CB231FA03BB5003E756F /* MJCOtherAppDemo0.m */ = {isa = PBXFileReference; lastKnownFileType = sourcecode.c.objc; path = MJCOtherAppDemo0.m; sourceTree = "<group>"; };
		2541CB251FA07504003E756F /* MJCOtherAppDemo1.h */ = {isa = PBXFileReference; lastKnownFileType = sourcecode.c.h; path = MJCOtherAppDemo1.h; sourceTree = "<group>"; };
		2541CB261FA07504003E756F /* MJCOtherAppDemo1.m */ = {isa = PBXFileReference; lastKnownFileType = sourcecode.c.objc; path = MJCOtherAppDemo1.m; sourceTree = "<group>"; };
		2541CB281FA09285003E756F /* duowanData.plist */ = {isa = PBXFileReference; lastKnownFileType = text.plist.xml; path = duowanData.plist; sourceTree = "<group>"; };
		2541CB2A1FA1B460003E756F /* MJCOtherAppDemo2.h */ = {isa = PBXFileReference; lastKnownFileType = sourcecode.c.h; path = MJCOtherAppDemo2.h; sourceTree = "<group>"; };
		2541CB2B1FA1B460003E756F /* MJCOtherAppDemo2.m */ = {isa = PBXFileReference; lastKnownFileType = sourcecode.c.objc; path = MJCOtherAppDemo2.m; sourceTree = "<group>"; };
		2541CB2D1FA1B633003E756F /* jinritoutiaoData.plist */ = {isa = PBXFileReference; lastKnownFileType = text.plist.xml; path = jinritoutiaoData.plist; sourceTree = "<group>"; };
		2541CB2F1FA1D929003E756F /* tengxunxinwenData.plist */ = {isa = PBXFileReference; lastKnownFileType = text.plist.xml; path = tengxunxinwenData.plist; sourceTree = "<group>"; };
		2541CB311FA1DAF5003E756F /* MJCOtherAppDemo3.h */ = {isa = PBXFileReference; lastKnownFileType = sourcecode.c.h; path = MJCOtherAppDemo3.h; sourceTree = "<group>"; };
		2541CB321FA1DAF5003E756F /* MJCOtherAppDemo3.m */ = {isa = PBXFileReference; lastKnownFileType = sourcecode.c.objc; path = MJCOtherAppDemo3.m; sourceTree = "<group>"; };
		2542DB111FBC1E8800480B49 /* MJCSoecialDemoVC13.h */ = {isa = PBXFileReference; lastKnownFileType = sourcecode.c.h; path = MJCSoecialDemoVC13.h; sourceTree = "<group>"; };
		2542DB121FBC1E8800480B49 /* MJCSoecialDemoVC13.m */ = {isa = PBXFileReference; lastKnownFileType = sourcecode.c.objc; path = MJCSoecialDemoVC13.m; sourceTree = "<group>"; };
		2542DB141FBC214B00480B49 /* MJCSoecialDemoVC14.h */ = {isa = PBXFileReference; lastKnownFileType = sourcecode.c.h; path = MJCSoecialDemoVC14.h; sourceTree = "<group>"; };
		2542DB151FBC214B00480B49 /* MJCSoecialDemoVC14.m */ = {isa = PBXFileReference; lastKnownFileType = sourcecode.c.objc; path = MJCSoecialDemoVC14.m; sourceTree = "<group>"; };
		256BD8941E037D52005185C9 /* MJCPrefixHeader.pch */ = {isa = PBXFileReference; lastKnownFileType = sourcecode.c.h; path = MJCPrefixHeader.pch; sourceTree = "<group>"; };
		256E47071F408F3A009BD143 /* demo1.gif */ = {isa = PBXFileReference; lastKnownFileType = image.gif; path = demo1.gif; sourceTree = "<group>"; };
		257033F81F5D367C00132A8F /* MJCSoecialDemoVC8.h */ = {isa = PBXFileReference; fileEncoding = 4; lastKnownFileType = sourcecode.c.h; path = MJCSoecialDemoVC8.h; sourceTree = "<group>"; };
		257033F91F5D367C00132A8F /* MJCSoecialDemoVC8.m */ = {isa = PBXFileReference; fileEncoding = 4; lastKnownFileType = sourcecode.c.objc; path = MJCSoecialDemoVC8.m; sourceTree = "<group>"; };
		257033FB1F5D3D6500132A8F /* ViewController.h */ = {isa = PBXFileReference; fileEncoding = 4; lastKnownFileType = sourcecode.c.h; path = ViewController.h; sourceTree = "<group>"; };
		257033FC1F5D3D6500132A8F /* ViewController.m */ = {isa = PBXFileReference; fileEncoding = 4; lastKnownFileType = sourcecode.c.objc; path = ViewController.m; sourceTree = "<group>"; };
		257033FE1F5D3D6B00132A8F /* MJCInterfaceTools.h */ = {isa = PBXFileReference; fileEncoding = 4; lastKnownFileType = sourcecode.c.h; path = MJCInterfaceTools.h; sourceTree = "<group>"; };
		257033FF1F5D3D6B00132A8F /* MJCInterfaceTools.m */ = {isa = PBXFileReference; fileEncoding = 4; lastKnownFileType = sourcecode.c.objc; path = MJCInterfaceTools.m; sourceTree = "<group>"; };
		257034011F5FD2D100132A8F /* MJCSoecialDemoVC9.h */ = {isa = PBXFileReference; fileEncoding = 4; lastKnownFileType = sourcecode.c.h; path = MJCSoecialDemoVC9.h; sourceTree = "<group>"; };
		257034021F5FD2D100132A8F /* MJCSoecialDemoVC9.m */ = {isa = PBXFileReference; fileEncoding = 4; lastKnownFileType = sourcecode.c.objc; path = MJCSoecialDemoVC9.m; sourceTree = "<group>"; };
		257034041F5FD76700132A8F /* MJCTestPushVC.h */ = {isa = PBXFileReference; fileEncoding = 4; lastKnownFileType = sourcecode.c.h; path = MJCTestPushVC.h; sourceTree = "<group>"; };
		257034051F5FD76700132A8F /* MJCTestPushVC.m */ = {isa = PBXFileReference; fileEncoding = 4; lastKnownFileType = sourcecode.c.objc; path = MJCTestPushVC.m; sourceTree = "<group>"; };
		257034061F5FD76700132A8F /* MJCTestPushVC.xib */ = {isa = PBXFileReference; fileEncoding = 4; lastKnownFileType = file.xib; path = MJCTestPushVC.xib; sourceTree = "<group>"; };
		2570340B1F601D0A00132A8F /* MJCSoecialDemoVC10.h */ = {isa = PBXFileReference; fileEncoding = 4; lastKnownFileType = sourcecode.c.h; path = MJCSoecialDemoVC10.h; sourceTree = "<group>"; };
		2570340C1F601D0A00132A8F /* MJCSoecialDemoVC10.m */ = {isa = PBXFileReference; fileEncoding = 4; lastKnownFileType = sourcecode.c.objc; path = MJCSoecialDemoVC10.m; sourceTree = "<group>"; };
		2570340E1F6430E700132A8F /* MJCDemoClassicVC1.h */ = {isa = PBXFileReference; fileEncoding = 4; lastKnownFileType = sourcecode.c.h; path = MJCDemoClassicVC1.h; sourceTree = "<group>"; };
		2570340F1F6430E700132A8F /* MJCDemoClassicVC1.m */ = {isa = PBXFileReference; fileEncoding = 4; lastKnownFileType = sourcecode.c.objc; path = MJCDemoClassicVC1.m; sourceTree = "<group>"; };
		2572168D1F34461E00A1EF49 /* MJCTestCollectVC.h */ = {isa = PBXFileReference; fileEncoding = 4; lastKnownFileType = sourcecode.c.h; path = MJCTestCollectVC.h; sourceTree = "<group>"; };
		2572168E1F34461E00A1EF49 /* MJCTestCollectVC.m */ = {isa = PBXFileReference; fileEncoding = 4; lastKnownFileType = sourcecode.c.objc; path = MJCTestCollectVC.m; sourceTree = "<group>"; };
		257216901F34465E00A1EF49 /* collectionData.plist */ = {isa = PBXFileReference; fileEncoding = 4; lastKnownFileType = text.plist.xml; path = collectionData.plist; sourceTree = "<group>"; };
		2589DBCC20720C790085D255 /* MJCSoecialDemoVC15.h */ = {isa = PBXFileReference; lastKnownFileType = sourcecode.c.h; path = MJCSoecialDemoVC15.h; sourceTree = "<group>"; };
		2589DBCD20720C790085D255 /* MJCSoecialDemoVC15.m */ = {isa = PBXFileReference; lastKnownFileType = sourcecode.c.objc; path = MJCSoecialDemoVC15.m; sourceTree = "<group>"; };
		25A407F71FEA1248002C3130 /* demo11.gif */ = {isa = PBXFileReference; lastKnownFileType = image.gif; path = demo11.gif; sourceTree = "<group>"; };
		25A407F91FEA383C002C3130 /* demo9.gif */ = {isa = PBXFileReference; lastKnownFileType = image.gif; path = demo9.gif; sourceTree = "<group>"; };
		25A407FB1FEA388D002C3130 /* demo8.gif */ = {isa = PBXFileReference; lastKnownFileType = image.gif; path = demo8.gif; sourceTree = "<group>"; };
		25A407FD1FEA38BC002C3130 /* demo10.gif */ = {isa = PBXFileReference; lastKnownFileType = image.gif; path = demo10.gif; sourceTree = "<group>"; };
		25BFF4D91F7E1ACF00642BD8 /* MJCSoecialDemoVC11.h */ = {isa = PBXFileReference; lastKnownFileType = sourcecode.c.h; path = MJCSoecialDemoVC11.h; sourceTree = "<group>"; };
		25BFF4DA1F7E1ACF00642BD8 /* MJCSoecialDemoVC11.m */ = {isa = PBXFileReference; lastKnownFileType = sourcecode.c.objc; path = MJCSoecialDemoVC11.m; sourceTree = "<group>"; };
		25BFF4DB1F7E1ACF00642BD8 /* MJCSoecialDemoVC11.xib */ = {isa = PBXFileReference; lastKnownFileType = file.xib; path = MJCSoecialDemoVC11.xib; sourceTree = "<group>"; };
		25D3C2811F3F386100921F1E /* demo0.gif */ = {isa = PBXFileReference; lastKnownFileType = image.gif; path = demo0.gif; sourceTree = "<group>"; };
		25D3C2851F3F5D9200921F1E /* demo2.gif */ = {isa = PBXFileReference; lastKnownFileType = image.gif; path = demo2.gif; sourceTree = "<group>"; };
		25D3C2891F3F5F6E00921F1E /* demo3.gif */ = {isa = PBXFileReference; lastKnownFileType = image.gif; path = demo3.gif; sourceTree = "<group>"; };
		25D3C28B1F3F613600921F1E /* demo5.gif */ = {isa = PBXFileReference; lastKnownFileType = image.gif; path = demo5.gif; sourceTree = "<group>"; };
		25D3C28D1F3F616200921F1E /* demo4.gif */ = {isa = PBXFileReference; lastKnownFileType = image.gif; path = demo4.gif; sourceTree = "<group>"; };
		25D3C28F1F3F61D300921F1E /* demo6.gif */ = {isa = PBXFileReference; lastKnownFileType = image.gif; path = demo6.gif; sourceTree = "<group>"; };
		25D3C2911F3F623100921F1E /* demo7.gif */ = {isa = PBXFileReference; lastKnownFileType = image.gif; path = demo7.gif; sourceTree = "<group>"; };
		25D6785E1FA2CD9B00D699D0 /* MJCOtherAppDemo4.h */ = {isa = PBXFileReference; lastKnownFileType = sourcecode.c.h; path = MJCOtherAppDemo4.h; sourceTree = "<group>"; };
		25D6785F1FA2CD9B00D699D0 /* MJCOtherAppDemo4.m */ = {isa = PBXFileReference; lastKnownFileType = sourcecode.c.objc; path = MJCOtherAppDemo4.m; sourceTree = "<group>"; };
		25D678611FA2D74500D699D0 /* MJCOtherAppDemo5.h */ = {isa = PBXFileReference; lastKnownFileType = sourcecode.c.h; path = MJCOtherAppDemo5.h; sourceTree = "<group>"; };
		25D678621FA2D74500D699D0 /* MJCOtherAppDemo5.m */ = {isa = PBXFileReference; lastKnownFileType = sourcecode.c.objc; path = MJCOtherAppDemo5.m; sourceTree = "<group>"; };
		25D678641FA2D74C00D699D0 /* MJCOtherAppDemo6.h */ = {isa = PBXFileReference; lastKnownFileType = sourcecode.c.h; path = MJCOtherAppDemo6.h; sourceTree = "<group>"; };
		25D678651FA2D74C00D699D0 /* MJCOtherAppDemo6.m */ = {isa = PBXFileReference; lastKnownFileType = sourcecode.c.objc; path = MJCOtherAppDemo6.m; sourceTree = "<group>"; };
		25D678671FA3023700D699D0 /* taobao.plist */ = {isa = PBXFileReference; lastKnownFileType = text.plist.xml; path = taobao.plist; sourceTree = "<group>"; };
		25D9DB421DC2635C00B903B1 /* MJCSegmentInterface.app */ = {isa = PBXFileReference; explicitFileType = wrapper.application; includeInIndex = 0; path = MJCSegmentInterface.app; sourceTree = BUILT_PRODUCTS_DIR; };
		25D9DB461DC2635C00B903B1 /* main.m */ = {isa = PBXFileReference; lastKnownFileType = sourcecode.c.objc; path = main.m; sourceTree = "<group>"; };
		25D9DB481DC2635C00B903B1 /* AppDelegate.h */ = {isa = PBXFileReference; lastKnownFileType = sourcecode.c.h; path = AppDelegate.h; sourceTree = "<group>"; };
		25D9DB491DC2635C00B903B1 /* AppDelegate.m */ = {isa = PBXFileReference; lastKnownFileType = sourcecode.c.objc; path = AppDelegate.m; sourceTree = "<group>"; };
		25D9DB4F1DC2635C00B903B1 /* Base */ = {isa = PBXFileReference; lastKnownFileType = file.storyboard; name = Base; path = Base.lproj/Main.storyboard; sourceTree = "<group>"; };
		25D9DB511DC2635C00B903B1 /* Assets.xcassets */ = {isa = PBXFileReference; lastKnownFileType = folder.assetcatalog; path = Assets.xcassets; sourceTree = "<group>"; };
		25D9DB541DC2635C00B903B1 /* Base */ = {isa = PBXFileReference; lastKnownFileType = file.storyboard; name = Base; path = Base.lproj/LaunchScreen.storyboard; sourceTree = "<group>"; };
		25D9DB561DC2635C00B903B1 /* Info.plist */ = {isa = PBXFileReference; lastKnownFileType = text.plist.xml; path = Info.plist; sourceTree = "<group>"; };
		25D9DB5B1DC2635C00B903B1 /* MJCSegmentInterfaceTests.xctest */ = {isa = PBXFileReference; explicitFileType = wrapper.cfbundle; includeInIndex = 0; path = MJCSegmentInterfaceTests.xctest; sourceTree = BUILT_PRODUCTS_DIR; };
		25D9DB5F1DC2635C00B903B1 /* MJCSegmentInterfaceTests.m */ = {isa = PBXFileReference; lastKnownFileType = sourcecode.c.objc; path = MJCSegmentInterfaceTests.m; sourceTree = "<group>"; };
		25D9DB611DC2635C00B903B1 /* Info.plist */ = {isa = PBXFileReference; lastKnownFileType = text.plist.xml; path = Info.plist; sourceTree = "<group>"; };
		25D9DB661DC2635C00B903B1 /* MJCSegmentInterfaceUITests.xctest */ = {isa = PBXFileReference; explicitFileType = wrapper.cfbundle; includeInIndex = 0; path = MJCSegmentInterfaceUITests.xctest; sourceTree = BUILT_PRODUCTS_DIR; };
		25D9DB6A1DC2635C00B903B1 /* MJCSegmentInterfaceUITests.m */ = {isa = PBXFileReference; lastKnownFileType = sourcecode.c.objc; path = MJCSegmentInterfaceUITests.m; sourceTree = "<group>"; };
		25D9DB6C1DC2635C00B903B1 /* Info.plist */ = {isa = PBXFileReference; lastKnownFileType = text.plist.xml; path = Info.plist; sourceTree = "<group>"; };
		25E673B31FA32F8C00F51B3E /* MJCOtherAppDemo7.h */ = {isa = PBXFileReference; lastKnownFileType = sourcecode.c.h; path = MJCOtherAppDemo7.h; sourceTree = "<group>"; };
		25E673B41FA32F8D00F51B3E /* MJCOtherAppDemo7.m */ = {isa = PBXFileReference; lastKnownFileType = sourcecode.c.objc; path = MJCOtherAppDemo7.m; sourceTree = "<group>"; };
		25E822C91F0CE35F00FB305F /* defaultStyleVCData.plist */ = {isa = PBXFileReference; fileEncoding = 4; lastKnownFileType = text.plist.xml; path = defaultStyleVCData.plist; sourceTree = "<group>"; };
		25E822DC1F0CE38200FB305F /* MJCTestTableViewController.h */ = {isa = PBXFileReference; fileEncoding = 4; lastKnownFileType = sourcecode.c.h; path = MJCTestTableViewController.h; sourceTree = "<group>"; };
		25E822DD1F0CE38200FB305F /* MJCTestTableViewController.m */ = {isa = PBXFileReference; fileEncoding = 4; lastKnownFileType = sourcecode.c.objc; path = MJCTestTableViewController.m; sourceTree = "<group>"; };
		25E822DE1F0CE38200FB305F /* MJCTestViewController.h */ = {isa = PBXFileReference; fileEncoding = 4; lastKnownFileType = sourcecode.c.h; path = MJCTestViewController.h; sourceTree = "<group>"; };
		25E822DF1F0CE38200FB305F /* MJCTestViewController.m */ = {isa = PBXFileReference; fileEncoding = 4; lastKnownFileType = sourcecode.c.objc; path = MJCTestViewController.m; sourceTree = "<group>"; };
		25E822E01F0CE38200FB305F /* MJCTestViewController.xib */ = {isa = PBXFileReference; fileEncoding = 4; lastKnownFileType = file.xib; path = MJCTestViewController.xib; sourceTree = "<group>"; };
		25E822E11F0CE38200FB305F /* MJCTestViewController1.h */ = {isa = PBXFileReference; fileEncoding = 4; lastKnownFileType = sourcecode.c.h; path = MJCTestViewController1.h; sourceTree = "<group>"; };
		25E822E21F0CE38200FB305F /* MJCTestViewController1.m */ = {isa = PBXFileReference; fileEncoding = 4; lastKnownFileType = sourcecode.c.objc; path = MJCTestViewController1.m; sourceTree = "<group>"; };
		25E822E31F0CE38200FB305F /* MJCTestViewController1.xib */ = {isa = PBXFileReference; fileEncoding = 4; lastKnownFileType = file.xib; path = MJCTestViewController1.xib; sourceTree = "<group>"; };
		25E822F51F0CE39700FB305F /* MJCSegmentInterface.h */ = {isa = PBXFileReference; fileEncoding = 4; lastKnownFileType = sourcecode.c.h; path = MJCSegmentInterface.h; sourceTree = "<group>"; };
		25E822F61F0CE39700FB305F /* MJCSegmentInterface.m */ = {isa = PBXFileReference; fileEncoding = 4; lastKnownFileType = sourcecode.c.objc; path = MJCSegmentInterface.m; sourceTree = "<group>"; };
		25E887FC1F56DD4100F0B4C9 /* nonRollingVCData .plist */ = {isa = PBXFileReference; fileEncoding = 4; lastKnownFileType = text.plist.xml; path = "nonRollingVCData .plist"; sourceTree = "<group>"; };
		25E887FE1F56DDB000F0B4C9 /* specialVCData.plist */ = {isa = PBXFileReference; fileEncoding = 4; lastKnownFileType = text.plist.xml; path = specialVCData.plist; sourceTree = "<group>"; };
		25E888001F56E49700F0B4C9 /* MJCSpecialDemoVC3.h */ = {isa = PBXFileReference; fileEncoding = 4; lastKnownFileType = sourcecode.c.h; path = MJCSpecialDemoVC3.h; sourceTree = "<group>"; };
		25E888011F56E49700F0B4C9 /* MJCSpecialDemoVC3.m */ = {isa = PBXFileReference; fileEncoding = 4; lastKnownFileType = sourcecode.c.objc; path = MJCSpecialDemoVC3.m; sourceTree = "<group>"; };
		25E888031F56E95400F0B4C9 /* MJCDemoVC4.h */ = {isa = PBXFileReference; fileEncoding = 4; lastKnownFileType = sourcecode.c.h; path = MJCDemoVC4.h; sourceTree = "<group>"; };
		25E888041F56E95400F0B4C9 /* MJCDemoVC4.m */ = {isa = PBXFileReference; fileEncoding = 4; lastKnownFileType = sourcecode.c.objc; path = MJCDemoVC4.m; sourceTree = "<group>"; };
		25EBD0CC1F57EB6C00AF38C6 /* MJCSoecialDemoVC4.h */ = {isa = PBXFileReference; fileEncoding = 4; lastKnownFileType = sourcecode.c.h; path = MJCSoecialDemoVC4.h; sourceTree = "<group>"; };
		25EBD0CD1F57EB6C00AF38C6 /* MJCSoecialDemoVC4.m */ = {isa = PBXFileReference; fileEncoding = 4; lastKnownFileType = sourcecode.c.objc; path = MJCSoecialDemoVC4.m; sourceTree = "<group>"; };
		25EBD0CF1F57EBB000AF38C6 /* MJCSoecialDemoVC5.h */ = {isa = PBXFileReference; fileEncoding = 4; lastKnownFileType = sourcecode.c.h; path = MJCSoecialDemoVC5.h; sourceTree = "<group>"; };
		25EBD0D01F57EBB000AF38C6 /* MJCSoecialDemoVC5.m */ = {isa = PBXFileReference; fileEncoding = 4; lastKnownFileType = sourcecode.c.objc; path = MJCSoecialDemoVC5.m; sourceTree = "<group>"; };
		25EBD0D21F57F0B700AF38C6 /* MJCSoecialDemoVC6.h */ = {isa = PBXFileReference; fileEncoding = 4; lastKnownFileType = sourcecode.c.h; path = MJCSoecialDemoVC6.h; sourceTree = "<group>"; };
		25EBD0D31F57F0B700AF38C6 /* MJCSoecialDemoVC6.m */ = {isa = PBXFileReference; fileEncoding = 4; lastKnownFileType = sourcecode.c.objc; path = MJCSoecialDemoVC6.m; sourceTree = "<group>"; };
		25EBD0DD1F57FD1000AF38C6 /* MJCScrollStyleMainVC.h */ = {isa = PBXFileReference; fileEncoding = 4; lastKnownFileType = sourcecode.c.h; path = MJCScrollStyleMainVC.h; sourceTree = "<group>"; };
		25EBD0DE1F57FD1000AF38C6 /* MJCScrollStyleMainVC.m */ = {isa = PBXFileReference; fileEncoding = 4; lastKnownFileType = sourcecode.c.objc; path = MJCScrollStyleMainVC.m; sourceTree = "<group>"; };
		25EBD0E11F57FD1F00AF38C6 /* MJCClassicMainVC.h */ = {isa = PBXFileReference; fileEncoding = 4; lastKnownFileType = sourcecode.c.h; path = MJCClassicMainVC.h; sourceTree = "<group>"; };
		25EBD0E21F57FD1F00AF38C6 /* MJCClassicMainVC.m */ = {isa = PBXFileReference; fileEncoding = 4; lastKnownFileType = sourcecode.c.objc; path = MJCClassicMainVC.m; sourceTree = "<group>"; };
		25EBD0E51F57FD2C00AF38C6 /* MJCSpecialMainVC.h */ = {isa = PBXFileReference; fileEncoding = 4; lastKnownFileType = sourcecode.c.h; path = MJCSpecialMainVC.h; sourceTree = "<group>"; };
		25EBD0E61F57FD2C00AF38C6 /* MJCSpecialMainVC.m */ = {isa = PBXFileReference; fileEncoding = 4; lastKnownFileType = sourcecode.c.objc; path = MJCSpecialMainVC.m; sourceTree = "<group>"; };
		25EBD0E81F58FAD700AF38C6 /* MJCSoecialDemoVC7.h */ = {isa = PBXFileReference; fileEncoding = 4; lastKnownFileType = sourcecode.c.h; path = MJCSoecialDemoVC7.h; sourceTree = "<group>"; };
		25EBD0E91F58FAD700AF38C6 /* MJCSoecialDemoVC7.m */ = {isa = PBXFileReference; fileEncoding = 4; lastKnownFileType = sourcecode.c.objc; path = MJCSoecialDemoVC7.m; sourceTree = "<group>"; };
		25F037501F56A02700B208CD /* jiameng.plist */ = {isa = PBXFileReference; fileEncoding = 4; lastKnownFileType = text.plist.xml; path = jiameng.plist; sourceTree = "<group>"; };
		25F037581F56D06D00B208CD /* mainVCData.plist */ = {isa = PBXFileReference; fileEncoding = 4; lastKnownFileType = text.plist.xml; path = mainVCData.plist; sourceTree = "<group>"; };
		25F037971F56D8C400B208CD /* MJCDemoVC0.h */ = {isa = PBXFileReference; fileEncoding = 4; lastKnownFileType = sourcecode.c.h; path = MJCDemoVC0.h; sourceTree = "<group>"; };
		25F037981F56D8C400B208CD /* MJCDemoVC0.m */ = {isa = PBXFileReference; fileEncoding = 4; lastKnownFileType = sourcecode.c.objc; path = MJCDemoVC0.m; sourceTree = "<group>"; };
		25F037991F56D8C400B208CD /* MJCDemoVC8.h */ = {isa = PBXFileReference; fileEncoding = 4; lastKnownFileType = sourcecode.c.h; path = MJCDemoVC8.h; sourceTree = "<group>"; };
		25F0379A1F56D8C400B208CD /* MJCDemoVC8.m */ = {isa = PBXFileReference; fileEncoding = 4; lastKnownFileType = sourcecode.c.objc; path = MJCDemoVC8.m; sourceTree = "<group>"; };
		25F0379B1F56D8C400B208CD /* MJCDemoVC9.h */ = {isa = PBXFileReference; fileEncoding = 4; lastKnownFileType = sourcecode.c.h; path = MJCDemoVC9.h; sourceTree = "<group>"; };
		25F0379C1F56D8C400B208CD /* MJCDemoVC9.m */ = {isa = PBXFileReference; fileEncoding = 4; lastKnownFileType = sourcecode.c.objc; path = MJCDemoVC9.m; sourceTree = "<group>"; };
		25F0379D1F56D8C400B208CD /* MJCDemoVC1.h */ = {isa = PBXFileReference; fileEncoding = 4; lastKnownFileType = sourcecode.c.h; path = MJCDemoVC1.h; sourceTree = "<group>"; };
		25F0379E1F56D8C400B208CD /* MJCDemoVC1.m */ = {isa = PBXFileReference; fileEncoding = 4; lastKnownFileType = sourcecode.c.objc; path = MJCDemoVC1.m; sourceTree = "<group>"; };
		25F0379F1F56D8C400B208CD /* MJCDemoVC2.h */ = {isa = PBXFileReference; fileEncoding = 4; lastKnownFileType = sourcecode.c.h; path = MJCDemoVC2.h; sourceTree = "<group>"; };
		25F037A01F56D8C400B208CD /* MJCDemoVC2.m */ = {isa = PBXFileReference; fileEncoding = 4; lastKnownFileType = sourcecode.c.objc; path = MJCDemoVC2.m; sourceTree = "<group>"; };
		25F037A11F56D8C400B208CD /* MJCDemoVC3.h */ = {isa = PBXFileReference; fileEncoding = 4; lastKnownFileType = sourcecode.c.h; path = MJCDemoVC3.h; sourceTree = "<group>"; };
		25F037A21F56D8C400B208CD /* MJCDemoVC3.m */ = {isa = PBXFileReference; fileEncoding = 4; lastKnownFileType = sourcecode.c.objc; path = MJCDemoVC3.m; sourceTree = "<group>"; };
		25F037A51F56D8C400B208CD /* MJCDemoVC5.h */ = {isa = PBXFileReference; fileEncoding = 4; lastKnownFileType = sourcecode.c.h; path = MJCDemoVC5.h; sourceTree = "<group>"; };
		25F037A61F56D8C400B208CD /* MJCDemoVC5.m */ = {isa = PBXFileReference; fileEncoding = 4; lastKnownFileType = sourcecode.c.objc; path = MJCDemoVC5.m; sourceTree = "<group>"; };
		25F037A71F56D8C400B208CD /* MJCDemoVC6.h */ = {isa = PBXFileReference; fileEncoding = 4; lastKnownFileType = sourcecode.c.h; path = MJCDemoVC6.h; sourceTree = "<group>"; };
		25F037A81F56D8C400B208CD /* MJCDemoVC6.m */ = {isa = PBXFileReference; fileEncoding = 4; lastKnownFileType = sourcecode.c.objc; path = MJCDemoVC6.m; sourceTree = "<group>"; };
		25F037A91F56D8C400B208CD /* MJCDemoVC7.h */ = {isa = PBXFileReference; fileEncoding = 4; lastKnownFileType = sourcecode.c.h; path = MJCDemoVC7.h; sourceTree = "<group>"; };
		25F037AA1F56D8C400B208CD /* MJCDemoVC7.m */ = {isa = PBXFileReference; fileEncoding = 4; lastKnownFileType = sourcecode.c.objc; path = MJCDemoVC7.m; sourceTree = "<group>"; };
		25F037AF1F56D8C400B208CD /* MJCSpecialDemoVC0.h */ = {isa = PBXFileReference; fileEncoding = 4; lastKnownFileType = sourcecode.c.h; path = MJCSpecialDemoVC0.h; sourceTree = "<group>"; };
		25F037B01F56D8C400B208CD /* MJCSpecialDemoVC0.m */ = {isa = PBXFileReference; fileEncoding = 4; lastKnownFileType = sourcecode.c.objc; path = MJCSpecialDemoVC0.m; sourceTree = "<group>"; };
		25F037B11F56D8C400B208CD /* MJCSpecialDemoVC1.h */ = {isa = PBXFileReference; fileEncoding = 4; lastKnownFileType = sourcecode.c.h; path = MJCSpecialDemoVC1.h; sourceTree = "<group>"; };
		25F037B21F56D8C400B208CD /* MJCSpecialDemoVC1.m */ = {isa = PBXFileReference; fileEncoding = 4; lastKnownFileType = sourcecode.c.objc; path = MJCSpecialDemoVC1.m; sourceTree = "<group>"; };
		25F037B31F56D8C400B208CD /* MJCSpecialDemoVC2.h */ = {isa = PBXFileReference; fileEncoding = 4; lastKnownFileType = sourcecode.c.h; path = MJCSpecialDemoVC2.h; sourceTree = "<group>"; };
		25F037B41F56D8C400B208CD /* MJCSpecialDemoVC2.m */ = {isa = PBXFileReference; fileEncoding = 4; lastKnownFileType = sourcecode.c.objc; path = MJCSpecialDemoVC2.m; sourceTree = "<group>"; };
		25F037B51F56D8C400B208CD /* MJCSpecialDemoVC2.xib */ = {isa = PBXFileReference; fileEncoding = 4; lastKnownFileType = file.xib; path = MJCSpecialDemoVC2.xib; sourceTree = "<group>"; };
		25F037B81F56D8C400B208CD /* MJCDemoClassicVC.h */ = {isa = PBXFileReference; fileEncoding = 4; lastKnownFileType = sourcecode.c.h; path = MJCDemoClassicVC.h; sourceTree = "<group>"; };
		25F037B91F56D8C400B208CD /* MJCDemoClassicVC.m */ = {isa = PBXFileReference; fileEncoding = 4; lastKnownFileType = sourcecode.c.objc; path = MJCDemoClassicVC.m; sourceTree = "<group>"; };
		25F66F621F8CC6AF00A478D3 /* MJCSoecialDemoVC12.h */ = {isa = PBXFileReference; lastKnownFileType = sourcecode.c.h; path = MJCSoecialDemoVC12.h; sourceTree = "<group>"; };
		25F66F631F8CC6AF00A478D3 /* MJCSoecialDemoVC12.m */ = {isa = PBXFileReference; lastKnownFileType = sourcecode.c.objc; path = MJCSoecialDemoVC12.m; sourceTree = "<group>"; };
		25FD292A27DF37590040A02A /* MJCTestDemo100.h */ = {isa = PBXFileReference; lastKnownFileType = sourcecode.c.h; path = MJCTestDemo100.h; sourceTree = "<group>"; };
		25FD292B27DF37590040A02A /* MJCTestDemo100.m */ = {isa = PBXFileReference; lastKnownFileType = sourcecode.c.objc; path = MJCTestDemo100.m; sourceTree = "<group>"; };
		BCD4EF3B9C05F6FF768C87F2 /* libPods-MJCSegmentInterface.a */ = {isa = PBXFileReference; explicitFileType = archive.ar; includeInIndex = 0; path = "libPods-MJCSegmentInterface.a"; sourceTree = BUILT_PRODUCTS_DIR; };
/* End PBXFileReference section */

/* Begin PBXFrameworksBuildPhase section */
		25D9DB3F1DC2635C00B903B1 /* Frameworks */ = {
			isa = PBXFrameworksBuildPhase;
			buildActionMask = 2147483647;
			files = (
				EFFE3A3A071E655AAB9054B9 /* libPods-MJCSegmentInterface.a in Frameworks */,
			);
			runOnlyForDeploymentPostprocessing = 0;
		};
		25D9DB581DC2635C00B903B1 /* Frameworks */ = {
			isa = PBXFrameworksBuildPhase;
			buildActionMask = 2147483647;
			files = (
			);
			runOnlyForDeploymentPostprocessing = 0;
		};
		25D9DB631DC2635C00B903B1 /* Frameworks */ = {
			isa = PBXFrameworksBuildPhase;
			buildActionMask = 2147483647;
			files = (
			);
			runOnlyForDeploymentPostprocessing = 0;
		};
/* End PBXFrameworksBuildPhase section */

/* Begin PBXGroup section */
		250F5E3D1F2B2D3100B8014A /* childs */ = {
			isa = PBXGroup;
			children = (
				250F5E3E1F2B2D3100B8014A /* MJCChildMainView.h */,
				250F5E3F1F2B2D3100B8014A /* MJCChildMainView.m */,
				250F5E401F2B2D3100B8014A /* MJCIndicatorView.h */,
				250F5E411F2B2D3100B8014A /* MJCIndicatorView.m */,
				250F5E421F2B2D3100B8014A /* MJCTabItem.h */,
				250F5E431F2B2D3100B8014A /* MJCTabItem.m */,
				250F5E441F2B2D3100B8014A /* MJCTitlesView.h */,
				250F5E451F2B2D3100B8014A /* MJCTitlesView.m */,
			);
			path = childs;
			sourceTree = "<group>";
		};
		250F5E4A1F2B2D8300B8014A /* common */ = {
			isa = PBXGroup;
			children = (
				250F5E4D1F2B2D8300B8014A /* MJCCommonTools.h */,
				250F5E4E1F2B2D8300B8014A /* MJCCommonTools.m */,
				250F5E531F2B2D8400B8014A /* UIButton+MJCClassExtension.h */,
				250F5E541F2B2D8400B8014A /* UIButton+MJCClassExtension.m */,
				250F5E551F2B2D8400B8014A /* UIColor+MJCClassExtension.h */,
				250F5E561F2B2D8400B8014A /* UIColor+MJCClassExtension.m */,
				250F5E591F2B2D8400B8014A /* UIView+MJCClassExtension.h */,
				250F5E5A1F2B2D8400B8014A /* UIView+MJCClassExtension.m */,
			);
			path = common;
			sourceTree = "<group>";
		};
		253300162047A3C400EFB5C9 /* 使用view用做子视图 */ = {
			isa = PBXGroup;
			children = (
				253300172047A41800EFB5C9 /* MJCTestChildViewVC.h */,
				253300182047A41800EFB5C9 /* MJCTestChildViewVC.m */,
			);
			path = "使用view用做子视图";
			sourceTree = "<group>";
		};
		2541CB1C1FA03A24003E756F /* 其他app的demo */ = {
			isa = PBXGroup;
			children = (
				2541CB1D1FA03A52003E756F /* MJCOtherAppDemo.h */,
				2541CB1E1FA03A52003E756F /* MJCOtherAppDemo.m */,
				2541CB221FA03BB5003E756F /* MJCOtherAppDemo0.h */,
				2541CB231FA03BB5003E756F /* MJCOtherAppDemo0.m */,
				2541CB251FA07504003E756F /* MJCOtherAppDemo1.h */,
				2541CB261FA07504003E756F /* MJCOtherAppDemo1.m */,
				2541CB2A1FA1B460003E756F /* MJCOtherAppDemo2.h */,
				2541CB2B1FA1B460003E756F /* MJCOtherAppDemo2.m */,
				2541CB311FA1DAF5003E756F /* MJCOtherAppDemo3.h */,
				2541CB321FA1DAF5003E756F /* MJCOtherAppDemo3.m */,
				25D6785E1FA2CD9B00D699D0 /* MJCOtherAppDemo4.h */,
				25D6785F1FA2CD9B00D699D0 /* MJCOtherAppDemo4.m */,
				25D678611FA2D74500D699D0 /* MJCOtherAppDemo5.h */,
				25D678621FA2D74500D699D0 /* MJCOtherAppDemo5.m */,
				25D678641FA2D74C00D699D0 /* MJCOtherAppDemo6.h */,
				25D678651FA2D74C00D699D0 /* MJCOtherAppDemo6.m */,
				25E673B31FA32F8C00F51B3E /* MJCOtherAppDemo7.h */,
				25E673B41FA32F8D00F51B3E /* MJCOtherAppDemo7.m */,
			);
			path = "其他app的demo";
			sourceTree = "<group>";
		};
		25D9DB391DC2635C00B903B1 = {
			isa = PBXGroup;
			children = (
				25D9DB441DC2635C00B903B1 /* MJCSegmentInterface */,
				25D9DB5E1DC2635C00B903B1 /* MJCSegmentInterfaceTests */,
				25D9DB691DC2635C00B903B1 /* MJCSegmentInterfaceUITests */,
				25D9DB431DC2635C00B903B1 /* Products */,
				314D307BA3A40AD120A1D0D3 /* Pods */,
				66C260AC25BBB958B5892E30 /* Frameworks */,
			);
			sourceTree = "<group>";
		};
		25D9DB431DC2635C00B903B1 /* Products */ = {
			isa = PBXGroup;
			children = (
				25D9DB421DC2635C00B903B1 /* MJCSegmentInterface.app */,
				25D9DB5B1DC2635C00B903B1 /* MJCSegmentInterfaceTests.xctest */,
				25D9DB661DC2635C00B903B1 /* MJCSegmentInterfaceUITests.xctest */,
			);
			name = Products;
			sourceTree = "<group>";
		};
		25D9DB441DC2635C00B903B1 /* MJCSegmentInterface */ = {
			isa = PBXGroup;
			children = (
				250F5E4F1F2B2D8400B8014A /* MJCOrdinaryLayout.h */,
				250F5E501F2B2D8400B8014A /* MJCOrdinaryLayout.m */,
				257033FE1F5D3D6B00132A8F /* MJCInterfaceTools.h */,
				257033FF1F5D3D6B00132A8F /* MJCInterfaceTools.m */,
				257033FB1F5D3D6500132A8F /* ViewController.h */,
				257033FC1F5D3D6500132A8F /* ViewController.m */,
				25E822EE1F0CE39700FB305F /* MJCSlideInterface */,
				25F037941F56D8C400B208CD /* styleDemo */,
				25E822DB1F0CE38200FB305F /* testController */,
				25D9DB451DC2635C00B903B1 /* Supporting Files */,
			);
			path = MJCSegmentInterface;
			sourceTree = "<group>";
		};
		25D9DB451DC2635C00B903B1 /* Supporting Files */ = {
			isa = PBXGroup;
			children = (
				25E822C81F0CE35F00FB305F /* Others */,
				25D9DB481DC2635C00B903B1 /* AppDelegate.h */,
				25D9DB491DC2635C00B903B1 /* AppDelegate.m */,
				250F5E4B1F2B2D8300B8014A /* MJCAlertMessage.h */,
				250F5E4C1F2B2D8300B8014A /* MJCAlertMessage.m */,
				25D9DB511DC2635C00B903B1 /* Assets.xcassets */,
				25D9DB4E1DC2635C00B903B1 /* Main.storyboard */,
				25D9DB531DC2635C00B903B1 /* LaunchScreen.storyboard */,
				25D9DB561DC2635C00B903B1 /* Info.plist */,
				25D9DB461DC2635C00B903B1 /* main.m */,
				256BD8941E037D52005185C9 /* MJCPrefixHeader.pch */,
			);
			name = "Supporting Files";
			sourceTree = "<group>";
		};
		25D9DB5E1DC2635C00B903B1 /* MJCSegmentInterfaceTests */ = {
			isa = PBXGroup;
			children = (
				25D9DB5F1DC2635C00B903B1 /* MJCSegmentInterfaceTests.m */,
				25D9DB611DC2635C00B903B1 /* Info.plist */,
			);
			path = MJCSegmentInterfaceTests;
			sourceTree = "<group>";
		};
		25D9DB691DC2635C00B903B1 /* MJCSegmentInterfaceUITests */ = {
			isa = PBXGroup;
			children = (
				25D9DB6A1DC2635C00B903B1 /* MJCSegmentInterfaceUITests.m */,
				25D9DB6C1DC2635C00B903B1 /* Info.plist */,
			);
			path = MJCSegmentInterfaceUITests;
			sourceTree = "<group>";
		};
		25E822C81F0CE35F00FB305F /* Others */ = {
			isa = PBXGroup;
			children = (
				25F037501F56A02700B208CD /* jiameng.plist */,
				25A407FB1FEA388D002C3130 /* demo8.gif */,
				25A407FD1FEA38BC002C3130 /* demo10.gif */,
				257216901F34465E00A1EF49 /* collectionData.plist */,
				25A407F91FEA383C002C3130 /* demo9.gif */,
				25A407F71FEA1248002C3130 /* demo11.gif */,
				256E47071F408F3A009BD143 /* demo1.gif */,
				25D3C28F1F3F61D300921F1E /* demo6.gif */,
				25D3C28B1F3F613600921F1E /* demo5.gif */,
				25D3C28D1F3F616200921F1E /* demo4.gif */,
				25D3C2851F3F5D9200921F1E /* demo2.gif */,
				25D3C2891F3F5F6E00921F1E /* demo3.gif */,
				25D3C2811F3F386100921F1E /* demo0.gif */,
				25D3C2911F3F623100921F1E /* demo7.gif */,
				25E822C91F0CE35F00FB305F /* defaultStyleVCData.plist */,
				25E887FC1F56DD4100F0B4C9 /* nonRollingVCData .plist */,
				25E887FE1F56DDB000F0B4C9 /* specialVCData.plist */,
				25F037581F56D06D00B208CD /* mainVCData.plist */,
				2541CB201FA03AF1003E756F /* otherApp.plist */,
				2541CB281FA09285003E756F /* duowanData.plist */,
				2541CB2D1FA1B633003E756F /* jinritoutiaoData.plist */,
				2541CB2F1FA1D929003E756F /* tengxunxinwenData.plist */,
				25D678671FA3023700D699D0 /* taobao.plist */,
			);
			path = Others;
			sourceTree = "<group>";
		};
		25E822DB1F0CE38200FB305F /* testController */ = {
			isa = PBXGroup;
			children = (
				25E822DC1F0CE38200FB305F /* MJCTestTableViewController.h */,
				25E822DD1F0CE38200FB305F /* MJCTestTableViewController.m */,
				25E822DE1F0CE38200FB305F /* MJCTestViewController.h */,
				25E822DF1F0CE38200FB305F /* MJCTestViewController.m */,
				25E822E01F0CE38200FB305F /* MJCTestViewController.xib */,
				25E822E11F0CE38200FB305F /* MJCTestViewController1.h */,
				25E822E21F0CE38200FB305F /* MJCTestViewController1.m */,
				25E822E31F0CE38200FB305F /* MJCTestViewController1.xib */,
				2572168D1F34461E00A1EF49 /* MJCTestCollectVC.h */,
				2572168E1F34461E00A1EF49 /* MJCTestCollectVC.m */,
				257034041F5FD76700132A8F /* MJCTestPushVC.h */,
				257034051F5FD76700132A8F /* MJCTestPushVC.m */,
				257034061F5FD76700132A8F /* MJCTestPushVC.xib */,
			);
			path = testController;
			sourceTree = "<group>";
		};
		25E822EE1F0CE39700FB305F /* MJCSlideInterface */ = {
			isa = PBXGroup;
			children = (
				2502461E1FBA77CC00F3AE7F /* MJCSegmentStylesTools.h */,
				2502461D1FBA77CC00F3AE7F /* MJCSegmentStylesTools.m */,
				25E822F51F0CE39700FB305F /* MJCSegmentInterface.h */,
				25E822F61F0CE39700FB305F /* MJCSegmentInterface.m */,
				250F5E3D1F2B2D3100B8014A /* childs */,
				250F5E4A1F2B2D8300B8014A /* common */,
			);
			path = MJCSlideInterface;
			sourceTree = "<group>";
		};
		25EBD0DC1F57FD1000AF38C6 /* mainVC3 */ = {
			isa = PBXGroup;
			children = (
				25EBD0DD1F57FD1000AF38C6 /* MJCScrollStyleMainVC.h */,
				25EBD0DE1F57FD1000AF38C6 /* MJCScrollStyleMainVC.m */,
			);
			path = mainVC3;
			sourceTree = "<group>";
		};
		25EBD0E01F57FD1F00AF38C6 /* mainVC1 */ = {
			isa = PBXGroup;
			children = (
				25EBD0E11F57FD1F00AF38C6 /* MJCClassicMainVC.h */,
				25EBD0E21F57FD1F00AF38C6 /* MJCClassicMainVC.m */,
			);
			path = mainVC1;
			sourceTree = "<group>";
		};
		25EBD0E41F57FD2C00AF38C6 /* mainVC0 */ = {
			isa = PBXGroup;
			children = (
				25EBD0E51F57FD2C00AF38C6 /* MJCSpecialMainVC.h */,
				25EBD0E61F57FD2C00AF38C6 /* MJCSpecialMainVC.m */,
			);
			path = mainVC0;
			sourceTree = "<group>";
		};
		25F037941F56D8C400B208CD /* styleDemo */ = {
			isa = PBXGroup;
			children = (
				253300162047A3C400EFB5C9 /* 使用view用做子视图 */,
				2541CB1C1FA03A24003E756F /* 其他app的demo */,
				25F037951F56D8C400B208CD /* 滚动状态的demo */,
				25F037B61F56D8C400B208CD /* 默认不可滚动的demo */,
				25F037AB1F56D8C400B208CD /* 特殊操作的demo */,
				25FD292A27DF37590040A02A /* MJCTestDemo100.h */,
				25FD292B27DF37590040A02A /* MJCTestDemo100.m */,
			);
			path = styleDemo;
			sourceTree = "<group>";
		};
		25F037951F56D8C400B208CD /* 滚动状态的demo */ = {
			isa = PBXGroup;
			children = (
				25EBD0DC1F57FD1000AF38C6 /* mainVC3 */,
				25F037971F56D8C400B208CD /* MJCDemoVC0.h */,
				25F037981F56D8C400B208CD /* MJCDemoVC0.m */,
				25F0379D1F56D8C400B208CD /* MJCDemoVC1.h */,
				25F0379E1F56D8C400B208CD /* MJCDemoVC1.m */,
				25F0379F1F56D8C400B208CD /* MJCDemoVC2.h */,
				25F037A01F56D8C400B208CD /* MJCDemoVC2.m */,
				25F037A11F56D8C400B208CD /* MJCDemoVC3.h */,
				25F037A21F56D8C400B208CD /* MJCDemoVC3.m */,
				25E888031F56E95400F0B4C9 /* MJCDemoVC4.h */,
				25E888041F56E95400F0B4C9 /* MJCDemoVC4.m */,
				25F037A51F56D8C400B208CD /* MJCDemoVC5.h */,
				25F037A61F56D8C400B208CD /* MJCDemoVC5.m */,
				25F037A71F56D8C400B208CD /* MJCDemoVC6.h */,
				25F037A81F56D8C400B208CD /* MJCDemoVC6.m */,
				25F037A91F56D8C400B208CD /* MJCDemoVC7.h */,
				25F037AA1F56D8C400B208CD /* MJCDemoVC7.m */,
				25F037991F56D8C400B208CD /* MJCDemoVC8.h */,
				25F0379A1F56D8C400B208CD /* MJCDemoVC8.m */,
				25F0379B1F56D8C400B208CD /* MJCDemoVC9.h */,
				25F0379C1F56D8C400B208CD /* MJCDemoVC9.m */,
			);
			path = "滚动状态的demo";
			sourceTree = "<group>";
		};
		25F037AB1F56D8C400B208CD /* 特殊操作的demo */ = {
			isa = PBXGroup;
			children = (
				25EBD0E41F57FD2C00AF38C6 /* mainVC0 */,
				25F037AF1F56D8C400B208CD /* MJCSpecialDemoVC0.h */,
				25F037B01F56D8C400B208CD /* MJCSpecialDemoVC0.m */,
				25F037B11F56D8C400B208CD /* MJCSpecialDemoVC1.h */,
				25F037B21F56D8C400B208CD /* MJCSpecialDemoVC1.m */,
				25F037B31F56D8C400B208CD /* MJCSpecialDemoVC2.h */,
				25F037B41F56D8C400B208CD /* MJCSpecialDemoVC2.m */,
				25F037B51F56D8C400B208CD /* MJCSpecialDemoVC2.xib */,
				25E888001F56E49700F0B4C9 /* MJCSpecialDemoVC3.h */,
				25E888011F56E49700F0B4C9 /* MJCSpecialDemoVC3.m */,
				25EBD0CC1F57EB6C00AF38C6 /* MJCSoecialDemoVC4.h */,
				25EBD0CD1F57EB6C00AF38C6 /* MJCSoecialDemoVC4.m */,
				25EBD0CF1F57EBB000AF38C6 /* MJCSoecialDemoVC5.h */,
				25EBD0D01F57EBB000AF38C6 /* MJCSoecialDemoVC5.m */,
				25EBD0D21F57F0B700AF38C6 /* MJCSoecialDemoVC6.h */,
				25EBD0D31F57F0B700AF38C6 /* MJCSoecialDemoVC6.m */,
				25EBD0E81F58FAD700AF38C6 /* MJCSoecialDemoVC7.h */,
				25EBD0E91F58FAD700AF38C6 /* MJCSoecialDemoVC7.m */,
				257033F81F5D367C00132A8F /* MJCSoecialDemoVC8.h */,
				257033F91F5D367C00132A8F /* MJCSoecialDemoVC8.m */,
				257034011F5FD2D100132A8F /* MJCSoecialDemoVC9.h */,
				257034021F5FD2D100132A8F /* MJCSoecialDemoVC9.m */,
				2570340B1F601D0A00132A8F /* MJCSoecialDemoVC10.h */,
				2570340C1F601D0A00132A8F /* MJCSoecialDemoVC10.m */,
				25BFF4D91F7E1ACF00642BD8 /* MJCSoecialDemoVC11.h */,
				25BFF4DA1F7E1ACF00642BD8 /* MJCSoecialDemoVC11.m */,
				25BFF4DB1F7E1ACF00642BD8 /* MJCSoecialDemoVC11.xib */,
				25F66F621F8CC6AF00A478D3 /* MJCSoecialDemoVC12.h */,
				25F66F631F8CC6AF00A478D3 /* MJCSoecialDemoVC12.m */,
				2542DB111FBC1E8800480B49 /* MJCSoecialDemoVC13.h */,
				2542DB121FBC1E8800480B49 /* MJCSoecialDemoVC13.m */,
				2542DB141FBC214B00480B49 /* MJCSoecialDemoVC14.h */,
				2542DB151FBC214B00480B49 /* MJCSoecialDemoVC14.m */,
				2589DBCC20720C790085D255 /* MJCSoecialDemoVC15.h */,
				2589DBCD20720C790085D255 /* MJCSoecialDemoVC15.m */,
				2534B97721ABDB94000557B9 /* MJCSoecialDemoVC16.h */,
				2534B97821ABDB94000557B9 /* MJCSoecialDemoVC16.m */,
			);
			path = "特殊操作的demo";
			sourceTree = "<group>";
		};
		25F037B61F56D8C400B208CD /* 默认不可滚动的demo */ = {
			isa = PBXGroup;
			children = (
				25EBD0E01F57FD1F00AF38C6 /* mainVC1 */,
				25F037B81F56D8C400B208CD /* MJCDemoClassicVC.h */,
				25F037B91F56D8C400B208CD /* MJCDemoClassicVC.m */,
				2570340E1F6430E700132A8F /* MJCDemoClassicVC1.h */,
				2570340F1F6430E700132A8F /* MJCDemoClassicVC1.m */,
				250396FB1FA8593F00282F34 /* MJCDemoClassicVC2.h */,
				250396FC1FA8593F00282F34 /* MJCDemoClassicVC2.m */,
			);
			path = "默认不可滚动的demo";
			sourceTree = "<group>";
		};
		314D307BA3A40AD120A1D0D3 /* Pods */ = {
			isa = PBXGroup;
			children = (
				1C1649F3D1BD3EB7F0BE8AAD /* Pods-MJCSegmentInterface.debug.xcconfig */,
				08FA5BA61A1C20E09ED0D83F /* Pods-MJCSegmentInterface.release.xcconfig */,
			);
			name = Pods;
			sourceTree = "<group>";
		};
		66C260AC25BBB958B5892E30 /* Frameworks */ = {
			isa = PBXGroup;
			children = (
				BCD4EF3B9C05F6FF768C87F2 /* libPods-MJCSegmentInterface.a */,
			);
			name = Frameworks;
			sourceTree = "<group>";
		};
/* End PBXGroup section */

/* Begin PBXNativeTarget section */
		25D9DB411DC2635C00B903B1 /* MJCSegmentInterface */ = {
			isa = PBXNativeTarget;
			buildConfigurationList = 25D9DB6F1DC2635C00B903B1 /* Build configuration list for PBXNativeTarget "MJCSegmentInterface" */;
			buildPhases = (
				37854F75634DBE3C8B5878E5 /* [CP] Check Pods Manifest.lock */,
				25D9DB3E1DC2635C00B903B1 /* Sources */,
				25D9DB3F1DC2635C00B903B1 /* Frameworks */,
				25D9DB401DC2635C00B903B1 /* Resources */,
				E6C8449B1DD98BB0EA8D0DE1 /* [CP] Copy Pods Resources */,
			);
			buildRules = (
			);
			dependencies = (
			);
			name = MJCSegmentInterface;
			productName = MJCSegmentInterface;
			productReference = 25D9DB421DC2635C00B903B1 /* MJCSegmentInterface.app */;
			productType = "com.apple.product-type.application";
		};
		25D9DB5A1DC2635C00B903B1 /* MJCSegmentInterfaceTests */ = {
			isa = PBXNativeTarget;
			buildConfigurationList = 25D9DB721DC2635C00B903B1 /* Build configuration list for PBXNativeTarget "MJCSegmentInterfaceTests" */;
			buildPhases = (
				25D9DB571DC2635C00B903B1 /* Sources */,
				25D9DB581DC2635C00B903B1 /* Frameworks */,
				25D9DB591DC2635C00B903B1 /* Resources */,
			);
			buildRules = (
			);
			dependencies = (
				25D9DB5D1DC2635C00B903B1 /* PBXTargetDependency */,
			);
			name = MJCSegmentInterfaceTests;
			productName = MJCSegmentInterfaceTests;
			productReference = 25D9DB5B1DC2635C00B903B1 /* MJCSegmentInterfaceTests.xctest */;
			productType = "com.apple.product-type.bundle.unit-test";
		};
		25D9DB651DC2635C00B903B1 /* MJCSegmentInterfaceUITests */ = {
			isa = PBXNativeTarget;
			buildConfigurationList = 25D9DB751DC2635C00B903B1 /* Build configuration list for PBXNativeTarget "MJCSegmentInterfaceUITests" */;
			buildPhases = (
				25D9DB621DC2635C00B903B1 /* Sources */,
				25D9DB631DC2635C00B903B1 /* Frameworks */,
				25D9DB641DC2635C00B903B1 /* Resources */,
			);
			buildRules = (
			);
			dependencies = (
				25D9DB681DC2635C00B903B1 /* PBXTargetDependency */,
			);
			name = MJCSegmentInterfaceUITests;
			productName = MJCSegmentInterfaceUITests;
			productReference = 25D9DB661DC2635C00B903B1 /* MJCSegmentInterfaceUITests.xctest */;
			productType = "com.apple.product-type.bundle.ui-testing";
		};
/* End PBXNativeTarget section */

/* Begin PBXProject section */
		25D9DB3A1DC2635C00B903B1 /* Project object */ = {
			isa = PBXProject;
			attributes = {
				LastUpgradeCheck = 0800;
				ORGANIZATIONNAME = MJC;
				TargetAttributes = {
					25D9DB411DC2635C00B903B1 = {
						CreatedOnToolsVersion = 8.0;
						DevelopmentTeam = X8H9B4P8L2;
						ProvisioningStyle = Automatic;
					};
					25D9DB5A1DC2635C00B903B1 = {
						CreatedOnToolsVersion = 8.0;
						ProvisioningStyle = Automatic;
						TestTargetID = 25D9DB411DC2635C00B903B1;
					};
					25D9DB651DC2635C00B903B1 = {
						CreatedOnToolsVersion = 8.0;
						ProvisioningStyle = Automatic;
						TestTargetID = 25D9DB411DC2635C00B903B1;
					};
				};
			};
			buildConfigurationList = 25D9DB3D1DC2635C00B903B1 /* Build configuration list for PBXProject "MJCSegmentInterface" */;
			compatibilityVersion = "Xcode 3.2";
			developmentRegion = English;
			hasScannedForEncodings = 0;
			knownRegions = (
				English,
				en,
				Base,
			);
			mainGroup = 25D9DB391DC2635C00B903B1;
			productRefGroup = 25D9DB431DC2635C00B903B1 /* Products */;
			projectDirPath = "";
			projectRoot = "";
			targets = (
				25D9DB411DC2635C00B903B1 /* MJCSegmentInterface */,
				25D9DB5A1DC2635C00B903B1 /* MJCSegmentInterfaceTests */,
				25D9DB651DC2635C00B903B1 /* MJCSegmentInterfaceUITests */,
			);
		};
/* End PBXProject section */

/* Begin PBXResourcesBuildPhase section */
		25D9DB401DC2635C00B903B1 /* Resources */ = {
			isa = PBXResourcesBuildPhase;
			buildActionMask = 2147483647;
			files = (
				25A407FC1FEA388D002C3130 /* demo8.gif in Resources */,
				257216911F34465E00A1EF49 /* collectionData.plist in Resources */,
				25BFF4DD1F7E1ACF00642BD8 /* MJCSoecialDemoVC11.xib in Resources */,
				25D3C28A1F3F5F6E00921F1E /* demo3.gif in Resources */,
				25E887FD1F56DD4100F0B4C9 /* nonRollingVCData .plist in Resources */,
				2541CB301FA1D929003E756F /* tengxunxinwenData.plist in Resources */,
				25D678681FA3023700D699D0 /* taobao.plist in Resources */,
				25E822CD1F0CE35F00FB305F /* defaultStyleVCData.plist in Resources */,
				256E47081F408F3A009BD143 /* demo1.gif in Resources */,
				25A407FA1FEA383C002C3130 /* demo9.gif in Resources */,
				25D3C28C1F3F613600921F1E /* demo5.gif in Resources */,
				2541CB211FA03AF1003E756F /* otherApp.plist in Resources */,
				25D3C2861F3F5D9200921F1E /* demo2.gif in Resources */,
				25D9DB551DC2635C00B903B1 /* LaunchScreen.storyboard in Resources */,
				25F037C81F56D8C400B208CD /* MJCSpecialDemoVC2.xib in Resources */,
				25F037591F56D06D00B208CD /* mainVCData.plist in Resources */,
				25E887FF1F56DDB000F0B4C9 /* specialVCData.plist in Resources */,
				25A407F81FEA1248002C3130 /* demo11.gif in Resources */,
				2541CB2E1FA1B633003E756F /* jinritoutiaoData.plist in Resources */,
				257034081F5FD76700132A8F /* MJCTestPushVC.xib in Resources */,
				25D9DB521DC2635C00B903B1 /* Assets.xcassets in Resources */,
				25E822ED1F0CE38200FB305F /* MJCTestViewController1.xib in Resources */,
				25D3C2921F3F623100921F1E /* demo7.gif in Resources */,
				25D9DB501DC2635C00B903B1 /* Main.storyboard in Resources */,
				25D3C28E1F3F616200921F1E /* demo4.gif in Resources */,
				25E822EB1F0CE38200FB305F /* MJCTestViewController.xib in Resources */,
				25D3C2821F3F386100921F1E /* demo0.gif in Resources */,
				25D3C2901F3F61D300921F1E /* demo6.gif in Resources */,
				2541CB291FA09285003E756F /* duowanData.plist in Resources */,
				25F037511F56A02800B208CD /* jiameng.plist in Resources */,
				25A407FE1FEA38BC002C3130 /* demo10.gif in Resources */,
			);
			runOnlyForDeploymentPostprocessing = 0;
		};
		25D9DB591DC2635C00B903B1 /* Resources */ = {
			isa = PBXResourcesBuildPhase;
			buildActionMask = 2147483647;
			files = (
			);
			runOnlyForDeploymentPostprocessing = 0;
		};
		25D9DB641DC2635C00B903B1 /* Resources */ = {
			isa = PBXResourcesBuildPhase;
			buildActionMask = 2147483647;
			files = (
			);
			runOnlyForDeploymentPostprocessing = 0;
		};
/* End PBXResourcesBuildPhase section */

/* Begin PBXShellScriptBuildPhase section */
		37854F75634DBE3C8B5878E5 /* [CP] Check Pods Manifest.lock */ = {
			isa = PBXShellScriptBuildPhase;
			buildActionMask = 2147483647;
			files = (
			);
			inputPaths = (
				"${PODS_PODFILE_DIR_PATH}/Podfile.lock",
				"${PODS_ROOT}/Manifest.lock",
			);
			name = "[CP] Check Pods Manifest.lock";
			outputPaths = (
				"$(DERIVED_FILE_DIR)/Pods-MJCSegmentInterface-checkManifestLockResult.txt",
			);
			runOnlyForDeploymentPostprocessing = 0;
			shellPath = /bin/sh;
			shellScript = "diff \"${PODS_PODFILE_DIR_PATH}/Podfile.lock\" \"${PODS_ROOT}/Manifest.lock\" > /dev/null\nif [ $? != 0 ] ; then\n    # print error to STDERR\n    echo \"error: The sandbox is not in sync with the Podfile.lock. Run 'pod install' or update your CocoaPods installation.\" >&2\n    exit 1\nfi\n# This output is used by Xcode 'outputs' to avoid re-running this script phase.\necho \"SUCCESS\" > \"${SCRIPT_OUTPUT_FILE_0}\"\n";
			showEnvVarsInLog = 0;
		};
		E6C8449B1DD98BB0EA8D0DE1 /* [CP] Copy Pods Resources */ = {
			isa = PBXShellScriptBuildPhase;
			buildActionMask = 2147483647;
			files = (
			);
			inputPaths = (
				"${PODS_ROOT}/Target Support Files/Pods-MJCSegmentInterface/Pods-MJCSegmentInterface-resources.sh",
				"${PODS_ROOT}/MJRefresh/MJRefresh/MJRefresh.bundle",
			);
			name = "[CP] Copy Pods Resources";
			outputPaths = (
				"${TARGET_BUILD_DIR}/${UNLOCALIZED_RESOURCES_FOLDER_PATH}/MJRefresh.bundle",
			);
			runOnlyForDeploymentPostprocessing = 0;
			shellPath = /bin/sh;
			shellScript = "\"${PODS_ROOT}/Target Support Files/Pods-MJCSegmentInterface/Pods-MJCSegmentInterface-resources.sh\"\n";
			showEnvVarsInLog = 0;
		};
/* End PBXShellScriptBuildPhase section */

/* Begin PBXSourcesBuildPhase section */
		25D9DB3E1DC2635C00B903B1 /* Sources */ = {
			isa = PBXSourcesBuildPhase;
			buildActionMask = 2147483647;
			files = (
				257033FD1F5D3D6500132A8F /* ViewController.m in Sources */,
				250F5E491F2B2D3100B8014A /* MJCTitlesView.m in Sources */,
				25F037C31F56D8C400B208CD /* MJCDemoVC7.m in Sources */,
				2542DB131FBC1E8800480B49 /* MJCSoecialDemoVC13.m in Sources */,
				250F5E601F2B2D8400B8014A /* UIColor+MJCClassExtension.m in Sources */,
				25EBD0D41F57F0B700AF38C6 /* MJCSoecialDemoVC6.m in Sources */,
				250F5E5B1F2B2D8400B8014A /* MJCAlertMessage.m in Sources */,
				253300192047A41800EFB5C9 /* MJCTestChildViewVC.m in Sources */,
				2570340D1F601D0A00132A8F /* MJCSoecialDemoVC10.m in Sources */,
				250F5E5D1F2B2D8400B8014A /* MJCOrdinaryLayout.m in Sources */,
				25F037BB1F56D8C400B208CD /* MJCDemoVC8.m in Sources */,
				25E673B51FA32F8D00F51B3E /* MJCOtherAppDemo7.m in Sources */,
				25EBD0E31F57FD1F00AF38C6 /* MJCClassicMainVC.m in Sources */,
				250F5E5F1F2B2D8400B8014A /* UIButton+MJCClassExtension.m in Sources */,
				2534B97921ABDB94000557B9 /* MJCSoecialDemoVC16.m in Sources */,
				25FD292C27DF37590040A02A /* MJCTestDemo100.m in Sources */,
				25D9DB4A1DC2635C00B903B1 /* AppDelegate.m in Sources */,
				25D9DB471DC2635C00B903B1 /* main.m in Sources */,
				25E888051F56E95400F0B4C9 /* MJCDemoVC4.m in Sources */,
				25EBD0D11F57EBB000AF38C6 /* MJCSoecialDemoVC5.m in Sources */,
				25EBD0E71F57FD2C00AF38C6 /* MJCSpecialMainVC.m in Sources */,
				25F037BD1F56D8C400B208CD /* MJCDemoVC1.m in Sources */,
				25F037C91F56D8C400B208CD /* MJCDemoClassicVC.m in Sources */,
				250F5E471F2B2D3100B8014A /* MJCIndicatorView.m in Sources */,
				257033FA1F5D367C00132A8F /* MJCSoecialDemoVC8.m in Sources */,
				25E823001F0CE39700FB305F /* MJCSegmentInterface.m in Sources */,
				2502461F1FBA77CC00F3AE7F /* MJCSegmentStylesTools.m in Sources */,
				257034101F6430E700132A8F /* MJCDemoClassicVC1.m in Sources */,
				250F5E461F2B2D3100B8014A /* MJCChildMainView.m in Sources */,
				25F037C21F56D8C400B208CD /* MJCDemoVC6.m in Sources */,
				2541CB271FA07504003E756F /* MJCOtherAppDemo1.m in Sources */,
				2541CB2C1FA1B460003E756F /* MJCOtherAppDemo2.m in Sources */,
				2541CB331FA1DAF5003E756F /* MJCOtherAppDemo3.m in Sources */,
				250396FD1FA8593F00282F34 /* MJCDemoClassicVC2.m in Sources */,
				25F037BE1F56D8C400B208CD /* MJCDemoVC2.m in Sources */,
				257034031F5FD2D100132A8F /* MJCSoecialDemoVC9.m in Sources */,
				25F037C51F56D8C400B208CD /* MJCSpecialDemoVC0.m in Sources */,
				2542DB161FBC214B00480B49 /* MJCSoecialDemoVC14.m in Sources */,
				25F037C11F56D8C400B208CD /* MJCDemoVC5.m in Sources */,
				250F5E5C1F2B2D8400B8014A /* MJCCommonTools.m in Sources */,
				25F037BF1F56D8C400B208CD /* MJCDemoVC3.m in Sources */,
				25E822EC1F0CE38200FB305F /* MJCTestViewController1.m in Sources */,
				257034071F5FD76700132A8F /* MJCTestPushVC.m in Sources */,
				25F66F641F8CC6AF00A478D3 /* MJCSoecialDemoVC12.m in Sources */,
				25F037C61F56D8C400B208CD /* MJCSpecialDemoVC1.m in Sources */,
				257034001F5D3D6B00132A8F /* MJCInterfaceTools.m in Sources */,
				250F5E481F2B2D3100B8014A /* MJCTabItem.m in Sources */,
				25D678631FA2D74500D699D0 /* MJCOtherAppDemo5.m in Sources */,
				25D678601FA2CD9B00D699D0 /* MJCOtherAppDemo4.m in Sources */,
				250F5E621F2B2D8400B8014A /* UIView+MJCClassExtension.m in Sources */,
				25EBD0DF1F57FD1000AF38C6 /* MJCScrollStyleMainVC.m in Sources */,
				2541CB1F1FA03A52003E756F /* MJCOtherAppDemo.m in Sources */,
				2541CB241FA03BB5003E756F /* MJCOtherAppDemo0.m in Sources */,
				25D678661FA2D74C00D699D0 /* MJCOtherAppDemo6.m in Sources */,
				25EBD0CE1F57EB6C00AF38C6 /* MJCSoecialDemoVC4.m in Sources */,
				25F037C71F56D8C400B208CD /* MJCSpecialDemoVC2.m in Sources */,
				25E822EA1F0CE38200FB305F /* MJCTestViewController.m in Sources */,
				25BFF4DC1F7E1ACF00642BD8 /* MJCSoecialDemoVC11.m in Sources */,
				25F037BC1F56D8C400B208CD /* MJCDemoVC9.m in Sources */,
				25EBD0EA1F58FAD700AF38C6 /* MJCSoecialDemoVC7.m in Sources */,
				2589DBCE20720C790085D255 /* MJCSoecialDemoVC15.m in Sources */,
				25E888021F56E49700F0B4C9 /* MJCSpecialDemoVC3.m in Sources */,
				2572168F1F34461E00A1EF49 /* MJCTestCollectVC.m in Sources */,
				25F037BA1F56D8C400B208CD /* MJCDemoVC0.m in Sources */,
				25E822E91F0CE38200FB305F /* MJCTestTableViewController.m in Sources */,
			);
			runOnlyForDeploymentPostprocessing = 0;
		};
		25D9DB571DC2635C00B903B1 /* Sources */ = {
			isa = PBXSourcesBuildPhase;
			buildActionMask = 2147483647;
			files = (
				25D9DB601DC2635C00B903B1 /* MJCSegmentInterfaceTests.m in Sources */,
			);
			runOnlyForDeploymentPostprocessing = 0;
		};
		25D9DB621DC2635C00B903B1 /* Sources */ = {
			isa = PBXSourcesBuildPhase;
			buildActionMask = 2147483647;
			files = (
				25D9DB6B1DC2635C00B903B1 /* MJCSegmentInterfaceUITests.m in Sources */,
			);
			runOnlyForDeploymentPostprocessing = 0;
		};
/* End PBXSourcesBuildPhase section */

/* Begin PBXTargetDependency section */
		25D9DB5D1DC2635C00B903B1 /* PBXTargetDependency */ = {
			isa = PBXTargetDependency;
			target = 25D9DB411DC2635C00B903B1 /* MJCSegmentInterface */;
			targetProxy = 25D9DB5C1DC2635C00B903B1 /* PBXContainerItemProxy */;
		};
		25D9DB681DC2635C00B903B1 /* PBXTargetDependency */ = {
			isa = PBXTargetDependency;
			target = 25D9DB411DC2635C00B903B1 /* MJCSegmentInterface */;
			targetProxy = 25D9DB671DC2635C00B903B1 /* PBXContainerItemProxy */;
		};
/* End PBXTargetDependency section */

/* Begin PBXVariantGroup section */
		25D9DB4E1DC2635C00B903B1 /* Main.storyboard */ = {
			isa = PBXVariantGroup;
			children = (
				25D9DB4F1DC2635C00B903B1 /* Base */,
			);
			name = Main.storyboard;
			sourceTree = "<group>";
		};
		25D9DB531DC2635C00B903B1 /* LaunchScreen.storyboard */ = {
			isa = PBXVariantGroup;
			children = (
				25D9DB541DC2635C00B903B1 /* Base */,
			);
			name = LaunchScreen.storyboard;
			sourceTree = "<group>";
		};
/* End PBXVariantGroup section */

/* Begin XCBuildConfiguration section */
		25D9DB6D1DC2635C00B903B1 /* Debug */ = {
			isa = XCBuildConfiguration;
			buildSettings = {
				ALWAYS_SEARCH_USER_PATHS = NO;
				CLANG_ANALYZER_NONNULL = YES;
				CLANG_CXX_LANGUAGE_STANDARD = "gnu++0x";
				CLANG_CXX_LIBRARY = "libc++";
				CLANG_ENABLE_MODULES = YES;
				CLANG_ENABLE_OBJC_ARC = YES;
				CLANG_WARN_BOOL_CONVERSION = YES;
				CLANG_WARN_CONSTANT_CONVERSION = YES;
				CLANG_WARN_DIRECT_OBJC_ISA_USAGE = YES_ERROR;
				CLANG_WARN_DOCUMENTATION_COMMENTS = YES;
				CLANG_WARN_EMPTY_BODY = YES;
				CLANG_WARN_ENUM_CONVERSION = YES;
				CLANG_WARN_INFINITE_RECURSION = YES;
				CLANG_WARN_INT_CONVERSION = YES;
				CLANG_WARN_OBJC_ROOT_CLASS = YES_ERROR;
				CLANG_WARN_SUSPICIOUS_MOVES = YES;
				CLANG_WARN_UNREACHABLE_CODE = YES;
				CLANG_WARN__DUPLICATE_METHOD_MATCH = YES;
				"CODE_SIGN_IDENTITY[sdk=iphoneos*]" = "iPhone Developer";
				COPY_PHASE_STRIP = NO;
				DEBUG_INFORMATION_FORMAT = dwarf;
				ENABLE_STRICT_OBJC_MSGSEND = YES;
				ENABLE_TESTABILITY = YES;
				GCC_C_LANGUAGE_STANDARD = gnu99;
				GCC_DYNAMIC_NO_PIC = NO;
				GCC_NO_COMMON_BLOCKS = YES;
				GCC_OPTIMIZATION_LEVEL = 0;
				GCC_PREPROCESSOR_DEFINITIONS = (
					"DEBUG=1",
					"$(inherited)",
				);
				GCC_WARN_64_TO_32_BIT_CONVERSION = YES;
				GCC_WARN_ABOUT_RETURN_TYPE = YES_ERROR;
				GCC_WARN_UNDECLARED_SELECTOR = YES;
				GCC_WARN_UNINITIALIZED_AUTOS = YES_AGGRESSIVE;
				GCC_WARN_UNUSED_FUNCTION = YES;
				GCC_WARN_UNUSED_VARIABLE = YES;
				IPHONEOS_DEPLOYMENT_TARGET = 10.2;
				MTL_ENABLE_DEBUG_INFO = YES;
				ONLY_ACTIVE_ARCH = YES;
				SDKROOT = iphoneos;
			};
			name = Debug;
		};
		25D9DB6E1DC2635C00B903B1 /* Release */ = {
			isa = XCBuildConfiguration;
			buildSettings = {
				ALWAYS_SEARCH_USER_PATHS = NO;
				CLANG_ANALYZER_NONNULL = YES;
				CLANG_CXX_LANGUAGE_STANDARD = "gnu++0x";
				CLANG_CXX_LIBRARY = "libc++";
				CLANG_ENABLE_MODULES = YES;
				CLANG_ENABLE_OBJC_ARC = YES;
				CLANG_WARN_BOOL_CONVERSION = YES;
				CLANG_WARN_CONSTANT_CONVERSION = YES;
				CLANG_WARN_DIRECT_OBJC_ISA_USAGE = YES_ERROR;
				CLANG_WARN_DOCUMENTATION_COMMENTS = YES;
				CLANG_WARN_EMPTY_BODY = YES;
				CLANG_WARN_ENUM_CONVERSION = YES;
				CLANG_WARN_INFINITE_RECURSION = YES;
				CLANG_WARN_INT_CONVERSION = YES;
				CLANG_WARN_OBJC_ROOT_CLASS = YES_ERROR;
				CLANG_WARN_SUSPICIOUS_MOVES = YES;
				CLANG_WARN_UNREACHABLE_CODE = YES;
				CLANG_WARN__DUPLICATE_METHOD_MATCH = YES;
				"CODE_SIGN_IDENTITY[sdk=iphoneos*]" = "iPhone Developer";
				COPY_PHASE_STRIP = NO;
				DEBUG_INFORMATION_FORMAT = "dwarf-with-dsym";
				ENABLE_NS_ASSERTIONS = NO;
				ENABLE_STRICT_OBJC_MSGSEND = YES;
				GCC_C_LANGUAGE_STANDARD = gnu99;
				GCC_NO_COMMON_BLOCKS = YES;
				GCC_WARN_64_TO_32_BIT_CONVERSION = YES;
				GCC_WARN_ABOUT_RETURN_TYPE = YES_ERROR;
				GCC_WARN_UNDECLARED_SELECTOR = YES;
				GCC_WARN_UNINITIALIZED_AUTOS = YES_AGGRESSIVE;
				GCC_WARN_UNUSED_FUNCTION = YES;
				GCC_WARN_UNUSED_VARIABLE = YES;
				IPHONEOS_DEPLOYMENT_TARGET = 10.2;
				MTL_ENABLE_DEBUG_INFO = NO;
				SDKROOT = iphoneos;
				VALIDATE_PRODUCT = YES;
			};
			name = Release;
		};
		25D9DB701DC2635C00B903B1 /* Debug */ = {
			isa = XCBuildConfiguration;
			baseConfigurationReference = 1C1649F3D1BD3EB7F0BE8AAD /* Pods-MJCSegmentInterface.debug.xcconfig */;
			buildSettings = {
				DEVELOPMENT_TEAM = X8H9B4P8L2;
				INFOPLIST_FILE = MJCSegmentInterface/Info.plist;
				IPHONEOS_DEPLOYMENT_TARGET = 8.0;
				LD_RUNPATH_SEARCH_PATHS = "$(inherited) @executable_path/Frameworks";
				PRODUCT_BUNDLE_IDENTIFIER = cn.MJC.MJCSegmentInterface;
				PRODUCT_NAME = "$(TARGET_NAME)";
				TARGETED_DEVICE_FAMILY = "1,2";
			};
			name = Debug;
		};
		25D9DB711DC2635C00B903B1 /* Release */ = {
			isa = XCBuildConfiguration;
			baseConfigurationReference = 08FA5BA61A1C20E09ED0D83F /* Pods-MJCSegmentInterface.release.xcconfig */;
			buildSettings = {
				DEVELOPMENT_TEAM = X8H9B4P8L2;
				INFOPLIST_FILE = MJCSegmentInterface/Info.plist;
				IPHONEOS_DEPLOYMENT_TARGET = 8.0;
				LD_RUNPATH_SEARCH_PATHS = "$(inherited) @executable_path/Frameworks";
				PRODUCT_BUNDLE_IDENTIFIER = cn.MJC.MJCSegmentInterface;
				PRODUCT_NAME = "$(TARGET_NAME)";
				TARGETED_DEVICE_FAMILY = "1,2";
			};
			name = Release;
		};
		25D9DB731DC2635C00B903B1 /* Debug */ = {
			isa = XCBuildConfiguration;
			buildSettings = {
				BUNDLE_LOADER = "$(TEST_HOST)";
				INFOPLIST_FILE = MJCSegmentInterfaceTests/Info.plist;
				LD_RUNPATH_SEARCH_PATHS = "$(inherited) @executable_path/Frameworks @loader_path/Frameworks";
				PRODUCT_BUNDLE_IDENTIFIER = cn.MJC.MJCSegmentInterfaceTests;
				PRODUCT_NAME = "$(TARGET_NAME)";
				TEST_HOST = "$(BUILT_PRODUCTS_DIR)/MJCSegmentInterface.app/MJCSegmentInterface";
			};
			name = Debug;
		};
		25D9DB741DC2635C00B903B1 /* Release */ = {
			isa = XCBuildConfiguration;
			buildSettings = {
				BUNDLE_LOADER = "$(TEST_HOST)";
				INFOPLIST_FILE = MJCSegmentInterfaceTests/Info.plist;
				LD_RUNPATH_SEARCH_PATHS = "$(inherited) @executable_path/Frameworks @loader_path/Frameworks";
				PRODUCT_BUNDLE_IDENTIFIER = cn.MJC.MJCSegmentInterfaceTests;
				PRODUCT_NAME = "$(TARGET_NAME)";
				TEST_HOST = "$(BUILT_PRODUCTS_DIR)/MJCSegmentInterface.app/MJCSegmentInterface";
			};
			name = Release;
		};
		25D9DB761DC2635C00B903B1 /* Debug */ = {
			isa = XCBuildConfiguration;
			buildSettings = {
				INFOPLIST_FILE = MJCSegmentInterfaceUITests/Info.plist;
				LD_RUNPATH_SEARCH_PATHS = "$(inherited) @executable_path/Frameworks @loader_path/Frameworks";
				PRODUCT_BUNDLE_IDENTIFIER = cn.MJC.MJCSegmentInterfaceUITests;
				PRODUCT_NAME = "$(TARGET_NAME)";
				TEST_TARGET_NAME = MJCSegmentInterface;
			};
			name = Debug;
		};
		25D9DB771DC2635C00B903B1 /* Release */ = {
			isa = XCBuildConfiguration;
			buildSettings = {
				INFOPLIST_FILE = MJCSegmentInterfaceUITests/Info.plist;
				LD_RUNPATH_SEARCH_PATHS = "$(inherited) @executable_path/Frameworks @loader_path/Frameworks";
				PRODUCT_BUNDLE_IDENTIFIER = cn.MJC.MJCSegmentInterfaceUITests;
				PRODUCT_NAME = "$(TARGET_NAME)";
				TEST_TARGET_NAME = MJCSegmentInterface;
			};
			name = Release;
		};
/* End XCBuildConfiguration section */

/* Begin XCConfigurationList section */
		25D9DB3D1DC2635C00B903B1 /* Build configuration list for PBXProject "MJCSegmentInterface" */ = {
			isa = XCConfigurationList;
			buildConfigurations = (
				25D9DB6D1DC2635C00B903B1 /* Debug */,
				25D9DB6E1DC2635C00B903B1 /* Release */,
			);
			defaultConfigurationIsVisible = 0;
			defaultConfigurationName = Release;
		};
		25D9DB6F1DC2635C00B903B1 /* Build configuration list for PBXNativeTarget "MJCSegmentInterface" */ = {
			isa = XCConfigurationList;
			buildConfigurations = (
				25D9DB701DC2635C00B903B1 /* Debug */,
				25D9DB711DC2635C00B903B1 /* Release */,
			);
			defaultConfigurationIsVisible = 0;
			defaultConfigurationName = Release;
		};
		25D9DB721DC2635C00B903B1 /* Build configuration list for PBXNativeTarget "MJCSegmentInterfaceTests" */ = {
			isa = XCConfigurationList;
			buildConfigurations = (
				25D9DB731DC2635C00B903B1 /* Debug */,
				25D9DB741DC2635C00B903B1 /* Release */,
			);
			defaultConfigurationIsVisible = 0;
			defaultConfigurationName = Release;
		};
		25D9DB751DC2635C00B903B1 /* Build configuration list for PBXNativeTarget "MJCSegmentInterfaceUITests" */ = {
			isa = XCConfigurationList;
			buildConfigurations = (
				25D9DB761DC2635C00B903B1 /* Debug */,
				25D9DB771DC2635C00B903B1 /* Release */,
			);
			defaultConfigurationIsVisible = 0;
			defaultConfigurationName = Release;
		};
/* End XCConfigurationList section */
	};
	rootObject = 25D9DB3A1DC2635C00B903B1 /* Project object */;
}
